PODS:
  - AFNetworking (3.2.1):
    - AFNetworking/NSURLSession (= 3.2.1)
    - AFNetworking/Reachability (= 3.2.1)
    - AFNetworking/Security (= 3.2.1)
    - AFNetworking/Serialization (= 3.2.1)
    - AFNetworking/UIKit (= 3.2.1)
  - AFNetworking/NSURLSession (3.2.1):
    - AFNetworking/Reachability
    - AFNetworking/Security
    - AFNetworking/Serialization
  - AFNetworking/Reachability (3.2.1)
  - AFNetworking/Security (3.2.1)
  - AFNetworking/Serialization (3.2.1)
  - AFNetworking/UIKit (3.2.1):
    - AFNetworking/NSURLSession
  - Appirater (2.3.1)
  - BLKFlexibleHeightBar (1.0.2)
  - Collection (1.10.18)
  - ColorArt (0.1.1)
  - CPDAcknowledgements (1.0.0)
  - DLLocalNotifications (0.07)
  - Down (0.8.6)
  - EFQRCode (4.5.0):
    - swift_qrcodejs (~> 1.0.1)
  - Firebase/Core (6.5.0):
    - Firebase/CoreOnly
    - FirebaseAnalytics (= 6.0.4)
  - Firebase/CoreOnly (6.5.0):
    - FirebaseCore (= 6.1.0)
  - Firebase/DynamicLinks (6.5.0):
    - Firebase/CoreOnly
    - FirebaseDynamicLinks (~> 4.0.1)
  - FirebaseAnalytics (6.0.4):
    - FirebaseCore (~> 6.1)
    - FirebaseInstanceID (~> 4.2)
    - GoogleAppMeasurement (= 6.0.4)
    - GoogleUtilities/AppDelegateSwizzler (~> 6.0)
    - GoogleUtilities/MethodSwizzler (~> 6.0)
    - GoogleUtilities/Network (~> 6.0)
    - "GoogleUtilities/NSData+zlib (~> 6.0)"
    - nanopb (~> 0.3)
  - FirebaseAnalyticsInterop (1.2.0)
  - FirebaseCore (6.1.0):
    - GoogleUtilities/Environment (~> 6.0)
    - GoogleUtilities/Logger (~> 6.0)
  - FirebaseDynamicLinks (4.0.1):
    - FirebaseAnalyticsInterop (~> 1.0)
    - FirebaseCore (~> 6.0)
  - FirebaseInstanceID (4.2.2):
    - FirebaseCore (~> 6.0)
    - GoogleUtilities/Environment (~> 6.0)
    - GoogleUtilities/UserDefaults (~> 6.0)
  - FoldingCell (5.0.1)
  - FontAwesome.swift (1.8.1)
  - FSPagerView (0.8.2)
  - GoogleAppMeasurement (6.0.4):
    - GoogleUtilities/AppDelegateSwizzler (~> 6.0)
    - GoogleUtilities/MethodSwizzler (~> 6.0)
    - GoogleUtilities/Network (~> 6.0)
    - "GoogleUtilities/NSData+zlib (~> 6.0)"
    - nanopb (~> 0.3)
  - GoogleUtilities/AppDelegateSwizzler (6.2.3):
    - GoogleUtilities/Environment
    - GoogleUtilities/Logger
    - GoogleUtilities/Network
  - GoogleUtilities/Environment (6.2.3)
  - GoogleUtilities/Logger (6.2.3):
    - GoogleUtilities/Environment
  - GoogleUtilities/MethodSwizzler (6.2.3):
    - GoogleUtilities/Logger
  - GoogleUtilities/Network (6.2.3):
    - GoogleUtilities/Logger
    - "GoogleUtilities/NSData+zlib"
    - GoogleUtilities/Reachability
  - "GoogleUtilities/NSData+zlib (6.2.3)"
  - GoogleUtilities/Reachability (6.2.3):
    - GoogleUtilities/Logger
  - GoogleUtilities/UserDefaults (6.2.3):
    - GoogleUtilities/Logger
  - iCarousel (1.8.3)
  - ICViewPager (1.5.1)
  - iVersion (1.11.5)
  - MBProgressHUD (1.1.0)
  - nanopb (0.3.901):
    - nanopb/decode (= 0.3.901)
    - nanopb/encode (= 0.3.901)
  - nanopb/decode (0.3.901)
  - nanopb/encode (0.3.901)
  - NJKWebViewProgress (0.2.3):
    - NJKWebViewProgress/Core (= 0.2.3)
    - NJKWebViewProgress/ProgressView (= 0.2.3)
  - NJKWebViewProgress/Core (0.2.3)
  - NJKWebViewProgress/ProgressView (0.2.3)
  - Nuke (7.6.3)
  - OneSignal (2.10.0)
  - Shimmer (1.0.2)
  - STPopup (1.8.7)
  - swift_qrcodejs (1.0.1)
  - SwiftDate (6.0.3)
  - SwiftyJSON (5.0.0)
  - TagListView (1.4.0)
  - thenPromise (5.0.0)
  - TimelineTableViewCell (2.0)
  - UICKeyChainStore (2.1.2)
  - "UITableView+FDTemplateLayoutCell (1.6)"
  - "UIView+FDCollapsibleConstraints (1.1)"

DEPENDENCIES:
  - AFNetworking (~> 3.1)
  - Appirater
  - BLKFlexibleHeightBar (~> 1.0)
  - Collection
  - ColorArt (= 0.1.1)
  - CPDAcknowledgements (~> 1.0)
  - DLLocalNotifications
  - Down
  - EFQRCode (~> 4.5)
  - Firebase/Core
  - Firebase/DynamicLinks
  - FoldingCell
  - FontAwesome.swift
  - FSPagerView
  - iCarousel (~> 1.8)
  - ICViewPager (from `https://github.com/FrankWu100/ICViewPager`)
  - iVersion (~> 1.11)
  - MBProgressHUD (~> 1.1)
  - NJKWebViewProgress (~> 0.2)
  - Nuke (~> 7.0)
  - OneSignal (< 3.0, >= 2.6.2)
  - Shimmer (~> 1.0)
  - STPopup (~> 1.7)
  - SwiftDate
  - SwiftyJSON
  - TagListView
  - thenPromise
  - TimelineTableViewCell
  - UICKeyChainStore (~> 2.1)
  - "UITableView+FDTemplateLayoutCell (from `https://github.com/Haraguroicha/UITableView-FDTemplateLayoutCell`, tag `1.6.1`)"
  - "UIView+FDCollapsibleConstraints (~> 1.1)"

SPEC REPOS:
  https://github.com/cocoapods/specs.git:
    - AFNetworking
    - Appirater
    - BLKFlexibleHeightBar
    - Collection
    - ColorArt
    - CPDAcknowledgements
    - DLLocalNotifications
    - Down
    - EFQRCode
    - Firebase
    - FirebaseAnalytics
    - FirebaseAnalyticsInterop
    - FirebaseCore
    - FirebaseDynamicLinks
    - FirebaseInstanceID
    - FoldingCell
    - FontAwesome.swift
    - FSPagerView
    - GoogleAppMeasurement
    - GoogleUtilities
    - iCarousel
    - iVersion
    - MBProgressHUD
    - nanopb
    - NJKWebViewProgress
    - Nuke
    - OneSignal
    - Shimmer
    - STPopup
    - swift_qrcodejs
    - SwiftDate
    - SwiftyJSON
    - TagListView
    - thenPromise
    - TimelineTableViewCell
    - UICKeyChainStore
    - "UIView+FDCollapsibleConstraints"

EXTERNAL SOURCES:
  ICViewPager:
    :git: https://github.com/FrankWu100/ICViewPager
  "UITableView+FDTemplateLayoutCell":
    :git: https://github.com/Haraguroicha/UITableView-FDTemplateLayoutCell
    :tag: 1.6.1

CHECKOUT OPTIONS:
  ICViewPager:
    :commit: 7f4f7991839ff75406f95978b6bb9e45562d78ae
    :git: https://github.com/FrankWu100/ICViewPager
  "UITableView+FDTemplateLayoutCell":
    :git: https://github.com/Haraguroicha/UITableView-FDTemplateLayoutCell
    :tag: 1.6.1

SPEC CHECKSUMS:
  AFNetworking: b6f891fdfaed196b46c7a83cf209e09697b94057
  Appirater: 44a4651f7912a17dc906b655f0c215d5bb768b84
  BLKFlexibleHeightBar: b27572a69633d8e33f1f2bbc486b04d8e86f742d
  Collection: aedf1617e8af148552452f2535480f556c99ed36
  ColorArt: de0ffb63da4acdde8e234ded62e200236ca3e7e4
  CPDAcknowledgements: 6e15e71849ba4ad5e8a17a0bb9d20938ad23bac8
  DLLocalNotifications: 5d358a73284efab757b4a4c07f3e5987b8afcef5
  Down: 3c758f2388fa739663023f400e742a988fa1e21d
  EFQRCode: 842f431e660da841f518993af8f4cbd275601d84
  Firebase: dedc9e48ea3f3649ad5f6b982f8a0c73508a14b5
  FirebaseAnalytics: 3fb375bc9d13779add4039716f868d233a473fad
  FirebaseAnalyticsInterop: efbe45c8385ec626e29f9525e5ebd38520dfb6c1
  FirebaseCore: aecf02fb2274ec361b9bebeac112f5daa18273bd
  FirebaseDynamicLinks: 2ba929800a256ecbf6ee28b2af9d73edf46e8914
  FirebaseInstanceID: 662b8108a09fe9ed01aafdedba100fde8536b0f6
  FoldingCell: 9197b915a415af9e52a857964066797af6a51c2b
  FontAwesome.swift: 6f55c8ed22a30ab6a8ca94033473161f678dcd4b
  FSPagerView: 816a18842306973cc7cc6df8a5332272f7815c30
  GoogleAppMeasurement: 183bd916af7f80deb67c01888368f1108d641832
  GoogleUtilities: d2b0e277a95962e09bb27f5cd42f5f0b6a506c7d
  iCarousel: d782f635afac190c49bb8ee455882284cff8b85f
  ICViewPager: c1278b67eceac7252d48252829c3c703285dfb76
  iVersion: 3a93a89259eb3b52b0a8ba52c46a0027fa6b4d30
  MBProgressHUD: e7baa36a220447d8aeb12769bf0585582f3866d9
  nanopb: 2901f78ea1b7b4015c860c2fdd1ea2fee1a18d48
  NJKWebViewProgress: f481fd424cb5ecc27eacae11b5397db92fba9a4d
  Nuke: 44130e95e09463f8773ae4b96b90de1eba6b3350
  OneSignal: 0f5ff711d9f25da54885e4ab06ef0abc221a46ef
  Shimmer: c5374be1c2b0c9e292fb05b339a513cf291cac86
  STPopup: a9045557bc48a0df51fbb7bf0544447c5fe84d34
  swift_qrcodejs: c181fe5c849d30c699546a23762d7e3dd143ab37
  SwiftDate: 8d4f14bf1ef68e95094511504856547bf9e3e1a6
  SwiftyJSON: 36413e04c44ee145039d332b4f4e2d3e8d6c4db7
  TagListView: 987b0bdbb16cd9d9e7c0e2ec32aff37ecba8b173
  thenPromise: 02f1650627feed7b0e2e6a815bc04a168c9f9ede
  TimelineTableViewCell: 600e93d567f6098df6eaf6acb2abb91e21452ea6
  UICKeyChainStore: 85db518bb1d294366d15ec9b92a416c4e670518f
  "UITableView+FDTemplateLayoutCell": 5c949b4a5059c404b442926c0e80f81d10a2d66f
  "UIView+FDCollapsibleConstraints": 9357eaf03b4e088263ab74a3b86a382a64ce38dd

PODFILE CHECKSUM: b683403a7b63098297ea585c0767854054e9d9ff

COCOAPODS: 1.7.5
