// !$*UTF8*$!
{
	archiveVersion = 1;
	classes = {
	};
	objectVersion = 46;
	objects = {

/* Begin PBXBuildFile section */
		28AF9A7E1D28A40A006B378E /* RoomLocationViewController.m in Sources */ = {isa = PBXBuildFile; fileRef = 28AF9A7D1D28A40A006B378E /* RoomLocationViewController.m */; };
		28AF9A911D28A6E9006B378E /* RoomProgramsTableViewController.m in Sources */ = {isa = PBXBuildFile; fileRef = 28AF9A901D28A6E9006B378E /* RoomProgramsTableViewController.m */; };
		28C22A541D3178A9004A6575 /* ProgramDetailViewController.m in Sources */ = {isa = PBXBuildFile; fileRef = 28C22A531D3178A9004A6575 /* ProgramDetailViewController.m */; };
		28ED8C7A1D31DC1F00BC47E0 /* ShareProgramTableViewController.m in Sources */ = {isa = PBXBuildFile; fileRef = 28ED8C791D31DC1F00BC47E0 /* ShareProgramTableViewController.m */; };
		5F67CE181D1EB54200B9DAA9 /* GoogleService-Info.plist in Resources */ = {isa = PBXBuildFile; fileRef = 5F67CE171D1EB54200B9DAA9 /* GoogleService-Info.plist */; };
		5F9171291D325B5E000D0F66 /* StaffView.m in Sources */ = {isa = PBXBuildFile; fileRef = 5F9171271D325B5E000D0F66 /* StaffView.m */; };
		5F91712A1D325B5E000D0F66 /* StaffView.xib in Resources */ = {isa = PBXBuildFile; fileRef = 5F9171281D325B5E000D0F66 /* StaffView.xib */; };
		5F91712E1D32990C000D0F66 /* StaffCell.m in Sources */ = {isa = PBXBuildFile; fileRef = 5F91712C1D32990C000D0F66 /* StaffCell.m */; };
		5F91712F1D32990C000D0F66 /* StaffCell.xib in Resources */ = {isa = PBXBuildFile; fileRef = 5F91712D1D32990C000D0F66 /* StaffCell.xib */; };
		5FB4D43E1D3A668B005BF382 /* MainTabBarViewController.m in Sources */ = {isa = PBXBuildFile; fileRef = 5FB4D43D1D3A668B005BF382 /* MainTabBarViewController.m */; };
		5FB4D4461D3A8319005BF382 /* icon_ios_pin.png in Resources */ = {isa = PBXBuildFile; fileRef = 5FB4D4411D3A8319005BF382 /* icon_ios_pin.png */; };
		5FB4D4471D3A8319005BF382 /* icon_ios_pin@2x.png in Resources */ = {isa = PBXBuildFile; fileRef = 5FB4D4421D3A8319005BF382 /* icon_ios_pin@2x.png */; };
		5FB4D4481D3A8319005BF382 /* icon_ios_pin@3x.png in Resources */ = {isa = PBXBuildFile; fileRef = 5FB4D4431D3A8319005BF382 /* icon_ios_pin@3x.png */; };
		5FB4D4491D3A8319005BF382 /* StaffIconDefault@1x.png in Resources */ = {isa = PBXBuildFile; fileRef = 5FB4D4441D3A8319005BF382 /* StaffIconDefault@1x.png */; };
		5FB4D44A1D3A8319005BF382 /* StaffIconDefault@2x.png in Resources */ = {isa = PBXBuildFile; fileRef = 5FB4D4451D3A8319005BF382 /* StaffIconDefault@2x.png */; };
		5FB4D44E1D3A8547005BF382 /* icon_ios_pin_selected.png in Resources */ = {isa = PBXBuildFile; fileRef = 5FB4D44B1D3A8547005BF382 /* icon_ios_pin_selected.png */; };
		5FB4D44F1D3A8547005BF382 /* icon_ios_pin_selected@2x.png in Resources */ = {isa = PBXBuildFile; fileRef = 5FB4D44C1D3A8547005BF382 /* icon_ios_pin_selected@2x.png */; };
		5FB4D4501D3A8547005BF382 /* icon_ios_pin_selected@3x.png in Resources */ = {isa = PBXBuildFile; fileRef = 5FB4D44D1D3A8547005BF382 /* icon_ios_pin_selected@3x.png */; };
		5FB4D4571D3A865A005BF382 /* icon_ios_topcharts_selected.png in Resources */ = {isa = PBXBuildFile; fileRef = 5FB4D4511D3A865A005BF382 /* icon_ios_topcharts_selected.png */; };
		5FB4D4581D3A865A005BF382 /* icon_ios_topcharts_selected@2x.png in Resources */ = {isa = PBXBuildFile; fileRef = 5FB4D4521D3A865A005BF382 /* icon_ios_topcharts_selected@2x.png */; };
		5FB4D4591D3A865A005BF382 /* icon_ios_topcharts_selected@3x.png in Resources */ = {isa = PBXBuildFile; fileRef = 5FB4D4531D3A865A005BF382 /* icon_ios_topcharts_selected@3x.png */; };
		5FB4D45A1D3A865A005BF382 /* icon_ios_topcharts.png in Resources */ = {isa = PBXBuildFile; fileRef = 5FB4D4541D3A865A005BF382 /* icon_ios_topcharts.png */; };
		5FB4D45B1D3A865A005BF382 /* icon_ios_topcharts@2x.png in Resources */ = {isa = PBXBuildFile; fileRef = 5FB4D4551D3A865A005BF382 /* icon_ios_topcharts@2x.png */; };
		5FB4D45C1D3A865A005BF382 /* icon_ios_topcharts@3x.png in Resources */ = {isa = PBXBuildFile; fileRef = 5FB4D4561D3A865A005BF382 /* icon_ios_topcharts@3x.png */; };
		5FB4D4631D3A8706005BF382 /* icon_ios_chat_selected.png in Resources */ = {isa = PBXBuildFile; fileRef = 5FB4D45D1D3A8706005BF382 /* icon_ios_chat_selected.png */; };
		5FB4D4641D3A8706005BF382 /* icon_ios_chat_selected@2x.png in Resources */ = {isa = PBXBuildFile; fileRef = 5FB4D45E1D3A8706005BF382 /* icon_ios_chat_selected@2x.png */; };
		5FB4D4651D3A8706005BF382 /* icon_ios_chat_selected@3x.png in Resources */ = {isa = PBXBuildFile; fileRef = 5FB4D45F1D3A8706005BF382 /* icon_ios_chat_selected@3x.png */; };
		5FB4D4661D3A8706005BF382 /* icon_ios_chat.png in Resources */ = {isa = PBXBuildFile; fileRef = 5FB4D4601D3A8706005BF382 /* icon_ios_chat.png */; };
		5FB4D4671D3A8706005BF382 /* icon_ios_chat@2x.png in Resources */ = {isa = PBXBuildFile; fileRef = 5FB4D4611D3A8706005BF382 /* icon_ios_chat@2x.png */; };
		5FB4D4681D3A8706005BF382 /* icon_ios_chat@3x.png in Resources */ = {isa = PBXBuildFile; fileRef = 5FB4D4621D3A8706005BF382 /* icon_ios_chat@3x.png */; };
		5FB4D4751D3A8DF6005BF382 /* icon_ios_more_selected.png in Resources */ = {isa = PBXBuildFile; fileRef = 5FB4D4691D3A8DF6005BF382 /* icon_ios_more_selected.png */; };
		5FB4D4761D3A8DF6005BF382 /* icon_ios_more_selected@2x.png in Resources */ = {isa = PBXBuildFile; fileRef = 5FB4D46A1D3A8DF6005BF382 /* icon_ios_more_selected@2x.png */; };
		5FB4D4771D3A8DF6005BF382 /* icon_ios_more_selected@3x.png in Resources */ = {isa = PBXBuildFile; fileRef = 5FB4D46B1D3A8DF6005BF382 /* icon_ios_more_selected@3x.png */; };
		5FB4D4781D3A8DF6005BF382 /* icon_ios_more.png in Resources */ = {isa = PBXBuildFile; fileRef = 5FB4D46C1D3A8DF6005BF382 /* icon_ios_more.png */; };
		5FB4D4791D3A8DF6005BF382 /* icon_ios_more@2x.png in Resources */ = {isa = PBXBuildFile; fileRef = 5FB4D46D1D3A8DF6005BF382 /* icon_ios_more@2x.png */; };
		5FB4D47A1D3A8DF6005BF382 /* icon_ios_more@3x.png in Resources */ = {isa = PBXBuildFile; fileRef = 5FB4D46E1D3A8DF6005BF382 /* icon_ios_more@3x.png */; };
		5FB4D47B1D3A8DF6005BF382 /* icon_ios_bell.png in Resources */ = {isa = PBXBuildFile; fileRef = 5FB4D46F1D3A8DF6005BF382 /* icon_ios_bell.png */; };
		5FB4D47C1D3A8DF6005BF382 /* icon_ios_bell@2x.png in Resources */ = {isa = PBXBuildFile; fileRef = 5FB4D4701D3A8DF6005BF382 /* icon_ios_bell@2x.png */; };
		5FB4D47D1D3A8DF6005BF382 /* icon_ios_bell@3x.png in Resources */ = {isa = PBXBuildFile; fileRef = 5FB4D4711D3A8DF6005BF382 /* icon_ios_bell@3x.png */; };
		5FB4D47E1D3A8DF6005BF382 /* icon_ios_bell_selected.png in Resources */ = {isa = PBXBuildFile; fileRef = 5FB4D4721D3A8DF6005BF382 /* icon_ios_bell_selected.png */; };
		5FB4D47F1D3A8DF6005BF382 /* icon_ios_bell_selected@2x.png in Resources */ = {isa = PBXBuildFile; fileRef = 5FB4D4731D3A8DF6005BF382 /* icon_ios_bell_selected@2x.png */; };
		5FB4D4801D3A8DF6005BF382 /* icon_ios_bell_selected@3x.png in Resources */ = {isa = PBXBuildFile; fileRef = 5FB4D4741D3A8DF6005BF382 /* icon_ios_bell_selected@3x.png */; };
		5FB4D4841D3A998C005BF382 /* coscup-logo.png in Resources */ = {isa = PBXBuildFile; fileRef = 5FB4D4811D3A998C005BF382 /* coscup-logo.png */; };
		5FB4D4851D3A998C005BF382 /* coscup-logo@2x.png in Resources */ = {isa = PBXBuildFile; fileRef = 5FB4D4821D3A998C005BF382 /* coscup-logo@2x.png */; };
		5FB4D4861D3A998C005BF382 /* coscup-logo@3x.png in Resources */ = {isa = PBXBuildFile; fileRef = 5FB4D4831D3A998C005BF382 /* coscup-logo@3x.png */; };
		5FECE5AC1D352E8A00242DB4 /* StaffGroupView.m in Sources */ = {isa = PBXBuildFile; fileRef = 5FECE5AA1D352E8A00242DB4 /* StaffGroupView.m */; };
		5FECE5AD1D352E8A00242DB4 /* StaffGroupView.xib in Resources */ = {isa = PBXBuildFile; fileRef = 5FECE5AB1D352E8A00242DB4 /* StaffGroupView.xib */; };
		5FECE5F51D353C4900242DB4 /* StaffGroupTableViewCell.m in Sources */ = {isa = PBXBuildFile; fileRef = 5FECE5F31D353C4900242DB4 /* StaffGroupTableViewCell.m */; };
		5FECE5F61D353C4900242DB4 /* StaffGroupTableViewCell.xib in Resources */ = {isa = PBXBuildFile; fileRef = 5FECE5F41D353C4900242DB4 /* StaffGroupTableViewCell.xib */; };
		5FF2B11E1D28B19600665DD9 /* IRCView.m in Sources */ = {isa = PBXBuildFile; fileRef = 5FF2B11C1D28B19600665DD9 /* IRCView.m */; };
		5FF2B11F1D28B19600665DD9 /* IRCView.xib in Resources */ = {isa = PBXBuildFile; fileRef = 5FF2B11D1D28B19600665DD9 /* IRCView.xib */; };
		6B0B84CE1D2B860D00DE18B0 /* InfoPlist.strings in Resources */ = {isa = PBXBuildFile; fileRef = 6B0B84D01D2B860D00DE18B0 /* InfoPlist.strings */; };
		6B2B6D7E1D29EC49007D0450 /* NSInvocation+addition.m in Sources */ = {isa = PBXBuildFile; fileRef = 6B2B6D7D1D29EC49007D0450 /* NSInvocation+addition.m */; };
		6B2CD5611D281D9400793194 /* UIAlertController+additional.m in Sources */ = {isa = PBXBuildFile; fileRef = 6B2CD55F1D281D9400793194 /* UIAlertController+additional.m */; };
		6B2CD5791D286E6F00793194 /* UIColor+addition.m in Sources */ = {isa = PBXBuildFile; fileRef = 6B2CD5781D286E6F00793194 /* UIColor+addition.m */; };
		6B2CD58B1D28780F00793194 /* AudioToolbox.framework in Frameworks */ = {isa = PBXBuildFile; fileRef = 6B2CD58A1D28780F00793194 /* AudioToolbox.framework */; };
		6B2CD59A1D2886C900793194 /* Localizable.strings in Resources */ = {isa = PBXBuildFile; fileRef = 6B2CD5971D2886C900793194 /* Localizable.strings */; };
		6B2CD5AE1D28C92B00793194 /* CommonCrypto.framework in Frameworks */ = {isa = PBXBuildFile; fileRef = 6B2CD5AD1D28C92B00793194 /* CommonCrypto.framework */; };
		6B2CD5AF1D28C92B00793194 /* CommonCrypto.framework in Embed Frameworks */ = {isa = PBXBuildFile; fileRef = 6B2CD5AD1D28C92B00793194 /* CommonCrypto.framework */; settings = {ATTRIBUTES = (CodeSignOnCopy, RemoveHeadersOnCopy, ); }; };
		6B2CD5B11D28C92B00793194 /* MYCrypto.framework in Frameworks */ = {isa = PBXBuildFile; fileRef = 6B2CD5B01D28C92B00793194 /* MYCrypto.framework */; };
		6B2CD5B21D28C92B00793194 /* MYCrypto.framework in Embed Frameworks */ = {isa = PBXBuildFile; fileRef = 6B2CD5B01D28C92B00793194 /* MYCrypto.framework */; settings = {ATTRIBUTES = (CodeSignOnCopy, RemoveHeadersOnCopy, ); }; };
		6B2CD5B41D28C92B00793194 /* GatewayWebService.framework in Frameworks */ = {isa = PBXBuildFile; fileRef = 6B2CD5B31D28C92B00793194 /* GatewayWebService.framework */; };
		6B2CD5B51D28C92B00793194 /* GatewayWebService.framework in Embed Frameworks */ = {isa = PBXBuildFile; fileRef = 6B2CD5B31D28C92B00793194 /* GatewayWebService.framework */; settings = {ATTRIBUTES = (CodeSignOnCopy, RemoveHeadersOnCopy, ); }; };
		6B53C6461D1ED5BE00EA8012 /* CheckinView.xib in Resources */ = {isa = PBXBuildFile; fileRef = 6B53C6441D1ED5BE00EA8012 /* CheckinView.xib */; };
		6B53C65B1D1ED5CC00EA8012 /* StatusView.xib in Resources */ = {isa = PBXBuildFile; fileRef = 6B53C6591D1ED5CC00EA8012 /* StatusView.xib */; };
		6B53C6601D1ED5EB00EA8012 /* InvalidNetworkMessageView.xib in Resources */ = {isa = PBXBuildFile; fileRef = 6B53C65E1D1ED5EB00EA8012 /* InvalidNetworkMessageView.xib */; };
		6B6F7D471D34E3570015ECB2 /* LaunchScreenIcon@3x.png in Resources */ = {isa = PBXBuildFile; fileRef = 6B6F7D461D34E3570015ECB2 /* LaunchScreenIcon@3x.png */; };
		6B7142B01D1DB9820024EA45 /* MasterViewController.m in Sources */ = {isa = PBXBuildFile; fileRef = 6B7142AF1D1DB9820024EA45 /* MasterViewController.m */; };
		6B7142B61D1DBAFB0024EA45 /* scenarioCell.m in Sources */ = {isa = PBXBuildFile; fileRef = 6B7142B41D1DBAFB0024EA45 /* scenarioCell.m */; };
		6B7142B71D1DBAFB0024EA45 /* scenarioCell.xib in Resources */ = {isa = PBXBuildFile; fileRef = 6B7142B51D1DBAFB0024EA45 /* scenarioCell.xib */; };
		6B8F62261D314CA600B684BD /* NavigationController.m in Sources */ = {isa = PBXBuildFile; fileRef = 6B8F62251D314CA600B684BD /* NavigationController.m */; };
		6BA1A5221D1EFBDC00D5924C /* StatusView.m in Sources */ = {isa = PBXBuildFile; fileRef = 6BA1A5211D1EFBDC00D5924C /* StatusView.m */; };
		6BA1A5251D1EFBE700D5924C /* CheckinView.m in Sources */ = {isa = PBXBuildFile; fileRef = 6BA1A5241D1EFBE700D5924C /* CheckinView.m */; };
		6BA1A5281D1EFBF100D5924C /* InvalidNetworkMessageView.m in Sources */ = {isa = PBXBuildFile; fileRef = 6BA1A5271D1EFBF100D5924C /* InvalidNetworkMessageView.m */; };
		6BD8EF2C1D1D73510094BE95 /* main.m in Sources */ = {isa = PBXBuildFile; fileRef = 6BD8EF2B1D1D73510094BE95 /* main.m */; };
		6BD8EF2F1D1D73510094BE95 /* AppDelegate.m in Sources */ = {isa = PBXBuildFile; fileRef = 6BD8EF2E1D1D73510094BE95 /* AppDelegate.m */; };
		6BD8EF3A1D1D73510094BE95 /* Assets.xcassets in Resources */ = {isa = PBXBuildFile; fileRef = 6BD8EF391D1D73510094BE95 /* Assets.xcassets */; };
		6BD8EF3D1D1D73510094BE95 /* LaunchScreen.storyboard in Resources */ = {isa = PBXBuildFile; fileRef = 6BD8EF3B1D1D73510094BE95 /* LaunchScreen.storyboard */; };
		6BE250221D3133FC005FB4B2 /* GuideViewController.m in Sources */ = {isa = PBXBuildFile; fileRef = 6BE250211D3133FC005FB4B2 /* GuideViewController.m */; };
		6BE250271D314B5B005FB4B2 /* Main.storyboard in Resources */ = {isa = PBXBuildFile; fileRef = 6BE250261D314B5B005FB4B2 /* Main.storyboard */; };
		D5720777B8AA54B5CE34467A /* Pods_CCIP.framework in Frameworks */ = {isa = PBXBuildFile; fileRef = 87CA176D8DB3A92497387928 /* Pods_CCIP.framework */; };
/* End PBXBuildFile section */

/* Begin PBXCopyFilesBuildPhase section */
		6B1C6A1D1D1D843F003C4865 /* Embed Frameworks */ = {
			isa = PBXCopyFilesBuildPhase;
			buildActionMask = 2147483647;
			dstPath = "";
			dstSubfolderSpec = 10;
			files = (
				6B2CD5AF1D28C92B00793194 /* CommonCrypto.framework in Embed Frameworks */,
				6B2CD5B21D28C92B00793194 /* MYCrypto.framework in Embed Frameworks */,
				6B2CD5B51D28C92B00793194 /* GatewayWebService.framework in Embed Frameworks */,
			);
			name = "Embed Frameworks";
			runOnlyForDeploymentPostprocessing = 0;
		};
/* End PBXCopyFilesBuildPhase section */

/* Begin PBXFileReference section */
		1E39488D2E9378322A78E57B /* Pods-CCIP.release.xcconfig */ = {isa = PBXFileReference; includeInIndex = 1; lastKnownFileType = text.xcconfig; name = "Pods-CCIP.release.xcconfig"; path = "Pods/Target Support Files/Pods-CCIP/Pods-CCIP.release.xcconfig"; sourceTree = "<group>"; };
		28AF9A7C1D28A40A006B378E /* RoomLocationViewController.h */ = {isa = PBXFileReference; fileEncoding = 4; lastKnownFileType = sourcecode.c.h; path = RoomLocationViewController.h; sourceTree = "<group>"; };
		28AF9A7D1D28A40A006B378E /* RoomLocationViewController.m */ = {isa = PBXFileReference; fileEncoding = 4; lastKnownFileType = sourcecode.c.objc; path = RoomLocationViewController.m; sourceTree = "<group>"; };
		28AF9A8F1D28A6E9006B378E /* RoomProgramsTableViewController.h */ = {isa = PBXFileReference; fileEncoding = 4; lastKnownFileType = sourcecode.c.h; path = RoomProgramsTableViewController.h; sourceTree = "<group>"; };
		28AF9A901D28A6E9006B378E /* RoomProgramsTableViewController.m */ = {isa = PBXFileReference; fileEncoding = 4; lastKnownFileType = sourcecode.c.objc; path = RoomProgramsTableViewController.m; sourceTree = "<group>"; };
		28C22A521D3178A9004A6575 /* ProgramDetailViewController.h */ = {isa = PBXFileReference; fileEncoding = 4; lastKnownFileType = sourcecode.c.h; path = ProgramDetailViewController.h; sourceTree = "<group>"; };
		28C22A531D3178A9004A6575 /* ProgramDetailViewController.m */ = {isa = PBXFileReference; fileEncoding = 4; lastKnownFileType = sourcecode.c.objc; path = ProgramDetailViewController.m; sourceTree = "<group>"; };
		28ED8C781D31DC1F00BC47E0 /* ShareProgramTableViewController.h */ = {isa = PBXFileReference; fileEncoding = 4; lastKnownFileType = sourcecode.c.h; path = ShareProgramTableViewController.h; sourceTree = "<group>"; };
		28ED8C791D31DC1F00BC47E0 /* ShareProgramTableViewController.m */ = {isa = PBXFileReference; fileEncoding = 4; lastKnownFileType = sourcecode.c.objc; path = ShareProgramTableViewController.m; sourceTree = "<group>"; };
		5F67CE171D1EB54200B9DAA9 /* GoogleService-Info.plist */ = {isa = PBXFileReference; fileEncoding = 4; lastKnownFileType = text.plist.xml; path = "GoogleService-Info.plist"; sourceTree = "<group>"; };
		5F9171261D325B5E000D0F66 /* StaffView.h */ = {isa = PBXFileReference; fileEncoding = 4; lastKnownFileType = sourcecode.c.h; path = StaffView.h; sourceTree = "<group>"; };
		5F9171271D325B5E000D0F66 /* StaffView.m */ = {isa = PBXFileReference; fileEncoding = 4; lastKnownFileType = sourcecode.c.objc; path = StaffView.m; sourceTree = "<group>"; };
		5F9171281D325B5E000D0F66 /* StaffView.xib */ = {isa = PBXFileReference; fileEncoding = 4; lastKnownFileType = file.xib; path = StaffView.xib; sourceTree = "<group>"; };
		5F91712B1D32990C000D0F66 /* StaffCell.h */ = {isa = PBXFileReference; fileEncoding = 4; lastKnownFileType = sourcecode.c.h; path = StaffCell.h; sourceTree = "<group>"; };
		5F91712C1D32990C000D0F66 /* StaffCell.m */ = {isa = PBXFileReference; fileEncoding = 4; lastKnownFileType = sourcecode.c.objc; path = StaffCell.m; sourceTree = "<group>"; };
		5F91712D1D32990C000D0F66 /* StaffCell.xib */ = {isa = PBXFileReference; fileEncoding = 4; lastKnownFileType = file.xib; path = StaffCell.xib; sourceTree = "<group>"; };
		5FB4D43C1D3A668B005BF382 /* MainTabBarViewController.h */ = {isa = PBXFileReference; fileEncoding = 4; lastKnownFileType = sourcecode.c.h; path = MainTabBarViewController.h; sourceTree = "<group>"; };
		5FB4D43D1D3A668B005BF382 /* MainTabBarViewController.m */ = {isa = PBXFileReference; fileEncoding = 4; lastKnownFileType = sourcecode.c.objc; path = MainTabBarViewController.m; sourceTree = "<group>"; };
		5FB4D4411D3A8319005BF382 /* icon_ios_pin.png */ = {isa = PBXFileReference; lastKnownFileType = image.png; name = icon_ios_pin.png; path = Images/icon_ios_pin.png; sourceTree = "<group>"; };
		5FB4D4421D3A8319005BF382 /* icon_ios_pin@2x.png */ = {isa = PBXFileReference; lastKnownFileType = image.png; name = "icon_ios_pin@2x.png"; path = "Images/icon_ios_pin@2x.png"; sourceTree = "<group>"; };
		5FB4D4431D3A8319005BF382 /* icon_ios_pin@3x.png */ = {isa = PBXFileReference; lastKnownFileType = image.png; name = "icon_ios_pin@3x.png"; path = "Images/icon_ios_pin@3x.png"; sourceTree = "<group>"; };
		5FB4D4441D3A8319005BF382 /* StaffIconDefault@1x.png */ = {isa = PBXFileReference; lastKnownFileType = image.png; name = "StaffIconDefault@1x.png"; path = "Images/StaffIconDefault@1x.png"; sourceTree = "<group>"; };
		5FB4D4451D3A8319005BF382 /* StaffIconDefault@2x.png */ = {isa = PBXFileReference; lastKnownFileType = image.png; name = "StaffIconDefault@2x.png"; path = "Images/StaffIconDefault@2x.png"; sourceTree = "<group>"; };
		5FB4D44B1D3A8547005BF382 /* icon_ios_pin_selected.png */ = {isa = PBXFileReference; lastKnownFileType = image.png; name = icon_ios_pin_selected.png; path = Images/icon_ios_pin_selected.png; sourceTree = "<group>"; };
		5FB4D44C1D3A8547005BF382 /* icon_ios_pin_selected@2x.png */ = {isa = PBXFileReference; lastKnownFileType = image.png; name = "icon_ios_pin_selected@2x.png"; path = "Images/icon_ios_pin_selected@2x.png"; sourceTree = "<group>"; };
		5FB4D44D1D3A8547005BF382 /* icon_ios_pin_selected@3x.png */ = {isa = PBXFileReference; lastKnownFileType = image.png; name = "icon_ios_pin_selected@3x.png"; path = "Images/icon_ios_pin_selected@3x.png"; sourceTree = "<group>"; };
		5FB4D4511D3A865A005BF382 /* icon_ios_topcharts_selected.png */ = {isa = PBXFileReference; lastKnownFileType = image.png; name = icon_ios_topcharts_selected.png; path = Images/icon_ios_topcharts_selected.png; sourceTree = "<group>"; };
		5FB4D4521D3A865A005BF382 /* icon_ios_topcharts_selected@2x.png */ = {isa = PBXFileReference; lastKnownFileType = image.png; name = "icon_ios_topcharts_selected@2x.png"; path = "Images/icon_ios_topcharts_selected@2x.png"; sourceTree = "<group>"; };
		5FB4D4531D3A865A005BF382 /* icon_ios_topcharts_selected@3x.png */ = {isa = PBXFileReference; lastKnownFileType = image.png; name = "icon_ios_topcharts_selected@3x.png"; path = "Images/icon_ios_topcharts_selected@3x.png"; sourceTree = "<group>"; };
		5FB4D4541D3A865A005BF382 /* icon_ios_topcharts.png */ = {isa = PBXFileReference; lastKnownFileType = image.png; name = icon_ios_topcharts.png; path = Images/icon_ios_topcharts.png; sourceTree = "<group>"; };
		5FB4D4551D3A865A005BF382 /* icon_ios_topcharts@2x.png */ = {isa = PBXFileReference; lastKnownFileType = image.png; name = "icon_ios_topcharts@2x.png"; path = "Images/icon_ios_topcharts@2x.png"; sourceTree = "<group>"; };
		5FB4D4561D3A865A005BF382 /* icon_ios_topcharts@3x.png */ = {isa = PBXFileReference; lastKnownFileType = image.png; name = "icon_ios_topcharts@3x.png"; path = "Images/icon_ios_topcharts@3x.png"; sourceTree = "<group>"; };
		5FB4D45D1D3A8706005BF382 /* icon_ios_chat_selected.png */ = {isa = PBXFileReference; lastKnownFileType = image.png; name = icon_ios_chat_selected.png; path = Images/icon_ios_chat_selected.png; sourceTree = "<group>"; };
		5FB4D45E1D3A8706005BF382 /* icon_ios_chat_selected@2x.png */ = {isa = PBXFileReference; lastKnownFileType = image.png; name = "icon_ios_chat_selected@2x.png"; path = "Images/icon_ios_chat_selected@2x.png"; sourceTree = "<group>"; };
		5FB4D45F1D3A8706005BF382 /* icon_ios_chat_selected@3x.png */ = {isa = PBXFileReference; lastKnownFileType = image.png; name = "icon_ios_chat_selected@3x.png"; path = "Images/icon_ios_chat_selected@3x.png"; sourceTree = "<group>"; };
		5FB4D4601D3A8706005BF382 /* icon_ios_chat.png */ = {isa = PBXFileReference; lastKnownFileType = image.png; name = icon_ios_chat.png; path = Images/icon_ios_chat.png; sourceTree = "<group>"; };
		5FB4D4611D3A8706005BF382 /* icon_ios_chat@2x.png */ = {isa = PBXFileReference; lastKnownFileType = image.png; name = "icon_ios_chat@2x.png"; path = "Images/icon_ios_chat@2x.png"; sourceTree = "<group>"; };
		5FB4D4621D3A8706005BF382 /* icon_ios_chat@3x.png */ = {isa = PBXFileReference; lastKnownFileType = image.png; name = "icon_ios_chat@3x.png"; path = "Images/icon_ios_chat@3x.png"; sourceTree = "<group>"; };
		5FB4D4691D3A8DF6005BF382 /* icon_ios_more_selected.png */ = {isa = PBXFileReference; lastKnownFileType = image.png; name = icon_ios_more_selected.png; path = Images/icon_ios_more_selected.png; sourceTree = "<group>"; };
		5FB4D46A1D3A8DF6005BF382 /* icon_ios_more_selected@2x.png */ = {isa = PBXFileReference; lastKnownFileType = image.png; name = "icon_ios_more_selected@2x.png"; path = "Images/icon_ios_more_selected@2x.png"; sourceTree = "<group>"; };
		5FB4D46B1D3A8DF6005BF382 /* icon_ios_more_selected@3x.png */ = {isa = PBXFileReference; lastKnownFileType = image.png; name = "icon_ios_more_selected@3x.png"; path = "Images/icon_ios_more_selected@3x.png"; sourceTree = "<group>"; };
		5FB4D46C1D3A8DF6005BF382 /* icon_ios_more.png */ = {isa = PBXFileReference; lastKnownFileType = image.png; name = icon_ios_more.png; path = Images/icon_ios_more.png; sourceTree = "<group>"; };
		5FB4D46D1D3A8DF6005BF382 /* icon_ios_more@2x.png */ = {isa = PBXFileReference; lastKnownFileType = image.png; name = "icon_ios_more@2x.png"; path = "Images/icon_ios_more@2x.png"; sourceTree = "<group>"; };
		5FB4D46E1D3A8DF6005BF382 /* icon_ios_more@3x.png */ = {isa = PBXFileReference; lastKnownFileType = image.png; name = "icon_ios_more@3x.png"; path = "Images/icon_ios_more@3x.png"; sourceTree = "<group>"; };
		5FB4D46F1D3A8DF6005BF382 /* icon_ios_bell.png */ = {isa = PBXFileReference; lastKnownFileType = image.png; name = icon_ios_bell.png; path = Images/icon_ios_bell.png; sourceTree = "<group>"; };
		5FB4D4701D3A8DF6005BF382 /* icon_ios_bell@2x.png */ = {isa = PBXFileReference; lastKnownFileType = image.png; name = "icon_ios_bell@2x.png"; path = "Images/icon_ios_bell@2x.png"; sourceTree = "<group>"; };
		5FB4D4711D3A8DF6005BF382 /* icon_ios_bell@3x.png */ = {isa = PBXFileReference; lastKnownFileType = image.png; name = "icon_ios_bell@3x.png"; path = "Images/icon_ios_bell@3x.png"; sourceTree = "<group>"; };
		5FB4D4721D3A8DF6005BF382 /* icon_ios_bell_selected.png */ = {isa = PBXFileReference; lastKnownFileType = image.png; name = icon_ios_bell_selected.png; path = Images/icon_ios_bell_selected.png; sourceTree = "<group>"; };
		5FB4D4731D3A8DF6005BF382 /* icon_ios_bell_selected@2x.png */ = {isa = PBXFileReference; lastKnownFileType = image.png; name = "icon_ios_bell_selected@2x.png"; path = "Images/icon_ios_bell_selected@2x.png"; sourceTree = "<group>"; };
		5FB4D4741D3A8DF6005BF382 /* icon_ios_bell_selected@3x.png */ = {isa = PBXFileReference; lastKnownFileType = image.png; name = "icon_ios_bell_selected@3x.png"; path = "Images/icon_ios_bell_selected@3x.png"; sourceTree = "<group>"; };
		5FB4D4811D3A998C005BF382 /* coscup-logo.png */ = {isa = PBXFileReference; lastKnownFileType = image.png; name = "coscup-logo.png"; path = "Images/coscup-logo.png"; sourceTree = "<group>"; };
		5FB4D4821D3A998C005BF382 /* coscup-logo@2x.png */ = {isa = PBXFileReference; lastKnownFileType = image.png; name = "coscup-logo@2x.png"; path = "Images/coscup-logo@2x.png"; sourceTree = "<group>"; };
		5FB4D4831D3A998C005BF382 /* coscup-logo@3x.png */ = {isa = PBXFileReference; lastKnownFileType = image.png; name = "coscup-logo@3x.png"; path = "Images/coscup-logo@3x.png"; sourceTree = "<group>"; };
		5FECE5A91D352E8A00242DB4 /* StaffGroupView.h */ = {isa = PBXFileReference; fileEncoding = 4; lastKnownFileType = sourcecode.c.h; path = StaffGroupView.h; sourceTree = "<group>"; };
		5FECE5AA1D352E8A00242DB4 /* StaffGroupView.m */ = {isa = PBXFileReference; fileEncoding = 4; lastKnownFileType = sourcecode.c.objc; path = StaffGroupView.m; sourceTree = "<group>"; };
		5FECE5AB1D352E8A00242DB4 /* StaffGroupView.xib */ = {isa = PBXFileReference; fileEncoding = 4; lastKnownFileType = file.xib; path = StaffGroupView.xib; sourceTree = "<group>"; };
		5FECE5F21D353C4900242DB4 /* StaffGroupTableViewCell.h */ = {isa = PBXFileReference; fileEncoding = 4; lastKnownFileType = sourcecode.c.h; path = StaffGroupTableViewCell.h; sourceTree = "<group>"; };
		5FECE5F31D353C4900242DB4 /* StaffGroupTableViewCell.m */ = {isa = PBXFileReference; fileEncoding = 4; lastKnownFileType = sourcecode.c.objc; path = StaffGroupTableViewCell.m; sourceTree = "<group>"; };
		5FECE5F41D353C4900242DB4 /* StaffGroupTableViewCell.xib */ = {isa = PBXFileReference; fileEncoding = 4; lastKnownFileType = file.xib; path = StaffGroupTableViewCell.xib; sourceTree = "<group>"; };
		5FF2B11B1D28B19600665DD9 /* IRCView.h */ = {isa = PBXFileReference; fileEncoding = 4; lastKnownFileType = sourcecode.c.h; path = IRCView.h; sourceTree = "<group>"; };
		5FF2B11C1D28B19600665DD9 /* IRCView.m */ = {isa = PBXFileReference; fileEncoding = 4; lastKnownFileType = sourcecode.c.objc; path = IRCView.m; sourceTree = "<group>"; };
		5FF2B11D1D28B19600665DD9 /* IRCView.xib */ = {isa = PBXFileReference; fileEncoding = 4; lastKnownFileType = file.xib; path = IRCView.xib; sourceTree = "<group>"; };
		6B0B84D11D2B861000DE18B0 /* en */ = {isa = PBXFileReference; lastKnownFileType = text.plist.strings; name = en; path = en.lproj/InfoPlist.strings; sourceTree = "<group>"; };
		6B0B84D21D2B862300DE18B0 /* zh-Hant */ = {isa = PBXFileReference; lastKnownFileType = text.plist.strings; name = "zh-Hant"; path = "zh-Hant.lproj/InfoPlist.strings"; sourceTree = "<group>"; };
		6B2B6D7C1D29EC49007D0450 /* NSInvocation+addition.h */ = {isa = PBXFileReference; fileEncoding = 4; lastKnownFileType = sourcecode.c.h; path = "NSInvocation+addition.h"; sourceTree = "<group>"; };
		6B2B6D7D1D29EC49007D0450 /* NSInvocation+addition.m */ = {isa = PBXFileReference; fileEncoding = 4; lastKnownFileType = sourcecode.c.objc; path = "NSInvocation+addition.m"; sourceTree = "<group>"; };
		6B2CD55F1D281D9400793194 /* UIAlertController+additional.m */ = {isa = PBXFileReference; fileEncoding = 4; lastKnownFileType = sourcecode.c.objc; path = "UIAlertController+additional.m"; sourceTree = "<group>"; };
		6B2CD5601D281D9400793194 /* UIAlertController+additional.h */ = {isa = PBXFileReference; fileEncoding = 4; lastKnownFileType = sourcecode.c.h; path = "UIAlertController+additional.h"; sourceTree = "<group>"; };
		6B2CD5771D286E6F00793194 /* UIColor+addition.h */ = {isa = PBXFileReference; fileEncoding = 4; lastKnownFileType = sourcecode.c.h; path = "UIColor+addition.h"; sourceTree = "<group>"; };
		6B2CD5781D286E6F00793194 /* UIColor+addition.m */ = {isa = PBXFileReference; fileEncoding = 4; lastKnownFileType = sourcecode.c.objc; path = "UIColor+addition.m"; sourceTree = "<group>"; };
		6B2CD58A1D28780F00793194 /* AudioToolbox.framework */ = {isa = PBXFileReference; lastKnownFileType = wrapper.framework; name = AudioToolbox.framework; path = System/Library/Frameworks/AudioToolbox.framework; sourceTree = SDKROOT; };
		6B2CD5951D2886AB00793194 /* en */ = {isa = PBXFileReference; lastKnownFileType = text.plist.strings; name = en; path = en.lproj/LaunchScreen.strings; sourceTree = "<group>"; };
		6B2CD5961D2886B100793194 /* zh-Hant */ = {isa = PBXFileReference; lastKnownFileType = text.plist.strings; name = "zh-Hant"; path = "zh-Hant.lproj/LaunchScreen.strings"; sourceTree = "<group>"; };
		6B2CD5981D2886C900793194 /* zh-Hant */ = {isa = PBXFileReference; lastKnownFileType = text.plist.strings; name = "zh-Hant"; path = "zh-Hant.lproj/Localizable.strings"; sourceTree = "<group>"; };
		6B2CD5991D2886C900793194 /* en */ = {isa = PBXFileReference; lastKnownFileType = text.plist.strings; name = en; path = en.lproj/Localizable.strings; sourceTree = "<group>"; };
		6B2CD5AD1D28C92B00793194 /* CommonCrypto.framework */ = {isa = PBXFileReference; explicitFileType = wrapper.framework; path = CommonCrypto.framework; sourceTree = BUILT_PRODUCTS_DIR; };
		6B2CD5B01D28C92B00793194 /* MYCrypto.framework */ = {isa = PBXFileReference; explicitFileType = wrapper.framework; path = MYCrypto.framework; sourceTree = BUILT_PRODUCTS_DIR; };
		6B2CD5B31D28C92B00793194 /* GatewayWebService.framework */ = {isa = PBXFileReference; explicitFileType = wrapper.framework; path = GatewayWebService.framework; sourceTree = BUILT_PRODUCTS_DIR; };
		6B53C6441D1ED5BE00EA8012 /* CheckinView.xib */ = {isa = PBXFileReference; fileEncoding = 4; lastKnownFileType = file.xib; path = CheckinView.xib; sourceTree = "<group>"; };
		6B53C6591D1ED5CC00EA8012 /* StatusView.xib */ = {isa = PBXFileReference; fileEncoding = 4; lastKnownFileType = file.xib; path = StatusView.xib; sourceTree = "<group>"; };
		6B53C65E1D1ED5EB00EA8012 /* InvalidNetworkMessageView.xib */ = {isa = PBXFileReference; fileEncoding = 4; lastKnownFileType = file.xib; path = InvalidNetworkMessageView.xib; sourceTree = "<group>"; };
		6B6F7D461D34E3570015ECB2 /* LaunchScreenIcon@3x.png */ = {isa = PBXFileReference; lastKnownFileType = image.png; path = "LaunchScreenIcon@3x.png"; sourceTree = "<group>"; };
		6B7142AE1D1DB9820024EA45 /* MasterViewController.h */ = {isa = PBXFileReference; fileEncoding = 4; lastKnownFileType = sourcecode.c.h; path = MasterViewController.h; sourceTree = "<group>"; };
		6B7142AF1D1DB9820024EA45 /* MasterViewController.m */ = {isa = PBXFileReference; fileEncoding = 4; lastKnownFileType = sourcecode.c.objc; path = MasterViewController.m; sourceTree = "<group>"; };
		6B7142B31D1DBAFB0024EA45 /* scenarioCell.h */ = {isa = PBXFileReference; fileEncoding = 4; lastKnownFileType = sourcecode.c.h; path = scenarioCell.h; sourceTree = "<group>"; };
		6B7142B41D1DBAFB0024EA45 /* scenarioCell.m */ = {isa = PBXFileReference; fileEncoding = 4; lastKnownFileType = sourcecode.c.objc; path = scenarioCell.m; sourceTree = "<group>"; };
		6B7142B51D1DBAFB0024EA45 /* scenarioCell.xib */ = {isa = PBXFileReference; fileEncoding = 4; lastKnownFileType = file.xib; path = scenarioCell.xib; sourceTree = "<group>"; };
		6B8F62241D314CA600B684BD /* NavigationController.h */ = {isa = PBXFileReference; fileEncoding = 4; lastKnownFileType = sourcecode.c.h; path = NavigationController.h; sourceTree = "<group>"; };
		6B8F62251D314CA600B684BD /* NavigationController.m */ = {isa = PBXFileReference; fileEncoding = 4; lastKnownFileType = sourcecode.c.objc; path = NavigationController.m; sourceTree = "<group>"; };
		6BA1A5201D1EFBDC00D5924C /* StatusView.h */ = {isa = PBXFileReference; fileEncoding = 4; lastKnownFileType = sourcecode.c.h; path = StatusView.h; sourceTree = "<group>"; };
		6BA1A5211D1EFBDC00D5924C /* StatusView.m */ = {isa = PBXFileReference; fileEncoding = 4; lastKnownFileType = sourcecode.c.objc; path = StatusView.m; sourceTree = "<group>"; };
		6BA1A5231D1EFBE700D5924C /* CheckinView.h */ = {isa = PBXFileReference; fileEncoding = 4; lastKnownFileType = sourcecode.c.h; path = CheckinView.h; sourceTree = "<group>"; };
		6BA1A5241D1EFBE700D5924C /* CheckinView.m */ = {isa = PBXFileReference; fileEncoding = 4; lastKnownFileType = sourcecode.c.objc; path = CheckinView.m; sourceTree = "<group>"; };
		6BA1A5261D1EFBF100D5924C /* InvalidNetworkMessageView.h */ = {isa = PBXFileReference; fileEncoding = 4; lastKnownFileType = sourcecode.c.h; path = InvalidNetworkMessageView.h; sourceTree = "<group>"; };
		6BA1A5271D1EFBF100D5924C /* InvalidNetworkMessageView.m */ = {isa = PBXFileReference; fileEncoding = 4; lastKnownFileType = sourcecode.c.objc; path = InvalidNetworkMessageView.m; sourceTree = "<group>"; };
		6BD8EF271D1D73510094BE95 /* CCIP.app */ = {isa = PBXFileReference; explicitFileType = wrapper.application; includeInIndex = 0; path = CCIP.app; sourceTree = BUILT_PRODUCTS_DIR; };
		6BD8EF2B1D1D73510094BE95 /* main.m */ = {isa = PBXFileReference; lastKnownFileType = sourcecode.c.objc; path = main.m; sourceTree = "<group>"; };
		6BD8EF2D1D1D73510094BE95 /* AppDelegate.h */ = {isa = PBXFileReference; lastKnownFileType = sourcecode.c.h; path = AppDelegate.h; sourceTree = "<group>"; };
		6BD8EF2E1D1D73510094BE95 /* AppDelegate.m */ = {isa = PBXFileReference; lastKnownFileType = sourcecode.c.objc; path = AppDelegate.m; sourceTree = "<group>"; };
		6BD8EF391D1D73510094BE95 /* Assets.xcassets */ = {isa = PBXFileReference; lastKnownFileType = folder.assetcatalog; path = Assets.xcassets; sourceTree = "<group>"; };
		6BD8EF3C1D1D73510094BE95 /* Base */ = {isa = PBXFileReference; lastKnownFileType = file.storyboard; name = Base; path = Base.lproj/LaunchScreen.storyboard; sourceTree = "<group>"; };
		6BD8EF3E1D1D73510094BE95 /* Info.plist */ = {isa = PBXFileReference; lastKnownFileType = text.plist.xml; path = Info.plist; sourceTree = "<group>"; };
		6BE250201D3133FC005FB4B2 /* GuideViewController.h */ = {isa = PBXFileReference; fileEncoding = 4; lastKnownFileType = sourcecode.c.h; path = GuideViewController.h; sourceTree = "<group>"; };
		6BE250211D3133FC005FB4B2 /* GuideViewController.m */ = {isa = PBXFileReference; fileEncoding = 4; lastKnownFileType = sourcecode.c.objc; path = GuideViewController.m; sourceTree = "<group>"; };
		6BE250261D314B5B005FB4B2 /* Main.storyboard */ = {isa = PBXFileReference; fileEncoding = 4; lastKnownFileType = file.storyboard; path = Main.storyboard; sourceTree = "<group>"; };
		76097425B85D526316D2EF58 /* Pods-CCIP.debug.xcconfig */ = {isa = PBXFileReference; includeInIndex = 1; lastKnownFileType = text.xcconfig; name = "Pods-CCIP.debug.xcconfig"; path = "Pods/Target Support Files/Pods-CCIP/Pods-CCIP.debug.xcconfig"; sourceTree = "<group>"; };
		87CA176D8DB3A92497387928 /* Pods_CCIP.framework */ = {isa = PBXFileReference; explicitFileType = wrapper.framework; includeInIndex = 0; path = Pods_CCIP.framework; sourceTree = BUILT_PRODUCTS_DIR; };
/* End PBXFileReference section */

/* Begin PBXFrameworksBuildPhase section */
		6BD8EF241D1D73510094BE95 /* Frameworks */ = {
			isa = PBXFrameworksBuildPhase;
			buildActionMask = 2147483647;
			files = (
				6B2CD58B1D28780F00793194 /* AudioToolbox.framework in Frameworks */,
				6B2CD5B11D28C92B00793194 /* MYCrypto.framework in Frameworks */,
				6B2CD5B41D28C92B00793194 /* GatewayWebService.framework in Frameworks */,
				6B2CD5AE1D28C92B00793194 /* CommonCrypto.framework in Frameworks */,
				D5720777B8AA54B5CE34467A /* Pods_CCIP.framework in Frameworks */,
			);
			runOnlyForDeploymentPostprocessing = 0;
		};
/* End PBXFrameworksBuildPhase section */

/* Begin PBXGroup section */
		017A0FB6BC91053E5BA17E51 /* Pods */ = {
			isa = PBXGroup;
			children = (
				76097425B85D526316D2EF58 /* Pods-CCIP.debug.xcconfig */,
				1E39488D2E9378322A78E57B /* Pods-CCIP.release.xcconfig */,
			);
			name = Pods;
			sourceTree = "<group>";
		};
		267251DBF9C24B92F4EE80DC /* Frameworks */ = {
			isa = PBXGroup;
			children = (
				6B2CD5B31D28C92B00793194 /* GatewayWebService.framework */,
				6B2CD5B01D28C92B00793194 /* MYCrypto.framework */,
				6B2CD5AD1D28C92B00793194 /* CommonCrypto.framework */,
				87CA176D8DB3A92497387928 /* Pods_CCIP.framework */,
				6B2CD58A1D28780F00793194 /* AudioToolbox.framework */,
			);
			name = Frameworks;
			sourceTree = "<group>";
		};
		5FB4D4401D3A8304005BF382 /* Images */ = {
			isa = PBXGroup;
			children = (
				5FB4D4811D3A998C005BF382 /* coscup-logo.png */,
				5FB4D4821D3A998C005BF382 /* coscup-logo@2x.png */,
				5FB4D4831D3A998C005BF382 /* coscup-logo@3x.png */,
				5FB4D4721D3A8DF6005BF382 /* icon_ios_bell_selected.png */,
				5FB4D4731D3A8DF6005BF382 /* icon_ios_bell_selected@2x.png */,
				5FB4D4741D3A8DF6005BF382 /* icon_ios_bell_selected@3x.png */,
				5FB4D46F1D3A8DF6005BF382 /* icon_ios_bell.png */,
				5FB4D4701D3A8DF6005BF382 /* icon_ios_bell@2x.png */,
				5FB4D4711D3A8DF6005BF382 /* icon_ios_bell@3x.png */,
				5FB4D45D1D3A8706005BF382 /* icon_ios_chat_selected.png */,
				5FB4D45E1D3A8706005BF382 /* icon_ios_chat_selected@2x.png */,
				5FB4D45F1D3A8706005BF382 /* icon_ios_chat_selected@3x.png */,
				5FB4D4601D3A8706005BF382 /* icon_ios_chat.png */,
				5FB4D4611D3A8706005BF382 /* icon_ios_chat@2x.png */,
				5FB4D4621D3A8706005BF382 /* icon_ios_chat@3x.png */,
				5FB4D4691D3A8DF6005BF382 /* icon_ios_more_selected.png */,
				5FB4D46A1D3A8DF6005BF382 /* icon_ios_more_selected@2x.png */,
				5FB4D46B1D3A8DF6005BF382 /* icon_ios_more_selected@3x.png */,
				5FB4D46C1D3A8DF6005BF382 /* icon_ios_more.png */,
				5FB4D46D1D3A8DF6005BF382 /* icon_ios_more@2x.png */,
				5FB4D46E1D3A8DF6005BF382 /* icon_ios_more@3x.png */,
				5FB4D44B1D3A8547005BF382 /* icon_ios_pin_selected.png */,
				5FB4D44C1D3A8547005BF382 /* icon_ios_pin_selected@2x.png */,
				5FB4D44D1D3A8547005BF382 /* icon_ios_pin_selected@3x.png */,
				5FB4D4411D3A8319005BF382 /* icon_ios_pin.png */,
				5FB4D4421D3A8319005BF382 /* icon_ios_pin@2x.png */,
				5FB4D4431D3A8319005BF382 /* icon_ios_pin@3x.png */,
				5FB4D4511D3A865A005BF382 /* icon_ios_topcharts_selected.png */,
				5FB4D4521D3A865A005BF382 /* icon_ios_topcharts_selected@2x.png */,
				5FB4D4531D3A865A005BF382 /* icon_ios_topcharts_selected@3x.png */,
				5FB4D4541D3A865A005BF382 /* icon_ios_topcharts.png */,
				5FB4D4551D3A865A005BF382 /* icon_ios_topcharts@2x.png */,
				5FB4D4561D3A865A005BF382 /* icon_ios_topcharts@3x.png */,
				5FB4D4441D3A8319005BF382 /* StaffIconDefault@1x.png */,
				5FB4D4451D3A8319005BF382 /* StaffIconDefault@2x.png */,
			);
			name = Images;
			sourceTree = "<group>";
		};
		6BD8EF1E1D1D73510094BE95 = {
			isa = PBXGroup;
			children = (
				6BD8EF291D1D73510094BE95 /* CCIP */,
				6BD8EF2A1D1D73510094BE95 /* Supporting Files */,
				6BD8EF281D1D73510094BE95 /* Products */,
				017A0FB6BC91053E5BA17E51 /* Pods */,
				267251DBF9C24B92F4EE80DC /* Frameworks */,
			);
			sourceTree = "<group>";
		};
		6BD8EF281D1D73510094BE95 /* Products */ = {
			isa = PBXGroup;
			children = (
				6BD8EF271D1D73510094BE95 /* CCIP.app */,
			);
			name = Products;
			sourceTree = "<group>";
		};
		6BD8EF291D1D73510094BE95 /* CCIP */ = {
			isa = PBXGroup;
			children = (
				6BD8EF2D1D1D73510094BE95 /* AppDelegate.h */,
				6BD8EF2E1D1D73510094BE95 /* AppDelegate.m */,
				6B2B6D7C1D29EC49007D0450 /* NSInvocation+addition.h */,
				6B2B6D7D1D29EC49007D0450 /* NSInvocation+addition.m */,
				6B2CD5771D286E6F00793194 /* UIColor+addition.h */,
				6B2CD5781D286E6F00793194 /* UIColor+addition.m */,
				6B2CD5601D281D9400793194 /* UIAlertController+additional.h */,
				6B2CD55F1D281D9400793194 /* UIAlertController+additional.m */,
				6B8F62241D314CA600B684BD /* NavigationController.h */,
				6B8F62251D314CA600B684BD /* NavigationController.m */,
				5FB4D43C1D3A668B005BF382 /* MainTabBarViewController.h */,
				5FB4D43D1D3A668B005BF382 /* MainTabBarViewController.m */,
				6B7142AE1D1DB9820024EA45 /* MasterViewController.h */,
				6B7142AF1D1DB9820024EA45 /* MasterViewController.m */,
				6B7142B31D1DBAFB0024EA45 /* scenarioCell.h */,
				6B7142B41D1DBAFB0024EA45 /* scenarioCell.m */,
				6B7142B51D1DBAFB0024EA45 /* scenarioCell.xib */,
				6BA1A5261D1EFBF100D5924C /* InvalidNetworkMessageView.h */,
				6BA1A5271D1EFBF100D5924C /* InvalidNetworkMessageView.m */,
				6B53C65E1D1ED5EB00EA8012 /* InvalidNetworkMessageView.xib */,
				6BA1A5231D1EFBE700D5924C /* CheckinView.h */,
				6BA1A5241D1EFBE700D5924C /* CheckinView.m */,
				6B53C6441D1ED5BE00EA8012 /* CheckinView.xib */,
				6BA1A5201D1EFBDC00D5924C /* StatusView.h */,
				6BA1A5211D1EFBDC00D5924C /* StatusView.m */,
				6B53C6591D1ED5CC00EA8012 /* StatusView.xib */,
				5FF2B11B1D28B19600665DD9 /* IRCView.h */,
				5FF2B11C1D28B19600665DD9 /* IRCView.m */,
				5FF2B11D1D28B19600665DD9 /* IRCView.xib */,
				5FECE5A91D352E8A00242DB4 /* StaffGroupView.h */,
				5FECE5AA1D352E8A00242DB4 /* StaffGroupView.m */,
				5FECE5AB1D352E8A00242DB4 /* StaffGroupView.xib */,
				5FECE5F21D353C4900242DB4 /* StaffGroupTableViewCell.h */,
				5FECE5F31D353C4900242DB4 /* StaffGroupTableViewCell.m */,
				5FECE5F41D353C4900242DB4 /* StaffGroupTableViewCell.xib */,
				5F9171261D325B5E000D0F66 /* StaffView.h */,
				5F9171271D325B5E000D0F66 /* StaffView.m */,
				5F9171281D325B5E000D0F66 /* StaffView.xib */,
				5F91712B1D32990C000D0F66 /* StaffCell.h */,
				5F91712C1D32990C000D0F66 /* StaffCell.m */,
				5F91712D1D32990C000D0F66 /* StaffCell.xib */,
				28AF9A7C1D28A40A006B378E /* RoomLocationViewController.h */,
				28AF9A7D1D28A40A006B378E /* RoomLocationViewController.m */,
				28AF9A8F1D28A6E9006B378E /* RoomProgramsTableViewController.h */,
				28AF9A901D28A6E9006B378E /* RoomProgramsTableViewController.m */,
				28C22A521D3178A9004A6575 /* ProgramDetailViewController.h */,
				28C22A531D3178A9004A6575 /* ProgramDetailViewController.m */,
				28ED8C781D31DC1F00BC47E0 /* ShareProgramTableViewController.h */,
				28ED8C791D31DC1F00BC47E0 /* ShareProgramTableViewController.m */,
				6BE250201D3133FC005FB4B2 /* GuideViewController.h */,
				6BE250211D3133FC005FB4B2 /* GuideViewController.m */,
			);
			path = CCIP;
			sourceTree = "<group>";
		};
		6BD8EF2A1D1D73510094BE95 /* Supporting Files */ = {
			isa = PBXGroup;
			children = (
				5FB4D4401D3A8304005BF382 /* Images */,
				6B0B84D01D2B860D00DE18B0 /* InfoPlist.strings */,
				6B2CD5971D2886C900793194 /* Localizable.strings */,
				6B6F7D461D34E3570015ECB2 /* LaunchScreenIcon@3x.png */,
				6BD8EF391D1D73510094BE95 /* Assets.xcassets */,
				5F67CE171D1EB54200B9DAA9 /* GoogleService-Info.plist */,
				6BD8EF3E1D1D73510094BE95 /* Info.plist */,
				6BE250261D314B5B005FB4B2 /* Main.storyboard */,
				6BD8EF3B1D1D73510094BE95 /* LaunchScreen.storyboard */,
				6BD8EF2B1D1D73510094BE95 /* main.m */,
			);
			name = "Supporting Files";
			path = CCIP;
			sourceTree = "<group>";
		};
/* End PBXGroup section */

/* Begin PBXNativeTarget section */
		6BD8EF261D1D73510094BE95 /* CCIP */ = {
			isa = PBXNativeTarget;
			buildConfigurationList = 6BD8EF411D1D73510094BE95 /* Build configuration list for PBXNativeTarget "CCIP" */;
			buildPhases = (
				6DC9628D542EE187EC109AD3 /* [CP] Check Pods Manifest.lock */,
				6BD8EF231D1D73510094BE95 /* Sources */,
				6BD8EF241D1D73510094BE95 /* Frameworks */,
				6BD8EF251D1D73510094BE95 /* Resources */,
				D87513F49D444A0840CAF6A2 /* [CP] Embed Pods Frameworks */,
				75BF4F97DFA01FBB90E2B98A /* [CP] Copy Pods Resources */,
				6B1C6A1D1D1D843F003C4865 /* Embed Frameworks */,
			);
			buildRules = (
			);
			dependencies = (
			);
			name = CCIP;
			productName = CCIP;
			productReference = 6BD8EF271D1D73510094BE95 /* CCIP.app */;
			productType = "com.apple.product-type.application";
		};
/* End PBXNativeTarget section */

/* Begin PBXProject section */
		6BD8EF1F1D1D73510094BE95 /* Project object */ = {
			isa = PBXProject;
			attributes = {
				LastUpgradeCheck = 0730;
				ORGANIZATIONNAME = CPRTeam;
				TargetAttributes = {
					6BD8EF261D1D73510094BE95 = {
						CreatedOnToolsVersion = 7.3.1;
						DevelopmentTeam = H2LA3QW9Y2;
						DevelopmentTeamName = "Koo Foundation Sun Yat-Sen Cancer Center";
						ProvisioningStyle = Automatic;
						SystemCapabilities = {
							com.apple.Push = {
								enabled = 1;
							};
						};
					};
				};
			};
			buildConfigurationList = 6BD8EF221D1D73510094BE95 /* Build configuration list for PBXProject "CCIP" */;
			compatibilityVersion = "Xcode 3.2";
			developmentRegion = English;
			hasScannedForEncodings = 0;
			knownRegions = (
				Base,
				en,
				"zh-Hant",
			);
			mainGroup = 6BD8EF1E1D1D73510094BE95;
			productRefGroup = 6BD8EF281D1D73510094BE95 /* Products */;
			projectDirPath = "";
			projectRoot = "";
			targets = (
				6BD8EF261D1D73510094BE95 /* CCIP */,
			);
		};
/* End PBXProject section */

/* Begin PBXResourcesBuildPhase section */
		6BD8EF251D1D73510094BE95 /* Resources */ = {
			isa = PBXResourcesBuildPhase;
			buildActionMask = 2147483647;
			files = (
				5FB4D4481D3A8319005BF382 /* icon_ios_pin@3x.png in Resources */,
				5FECE5F61D353C4900242DB4 /* StaffGroupTableViewCell.xib in Resources */,
				5FB4D4631D3A8706005BF382 /* icon_ios_chat_selected.png in Resources */,
				5FB4D47F1D3A8DF6005BF382 /* icon_ios_bell_selected@2x.png in Resources */,
				5FB4D4801D3A8DF6005BF382 /* icon_ios_bell_selected@3x.png in Resources */,
				5FB4D4571D3A865A005BF382 /* icon_ios_topcharts_selected.png in Resources */,
				5FECE5AD1D352E8A00242DB4 /* StaffGroupView.xib in Resources */,
				6B53C6461D1ED5BE00EA8012 /* CheckinView.xib in Resources */,
				5FB4D4751D3A8DF6005BF382 /* icon_ios_more_selected.png in Resources */,
				5FB4D4671D3A8706005BF382 /* icon_ios_chat@2x.png in Resources */,
				5FB4D47E1D3A8DF6005BF382 /* icon_ios_bell_selected.png in Resources */,
				5FB4D4791D3A8DF6005BF382 /* icon_ios_more@2x.png in Resources */,
				5FB4D4861D3A998C005BF382 /* coscup-logo@3x.png in Resources */,
				6B6F7D471D34E3570015ECB2 /* LaunchScreenIcon@3x.png in Resources */,
				5FB4D47C1D3A8DF6005BF382 /* icon_ios_bell@2x.png in Resources */,
				5FB4D44E1D3A8547005BF382 /* icon_ios_pin_selected.png in Resources */,
				5FB4D44F1D3A8547005BF382 /* icon_ios_pin_selected@2x.png in Resources */,
				5FB4D4851D3A998C005BF382 /* coscup-logo@2x.png in Resources */,
				5FB4D4651D3A8706005BF382 /* icon_ios_chat_selected@3x.png in Resources */,
				5FB4D4841D3A998C005BF382 /* coscup-logo.png in Resources */,
				5FB4D4491D3A8319005BF382 /* StaffIconDefault@1x.png in Resources */,
				5FB4D4461D3A8319005BF382 /* icon_ios_pin.png in Resources */,
				5FB4D4471D3A8319005BF382 /* icon_ios_pin@2x.png in Resources */,
				6B53C65B1D1ED5CC00EA8012 /* StatusView.xib in Resources */,
				5FB4D45B1D3A865A005BF382 /* icon_ios_topcharts@2x.png in Resources */,
				5FB4D4501D3A8547005BF382 /* icon_ios_pin_selected@3x.png in Resources */,
				6BD8EF3D1D1D73510094BE95 /* LaunchScreen.storyboard in Resources */,
				5FB4D44A1D3A8319005BF382 /* StaffIconDefault@2x.png in Resources */,
				5FB4D47D1D3A8DF6005BF382 /* icon_ios_bell@3x.png in Resources */,
				6BE250271D314B5B005FB4B2 /* Main.storyboard in Resources */,
				5FB4D4681D3A8706005BF382 /* icon_ios_chat@3x.png in Resources */,
				6B7142B71D1DBAFB0024EA45 /* scenarioCell.xib in Resources */,
				5F91712A1D325B5E000D0F66 /* StaffView.xib in Resources */,
				5FB4D4641D3A8706005BF382 /* icon_ios_chat_selected@2x.png in Resources */,
				5FB4D4781D3A8DF6005BF382 /* icon_ios_more.png in Resources */,
				5F91712F1D32990C000D0F66 /* StaffCell.xib in Resources */,
				5FB4D4771D3A8DF6005BF382 /* icon_ios_more_selected@3x.png in Resources */,
				5F67CE181D1EB54200B9DAA9 /* GoogleService-Info.plist in Resources */,
				5FB4D4661D3A8706005BF382 /* icon_ios_chat.png in Resources */,
				6B2CD59A1D2886C900793194 /* Localizable.strings in Resources */,
				6B53C6601D1ED5EB00EA8012 /* InvalidNetworkMessageView.xib in Resources */,
				5FB4D47A1D3A8DF6005BF382 /* icon_ios_more@3x.png in Resources */,
				5FF2B11F1D28B19600665DD9 /* IRCView.xib in Resources */,
				5FB4D4581D3A865A005BF382 /* icon_ios_topcharts_selected@2x.png in Resources */,
				5FB4D4591D3A865A005BF382 /* icon_ios_topcharts_selected@3x.png in Resources */,
				5FB4D4761D3A8DF6005BF382 /* icon_ios_more_selected@2x.png in Resources */,
				6BD8EF3A1D1D73510094BE95 /* Assets.xcassets in Resources */,
				5FB4D47B1D3A8DF6005BF382 /* icon_ios_bell.png in Resources */,
				6B0B84CE1D2B860D00DE18B0 /* InfoPlist.strings in Resources */,
				5FB4D45A1D3A865A005BF382 /* icon_ios_topcharts.png in Resources */,
				5FB4D45C1D3A865A005BF382 /* icon_ios_topcharts@3x.png in Resources */,
			);
			runOnlyForDeploymentPostprocessing = 0;
		};
/* End PBXResourcesBuildPhase section */

/* Begin PBXShellScriptBuildPhase section */
		6DC9628D542EE187EC109AD3 /* [CP] Check Pods Manifest.lock */ = {
			isa = PBXShellScriptBuildPhase;
			buildActionMask = 2147483647;
			files = (
			);
			inputPaths = (
			);
			name = "[CP] Check Pods Manifest.lock";
			outputPaths = (
			);
			runOnlyForDeploymentPostprocessing = 0;
			shellPath = /bin/sh;
			shellScript = "diff \"${PODS_ROOT}/../Podfile.lock\" \"${PODS_ROOT}/Manifest.lock\" > /dev/null\nif [[ $? != 0 ]] ; then\n    cat << EOM\nerror: The sandbox is not in sync with the Podfile.lock. Run 'pod install' or update your CocoaPods installation.\nEOM\n    exit 1\nfi\n";
			showEnvVarsInLog = 0;
		};
		75BF4F97DFA01FBB90E2B98A /* [CP] Copy Pods Resources */ = {
			isa = PBXShellScriptBuildPhase;
			buildActionMask = 2147483647;
			files = (
			);
			inputPaths = (
			);
			name = "[CP] Copy Pods Resources";
			outputPaths = (
			);
			runOnlyForDeploymentPostprocessing = 0;
			shellPath = /bin/sh;
			shellScript = "\"${SRCROOT}/Pods/Target Support Files/Pods-CCIP/Pods-CCIP-resources.sh\"\n";
			showEnvVarsInLog = 0;
		};
		D87513F49D444A0840CAF6A2 /* [CP] Embed Pods Frameworks */ = {
			isa = PBXShellScriptBuildPhase;
			buildActionMask = 2147483647;
			files = (
			);
			inputPaths = (
			);
			name = "[CP] Embed Pods Frameworks";
			outputPaths = (
			);
			runOnlyForDeploymentPostprocessing = 0;
			shellPath = /bin/sh;
			shellScript = "\"${SRCROOT}/Pods/Target Support Files/Pods-CCIP/Pods-CCIP-frameworks.sh\"\n";
			showEnvVarsInLog = 0;
		};
/* End PBXShellScriptBuildPhase section */

/* Begin PBXSourcesBuildPhase section */
		6BD8EF231D1D73510094BE95 /* Sources */ = {
			isa = PBXSourcesBuildPhase;
			buildActionMask = 2147483647;
			files = (
				5F91712E1D32990C000D0F66 /* StaffCell.m in Sources */,
				5FB4D43E1D3A668B005BF382 /* MainTabBarViewController.m in Sources */,
				6BA1A5281D1EFBF100D5924C /* InvalidNetworkMessageView.m in Sources */,
				28AF9A911D28A6E9006B378E /* RoomProgramsTableViewController.m in Sources */,
				28ED8C7A1D31DC1F00BC47E0 /* ShareProgramTableViewController.m in Sources */,
				6BE250221D3133FC005FB4B2 /* GuideViewController.m in Sources */,
				28AF9A7E1D28A40A006B378E /* RoomLocationViewController.m in Sources */,
				5FF2B11E1D28B19600665DD9 /* IRCView.m in Sources */,
				6B7142B61D1DBAFB0024EA45 /* scenarioCell.m in Sources */,
				6BD8EF2F1D1D73510094BE95 /* AppDelegate.m in Sources */,
				6BD8EF2C1D1D73510094BE95 /* main.m in Sources */,
				28C22A541D3178A9004A6575 /* ProgramDetailViewController.m in Sources */,
				5FECE5F51D353C4900242DB4 /* StaffGroupTableViewCell.m in Sources */,
				5FECE5AC1D352E8A00242DB4 /* StaffGroupView.m in Sources */,
				6B7142B01D1DB9820024EA45 /* MasterViewController.m in Sources */,
				6BA1A5221D1EFBDC00D5924C /* StatusView.m in Sources */,
				6B8F62261D314CA600B684BD /* NavigationController.m in Sources */,
				6B2B6D7E1D29EC49007D0450 /* NSInvocation+addition.m in Sources */,
				6BA1A5251D1EFBE700D5924C /* CheckinView.m in Sources */,
				5F9171291D325B5E000D0F66 /* StaffView.m in Sources */,
				6B2CD5791D286E6F00793194 /* UIColor+addition.m in Sources */,
				6B2CD5611D281D9400793194 /* UIAlertController+additional.m in Sources */,
			);
			runOnlyForDeploymentPostprocessing = 0;
		};
/* End PBXSourcesBuildPhase section */

/* Begin PBXVariantGroup section */
		6B0B84D01D2B860D00DE18B0 /* InfoPlist.strings */ = {
			isa = PBXVariantGroup;
			children = (
				6B0B84D11D2B861000DE18B0 /* en */,
				6B0B84D21D2B862300DE18B0 /* zh-Hant */,
			);
			name = InfoPlist.strings;
			sourceTree = "<group>";
		};
		6B2CD5971D2886C900793194 /* Localizable.strings */ = {
			isa = PBXVariantGroup;
			children = (
				6B2CD5991D2886C900793194 /* en */,
				6B2CD5981D2886C900793194 /* zh-Hant */,
			);
			name = Localizable.strings;
			sourceTree = "<group>";
		};
		6BD8EF3B1D1D73510094BE95 /* LaunchScreen.storyboard */ = {
			isa = PBXVariantGroup;
			children = (
				6BD8EF3C1D1D73510094BE95 /* Base */,
				6B2CD5951D2886AB00793194 /* en */,
				6B2CD5961D2886B100793194 /* zh-Hant */,
			);
			name = LaunchScreen.storyboard;
			sourceTree = "<group>";
		};
/* End PBXVariantGroup section */

/* Begin XCBuildConfiguration section */
		6BD8EF3F1D1D73510094BE95 /* Debug */ = {
			isa = XCBuildConfiguration;
			buildSettings = {
				ALWAYS_SEARCH_USER_PATHS = NO;
				CLANG_ANALYZER_NONNULL = YES;
				CLANG_CXX_LANGUAGE_STANDARD = "gnu++0x";
				CLANG_CXX_LIBRARY = "libc++";
				CLANG_ENABLE_MODULES = YES;
				CLANG_ENABLE_OBJC_ARC = YES;
				CLANG_WARN_BOOL_CONVERSION = YES;
				CLANG_WARN_CONSTANT_CONVERSION = YES;
				CLANG_WARN_DIRECT_OBJC_ISA_USAGE = YES_ERROR;
				CLANG_WARN_EMPTY_BODY = YES;
				CLANG_WARN_ENUM_CONVERSION = YES;
				CLANG_WARN_INT_CONVERSION = YES;
				CLANG_WARN_OBJC_ROOT_CLASS = YES_ERROR;
				CLANG_WARN_UNREACHABLE_CODE = YES;
				CLANG_WARN__DUPLICATE_METHOD_MATCH = YES;
				"CODE_SIGN_IDENTITY[sdk=iphoneos*]" = "iPhone Developer";
				COPY_PHASE_STRIP = NO;
				DEBUG_INFORMATION_FORMAT = dwarf;
				ENABLE_STRICT_OBJC_MSGSEND = YES;
				ENABLE_TESTABILITY = YES;
				GCC_C_LANGUAGE_STANDARD = gnu99;
				GCC_DYNAMIC_NO_PIC = NO;
				GCC_NO_COMMON_BLOCKS = YES;
				GCC_OPTIMIZATION_LEVEL = 0;
				GCC_PREPROCESSOR_DEFINITIONS = (
					"DEBUG=1",
					"$(inherited)",
				);
				GCC_WARN_64_TO_32_BIT_CONVERSION = YES;
				GCC_WARN_ABOUT_RETURN_TYPE = YES_ERROR;
				GCC_WARN_UNDECLARED_SELECTOR = YES;
				GCC_WARN_UNINITIALIZED_AUTOS = YES_AGGRESSIVE;
				GCC_WARN_UNUSED_FUNCTION = YES;
				GCC_WARN_UNUSED_VARIABLE = YES;
				IPHONEOS_DEPLOYMENT_TARGET = 8.0;
				MTL_ENABLE_DEBUG_INFO = YES;
				ONLY_ACTIVE_ARCH = YES;
				SDKROOT = iphoneos;
				TARGETED_DEVICE_FAMILY = "1,2";
			};
			name = Debug;
		};
		6BD8EF401D1D73510094BE95 /* Release */ = {
			isa = XCBuildConfiguration;
			buildSettings = {
				ALWAYS_SEARCH_USER_PATHS = NO;
				CLANG_ANALYZER_NONNULL = YES;
				CLANG_CXX_LANGUAGE_STANDARD = "gnu++0x";
				CLANG_CXX_LIBRARY = "libc++";
				CLANG_ENABLE_MODULES = YES;
				CLANG_ENABLE_OBJC_ARC = YES;
				CLANG_WARN_BOOL_CONVERSION = YES;
				CLANG_WARN_CONSTANT_CONVERSION = YES;
				CLANG_WARN_DIRECT_OBJC_ISA_USAGE = YES_ERROR;
				CLANG_WARN_EMPTY_BODY = YES;
				CLANG_WARN_ENUM_CONVERSION = YES;
				CLANG_WARN_INT_CONVERSION = YES;
				CLANG_WARN_OBJC_ROOT_CLASS = YES_ERROR;
				CLANG_WARN_UNREACHABLE_CODE = YES;
				CLANG_WARN__DUPLICATE_METHOD_MATCH = YES;
				"CODE_SIGN_IDENTITY[sdk=iphoneos*]" = "iPhone Developer";
				COPY_PHASE_STRIP = NO;
				DEBUG_INFORMATION_FORMAT = "dwarf-with-dsym";
				ENABLE_NS_ASSERTIONS = NO;
				ENABLE_STRICT_OBJC_MSGSEND = YES;
				GCC_C_LANGUAGE_STANDARD = gnu99;
				GCC_NO_COMMON_BLOCKS = YES;
				GCC_WARN_64_TO_32_BIT_CONVERSION = YES;
				GCC_WARN_ABOUT_RETURN_TYPE = YES_ERROR;
				GCC_WARN_UNDECLARED_SELECTOR = YES;
				GCC_WARN_UNINITIALIZED_AUTOS = YES_AGGRESSIVE;
				GCC_WARN_UNUSED_FUNCTION = YES;
				GCC_WARN_UNUSED_VARIABLE = YES;
				IPHONEOS_DEPLOYMENT_TARGET = 8.0;
				MTL_ENABLE_DEBUG_INFO = NO;
				SDKROOT = iphoneos;
				TARGETED_DEVICE_FAMILY = "1,2";
				VALIDATE_PRODUCT = YES;
			};
			name = Release;
		};
		6BD8EF421D1D73510094BE95 /* Debug */ = {
			isa = XCBuildConfiguration;
			baseConfigurationReference = 76097425B85D526316D2EF58 /* Pods-CCIP.debug.xcconfig */;
			buildSettings = {
				ASSETCATALOG_COMPILER_APPICON_NAME = AppIcon;
				CODE_SIGN_ENTITLEMENTS = "";
				CODE_SIGN_IDENTITY = "iPhone Developer";
				"CODE_SIGN_IDENTITY[sdk=iphoneos*]" = "iPhone Developer";
				INFOPLIST_FILE = CCIP/Info.plist;
				LD_RUNPATH_SEARCH_PATHS = "$(inherited) @executable_path/Frameworks";
				PRODUCT_BUNDLE_IDENTIFIER = "org.coscup.CCIP-iOS-Dev";
				PRODUCT_NAME = "$(TARGET_NAME)";
				PROVISIONING_PROFILE = "";
				TARGETED_DEVICE_FAMILY = 1;
			};
			name = Debug;
		};
		6BD8EF431D1D73510094BE95 /* Release */ = {
			isa = XCBuildConfiguration;
			baseConfigurationReference = 1E39488D2E9378322A78E57B /* Pods-CCIP.release.xcconfig */;
			buildSettings = {
				ASSETCATALOG_COMPILER_APPICON_NAME = AppIcon;
				CODE_SIGN_ENTITLEMENTS = "";
				CODE_SIGN_IDENTITY = "iPhone Developer";
				"CODE_SIGN_IDENTITY[sdk=iphoneos*]" = "iPhone Developer";
				INFOPLIST_FILE = CCIP/Info.plist;
				LD_RUNPATH_SEARCH_PATHS = "$(inherited) @executable_path/Frameworks";
				PRODUCT_BUNDLE_IDENTIFIER = "org.coscup.CCIP-iOS-Dev";
				PRODUCT_NAME = "$(TARGET_NAME)";
				PROVISIONING_PROFILE = "";
				TARGETED_DEVICE_FAMILY = 1;
			};
			name = Release;
		};
/* End XCBuildConfiguration section */

/* Begin XCConfigurationList section */
		6BD8EF221D1D73510094BE95 /* Build configuration list for PBXProject "CCIP" */ = {
			isa = XCConfigurationList;
			buildConfigurations = (
				6BD8EF3F1D1D73510094BE95 /* Debug */,
				6BD8EF401D1D73510094BE95 /* Release */,
			);
			defaultConfigurationIsVisible = 0;
			defaultConfigurationName = Release;
		};
		6BD8EF411D1D73510094BE95 /* Build configuration list for PBXNativeTarget "CCIP" */ = {
			isa = XCConfigurationList;
			buildConfigurations = (
				6BD8EF421D1D73510094BE95 /* Debug */,
				6BD8EF431D1D73510094BE95 /* Release */,
			);
			defaultConfigurationIsVisible = 0;
			defaultConfigurationName = Release;
		};
/* End XCConfigurationList section */
	};
	rootObject = 6BD8EF1F1D1D73510094BE95 /* Project object */;
}
