// !$*UTF8*$!
{
	archiveVersion = 1;
	classes = {
	};
	objectVersion = 46;
	objects = {

/* Begin PBXBuildFile section */
		285C4C571D1E00A50040E628 /* DetailViewController.m in Sources */ = {isa = PBXBuildFile; fileRef = 285C4C561D1E00A50040E628 /* DetailViewController.m */; };
		5F67CE181D1EB54200B9DAA9 /* GoogleService-Info.plist in Resources */ = {isa = PBXBuildFile; fileRef = 5F67CE171D1EB54200B9DAA9 /* GoogleService-Info.plist */; };
		6B1C6A151D1D843E003C4865 /* MYCrypto.framework in Frameworks */ = {isa = PBXBuildFile; fileRef = 6B1C6A0C1D1D8422003C4865 /* MYCrypto.framework */; };
		6B1C6A161D1D843E003C4865 /* MYCrypto.framework in Embed Frameworks */ = {isa = PBXBuildFile; fileRef = 6B1C6A0C1D1D8422003C4865 /* MYCrypto.framework */; settings = {ATTRIBUTES = (CodeSignOnCopy, RemoveHeadersOnCopy, ); }; };
		6B1C6A191D1D843F003C4865 /* GatewayWebService.framework in Frameworks */ = {isa = PBXBuildFile; fileRef = 6B1C6A001D1D8330003C4865 /* GatewayWebService.framework */; };
		6B1C6A1A1D1D843F003C4865 /* GatewayWebService.framework in Embed Frameworks */ = {isa = PBXBuildFile; fileRef = 6B1C6A001D1D8330003C4865 /* GatewayWebService.framework */; settings = {ATTRIBUTES = (CodeSignOnCopy, RemoveHeadersOnCopy, ); }; };
		6B53C6461D1ED5BE00EA8012 /* CheckinViewController.xib in Resources */ = {isa = PBXBuildFile; fileRef = 6B53C6441D1ED5BE00EA8012 /* CheckinViewController.xib */; };
		6B53C65B1D1ED5CC00EA8012 /* StatusViewController.xib in Resources */ = {isa = PBXBuildFile; fileRef = 6B53C6591D1ED5CC00EA8012 /* StatusViewController.xib */; };
		6B53C6601D1ED5EB00EA8012 /* InvalidNetworkMessageViewController.xib in Resources */ = {isa = PBXBuildFile; fileRef = 6B53C65E1D1ED5EB00EA8012 /* InvalidNetworkMessageViewController.xib */; };
		6B6ADB811D1D87230008AC84 /* CommonCrypto.framework in Frameworks */ = {isa = PBXBuildFile; fileRef = 6B6ADB721D1D87190008AC84 /* CommonCrypto.framework */; };
		6B6ADB821D1D87230008AC84 /* CommonCrypto.framework in Embed Frameworks */ = {isa = PBXBuildFile; fileRef = 6B6ADB721D1D87190008AC84 /* CommonCrypto.framework */; settings = {ATTRIBUTES = (CodeSignOnCopy, RemoveHeadersOnCopy, ); }; };
		6B7142B01D1DB9820024EA45 /* MasterViewController.m in Sources */ = {isa = PBXBuildFile; fileRef = 6B7142AF1D1DB9820024EA45 /* MasterViewController.m */; };
		6B7142B61D1DBAFB0024EA45 /* scenarioCell.m in Sources */ = {isa = PBXBuildFile; fileRef = 6B7142B41D1DBAFB0024EA45 /* scenarioCell.m */; };
		6B7142B71D1DBAFB0024EA45 /* scenarioCell.xib in Resources */ = {isa = PBXBuildFile; fileRef = 6B7142B51D1DBAFB0024EA45 /* scenarioCell.xib */; };
		6BA1A5221D1EFBDC00D5924C /* StatusView.m in Sources */ = {isa = PBXBuildFile; fileRef = 6BA1A5211D1EFBDC00D5924C /* StatusView.m */; };
		6BA1A5251D1EFBE700D5924C /* CheckinView.m in Sources */ = {isa = PBXBuildFile; fileRef = 6BA1A5241D1EFBE700D5924C /* CheckinView.m */; };
		6BA1A5281D1EFBF100D5924C /* InvalidNetworkMessageView.m in Sources */ = {isa = PBXBuildFile; fileRef = 6BA1A5271D1EFBF100D5924C /* InvalidNetworkMessageView.m */; };
		6BD8EF2C1D1D73510094BE95 /* main.m in Sources */ = {isa = PBXBuildFile; fileRef = 6BD8EF2B1D1D73510094BE95 /* main.m */; };
		6BD8EF2F1D1D73510094BE95 /* AppDelegate.m in Sources */ = {isa = PBXBuildFile; fileRef = 6BD8EF2E1D1D73510094BE95 /* AppDelegate.m */; };
		6BD8EF3A1D1D73510094BE95 /* Assets.xcassets in Resources */ = {isa = PBXBuildFile; fileRef = 6BD8EF391D1D73510094BE95 /* Assets.xcassets */; };
		6BD8EF3D1D1D73510094BE95 /* LaunchScreen.storyboard in Resources */ = {isa = PBXBuildFile; fileRef = 6BD8EF3B1D1D73510094BE95 /* LaunchScreen.storyboard */; };
		D5720777B8AA54B5CE34467A /* Pods_CCIP.framework in Frameworks */ = {isa = PBXBuildFile; fileRef = 87CA176D8DB3A92497387928 /* Pods_CCIP.framework */; };
/* End PBXBuildFile section */

/* Begin PBXContainerItemProxy section */
		6B1C69FF1D1D8330003C4865 /* PBXContainerItemProxy */ = {
			isa = PBXContainerItemProxy;
			containerPortal = 6B1C69FA1D1D832F003C4865 /* GatewayWebService.xcodeproj */;
			proxyType = 2;
			remoteGlobalIDString = 6B3F0D3D1B16B3E000E770D3;
			remoteInfo = GatewayWebService;
		};
		6B1C6A011D1D8330003C4865 /* PBXContainerItemProxy */ = {
			isa = PBXContainerItemProxy;
			containerPortal = 6B1C69FA1D1D832F003C4865 /* GatewayWebService.xcodeproj */;
			proxyType = 2;
			remoteGlobalIDString = 6B3F0D471B16B3E000E770D3;
			remoteInfo = GatewayWebServiceTests;
		};
		6B1C6A0B1D1D8422003C4865 /* PBXContainerItemProxy */ = {
			isa = PBXContainerItemProxy;
			containerPortal = 6B1C6A031D1D8422003C4865 /* MYCrypto.xcodeproj */;
			proxyType = 2;
			remoteGlobalIDString = 6BCF46D41C60346C005D6CD1;
			remoteInfo = MYCrypto;
		};
		6B1C6A0D1D1D8422003C4865 /* PBXContainerItemProxy */ = {
			isa = PBXContainerItemProxy;
			containerPortal = 6B1C6A031D1D8422003C4865 /* MYCrypto.xcodeproj */;
			proxyType = 2;
			remoteGlobalIDString = 2706F1AB0F9D3C5F00292CCF;
			remoteInfo = "Static Lib";
		};
		6B1C6A0F1D1D8422003C4865 /* PBXContainerItemProxy */ = {
			isa = PBXContainerItemProxy;
			containerPortal = 6B1C6A031D1D8422003C4865 /* MYCrypto.xcodeproj */;
			proxyType = 2;
			remoteGlobalIDString = 27552D8E112C68E6006C2C7C;
			remoteInfo = "iPhone Static Lib";
		};
		6B1C6A111D1D8422003C4865 /* PBXContainerItemProxy */ = {
			isa = PBXContainerItemProxy;
			containerPortal = 6B1C6A031D1D8422003C4865 /* MYCrypto.xcodeproj */;
			proxyType = 2;
			remoteGlobalIDString = 8DD76FA10486AA7600D96B5E;
			remoteInfo = Tests;
		};
		6B1C6A131D1D8422003C4865 /* PBXContainerItemProxy */ = {
			isa = PBXContainerItemProxy;
			containerPortal = 6B1C6A031D1D8422003C4865 /* MYCrypto.xcodeproj */;
			proxyType = 2;
			remoteGlobalIDString = 27552F34112DA2B8006C2C7C;
			remoteInfo = "iPhone Tests";
		};
		6B1C6A1B1D1D843F003C4865 /* PBXContainerItemProxy */ = {
			isa = PBXContainerItemProxy;
			containerPortal = 6B1C69FA1D1D832F003C4865 /* GatewayWebService.xcodeproj */;
			proxyType = 1;
			remoteGlobalIDString = 6B3F0D3C1B16B3E000E770D3;
			remoteInfo = GatewayWebService;
		};
		6B6ADB6B1D1D87190008AC84 /* PBXContainerItemProxy */ = {
			isa = PBXContainerItemProxy;
			containerPortal = 6B6ADB5D1D1D87190008AC84 /* Crypto.xcodeproj */;
			proxyType = 2;
			remoteGlobalIDString = 211216831AE68D26004E1CE6;
			remoteInfo = "CommonCrypto-OSX";
		};
		6B6ADB6D1D1D87190008AC84 /* PBXContainerItemProxy */ = {
			isa = PBXContainerItemProxy;
			containerPortal = 6B6ADB5D1D1D87190008AC84 /* Crypto.xcodeproj */;
			proxyType = 2;
			remoteGlobalIDString = 2112163D1AE68AD2004E1CE6;
			remoteInfo = "Crypto-OSX";
		};
		6B6ADB6F1D1D87190008AC84 /* PBXContainerItemProxy */ = {
			isa = PBXContainerItemProxy;
			containerPortal = 6B6ADB5D1D1D87190008AC84 /* Crypto.xcodeproj */;
			proxyType = 2;
			remoteGlobalIDString = 211216481AE68AD3004E1CE6;
			remoteInfo = "CryptoTests-OSX";
		};
		6B6ADB711D1D87190008AC84 /* PBXContainerItemProxy */ = {
			isa = PBXContainerItemProxy;
			containerPortal = 6B6ADB5D1D1D87190008AC84 /* Crypto.xcodeproj */;
			proxyType = 2;
			remoteGlobalIDString = 216CAE341AE6B273009A69EF;
			remoteInfo = "CommonCrypto-iOS";
		};
		6B6ADB731D1D87190008AC84 /* PBXContainerItemProxy */ = {
			isa = PBXContainerItemProxy;
			containerPortal = 6B6ADB5D1D1D87190008AC84 /* Crypto.xcodeproj */;
			proxyType = 2;
			remoteGlobalIDString = 21FD8C5B1AE6B03F008DCDBA;
			remoteInfo = "Crypto-iOS";
		};
		6B6ADB751D1D87190008AC84 /* PBXContainerItemProxy */ = {
			isa = PBXContainerItemProxy;
			containerPortal = 6B6ADB5D1D1D87190008AC84 /* Crypto.xcodeproj */;
			proxyType = 2;
			remoteGlobalIDString = 21FD8C651AE6B03F008DCDBA;
			remoteInfo = "CryptoTests-iOS";
		};
		6B6ADB771D1D87190008AC84 /* PBXContainerItemProxy */ = {
			isa = PBXContainerItemProxy;
			containerPortal = 6B6ADB5D1D1D87190008AC84 /* Crypto.xcodeproj */;
			proxyType = 2;
			remoteGlobalIDString = 804503281BA209F6002A5470;
			remoteInfo = "CommonCrypto-watchOS";
		};
		6B6ADB791D1D87190008AC84 /* PBXContainerItemProxy */ = {
			isa = PBXContainerItemProxy;
			containerPortal = 6B6ADB5D1D1D87190008AC84 /* Crypto.xcodeproj */;
			proxyType = 2;
			remoteGlobalIDString = 804503371BA20F37002A5470;
			remoteInfo = "Crypto-watchOS";
		};
		6B6ADB7B1D1D87190008AC84 /* PBXContainerItemProxy */ = {
			isa = PBXContainerItemProxy;
			containerPortal = 6B6ADB5D1D1D87190008AC84 /* Crypto.xcodeproj */;
			proxyType = 2;
			remoteGlobalIDString = 80098A511C12E5890029C530;
			remoteInfo = "CommonCrypto-tvOS";
		};
		6B6ADB7D1D1D87190008AC84 /* PBXContainerItemProxy */ = {
			isa = PBXContainerItemProxy;
			containerPortal = 6B6ADB5D1D1D87190008AC84 /* Crypto.xcodeproj */;
			proxyType = 2;
			remoteGlobalIDString = 80098A6F1C12E87D0029C530;
			remoteInfo = "Crypto-tvOS";
		};
		6B6ADB7F1D1D87190008AC84 /* PBXContainerItemProxy */ = {
			isa = PBXContainerItemProxy;
			containerPortal = 6B6ADB5D1D1D87190008AC84 /* Crypto.xcodeproj */;
			proxyType = 2;
			remoteGlobalIDString = 80098A781C12E87D0029C530;
			remoteInfo = "CryptoTests-tvOS";
		};
		6B6ADB831D1D87230008AC84 /* PBXContainerItemProxy */ = {
			isa = PBXContainerItemProxy;
			containerPortal = 6B6ADB5D1D1D87190008AC84 /* Crypto.xcodeproj */;
			proxyType = 1;
			remoteGlobalIDString = 216CAE331AE6B273009A69EF;
			remoteInfo = "CommonCrypto-iOS";
		};
/* End PBXContainerItemProxy section */

/* Begin PBXCopyFilesBuildPhase section */
		6B1C6A1D1D1D843F003C4865 /* Embed Frameworks */ = {
			isa = PBXCopyFilesBuildPhase;
			buildActionMask = 2147483647;
			dstPath = "";
			dstSubfolderSpec = 10;
			files = (
				6B1C6A1A1D1D843F003C4865 /* GatewayWebService.framework in Embed Frameworks */,
				6B6ADB821D1D87230008AC84 /* CommonCrypto.framework in Embed Frameworks */,
				6B1C6A161D1D843E003C4865 /* MYCrypto.framework in Embed Frameworks */,
			);
			name = "Embed Frameworks";
			runOnlyForDeploymentPostprocessing = 0;
		};
/* End PBXCopyFilesBuildPhase section */

/* Begin PBXFileReference section */
		1E39488D2E9378322A78E57B /* Pods-CCIP.release.xcconfig */ = {isa = PBXFileReference; includeInIndex = 1; lastKnownFileType = text.xcconfig; name = "Pods-CCIP.release.xcconfig"; path = "Pods/Target Support Files/Pods-CCIP/Pods-CCIP.release.xcconfig"; sourceTree = "<group>"; };
		285C4C551D1E00A50040E628 /* DetailViewController.h */ = {isa = PBXFileReference; fileEncoding = 4; lastKnownFileType = sourcecode.c.h; path = DetailViewController.h; sourceTree = "<group>"; };
		285C4C561D1E00A50040E628 /* DetailViewController.m */ = {isa = PBXFileReference; fileEncoding = 4; lastKnownFileType = sourcecode.c.objc; path = DetailViewController.m; sourceTree = "<group>"; };
		5F67CE171D1EB54200B9DAA9 /* GoogleService-Info.plist */ = {isa = PBXFileReference; fileEncoding = 4; lastKnownFileType = text.plist.xml; path = "GoogleService-Info.plist"; sourceTree = "<group>"; };
		6B1C69FA1D1D832F003C4865 /* GatewayWebService.xcodeproj */ = {isa = PBXFileReference; lastKnownFileType = "wrapper.pb-project"; name = GatewayWebService.xcodeproj; path = ../GatewayWebService/GatewayWebService.xcodeproj; sourceTree = "<group>"; };
		6B1C6A031D1D8422003C4865 /* MYCrypto.xcodeproj */ = {isa = PBXFileReference; lastKnownFileType = "wrapper.pb-project"; name = MYCrypto.xcodeproj; path = ../MYCrypto/MYCrypto.xcodeproj; sourceTree = "<group>"; };
		6B4637151D1E89BA001A44B2 /* CCIP.entitlements */ = {isa = PBXFileReference; lastKnownFileType = text.xml; path = CCIP.entitlements; sourceTree = "<group>"; };
		6B53C6441D1ED5BE00EA8012 /* CheckinViewController.xib */ = {isa = PBXFileReference; fileEncoding = 4; lastKnownFileType = file.xib; path = CheckinViewController.xib; sourceTree = "<group>"; };
		6B53C6591D1ED5CC00EA8012 /* StatusViewController.xib */ = {isa = PBXFileReference; fileEncoding = 4; lastKnownFileType = file.xib; path = StatusViewController.xib; sourceTree = "<group>"; };
		6B53C65E1D1ED5EB00EA8012 /* InvalidNetworkMessageViewController.xib */ = {isa = PBXFileReference; fileEncoding = 4; lastKnownFileType = file.xib; path = InvalidNetworkMessageViewController.xib; sourceTree = "<group>"; };
		6B6ADB5D1D1D87190008AC84 /* Crypto.xcodeproj */ = {isa = PBXFileReference; lastKnownFileType = "wrapper.pb-project"; name = Crypto.xcodeproj; path = ../Crypto/Crypto.xcodeproj; sourceTree = "<group>"; };
		6B7142AE1D1DB9820024EA45 /* MasterViewController.h */ = {isa = PBXFileReference; fileEncoding = 4; lastKnownFileType = sourcecode.c.h; path = MasterViewController.h; sourceTree = "<group>"; };
		6B7142AF1D1DB9820024EA45 /* MasterViewController.m */ = {isa = PBXFileReference; fileEncoding = 4; lastKnownFileType = sourcecode.c.objc; path = MasterViewController.m; sourceTree = "<group>"; };
		6B7142B31D1DBAFB0024EA45 /* scenarioCell.h */ = {isa = PBXFileReference; fileEncoding = 4; lastKnownFileType = sourcecode.c.h; path = scenarioCell.h; sourceTree = "<group>"; };
		6B7142B41D1DBAFB0024EA45 /* scenarioCell.m */ = {isa = PBXFileReference; fileEncoding = 4; lastKnownFileType = sourcecode.c.objc; path = scenarioCell.m; sourceTree = "<group>"; };
		6B7142B51D1DBAFB0024EA45 /* scenarioCell.xib */ = {isa = PBXFileReference; fileEncoding = 4; lastKnownFileType = file.xib; path = scenarioCell.xib; sourceTree = "<group>"; };
		6BA1A5201D1EFBDC00D5924C /* StatusView.h */ = {isa = PBXFileReference; fileEncoding = 4; lastKnownFileType = sourcecode.c.h; path = StatusView.h; sourceTree = "<group>"; };
		6BA1A5211D1EFBDC00D5924C /* StatusView.m */ = {isa = PBXFileReference; fileEncoding = 4; lastKnownFileType = sourcecode.c.objc; path = StatusView.m; sourceTree = "<group>"; };
		6BA1A5231D1EFBE700D5924C /* CheckinView.h */ = {isa = PBXFileReference; fileEncoding = 4; lastKnownFileType = sourcecode.c.h; path = CheckinView.h; sourceTree = "<group>"; };
		6BA1A5241D1EFBE700D5924C /* CheckinView.m */ = {isa = PBXFileReference; fileEncoding = 4; lastKnownFileType = sourcecode.c.objc; path = CheckinView.m; sourceTree = "<group>"; };
		6BA1A5261D1EFBF100D5924C /* InvalidNetworkMessageView.h */ = {isa = PBXFileReference; fileEncoding = 4; lastKnownFileType = sourcecode.c.h; path = InvalidNetworkMessageView.h; sourceTree = "<group>"; };
		6BA1A5271D1EFBF100D5924C /* InvalidNetworkMessageView.m */ = {isa = PBXFileReference; fileEncoding = 4; lastKnownFileType = sourcecode.c.objc; path = InvalidNetworkMessageView.m; sourceTree = "<group>"; };
		6BD8EF271D1D73510094BE95 /* CCIP.app */ = {isa = PBXFileReference; explicitFileType = wrapper.application; includeInIndex = 0; path = CCIP.app; sourceTree = BUILT_PRODUCTS_DIR; };
		6BD8EF2B1D1D73510094BE95 /* main.m */ = {isa = PBXFileReference; lastKnownFileType = sourcecode.c.objc; path = main.m; sourceTree = "<group>"; };
		6BD8EF2D1D1D73510094BE95 /* AppDelegate.h */ = {isa = PBXFileReference; lastKnownFileType = sourcecode.c.h; path = AppDelegate.h; sourceTree = "<group>"; };
		6BD8EF2E1D1D73510094BE95 /* AppDelegate.m */ = {isa = PBXFileReference; lastKnownFileType = sourcecode.c.objc; path = AppDelegate.m; sourceTree = "<group>"; };
		6BD8EF391D1D73510094BE95 /* Assets.xcassets */ = {isa = PBXFileReference; lastKnownFileType = folder.assetcatalog; path = Assets.xcassets; sourceTree = "<group>"; };
		6BD8EF3C1D1D73510094BE95 /* Base */ = {isa = PBXFileReference; lastKnownFileType = file.storyboard; name = Base; path = Base.lproj/LaunchScreen.storyboard; sourceTree = "<group>"; };
		6BD8EF3E1D1D73510094BE95 /* Info.plist */ = {isa = PBXFileReference; lastKnownFileType = text.plist.xml; path = Info.plist; sourceTree = "<group>"; };
		76097425B85D526316D2EF58 /* Pods-CCIP.debug.xcconfig */ = {isa = PBXFileReference; includeInIndex = 1; lastKnownFileType = text.xcconfig; name = "Pods-CCIP.debug.xcconfig"; path = "Pods/Target Support Files/Pods-CCIP/Pods-CCIP.debug.xcconfig"; sourceTree = "<group>"; };
		87CA176D8DB3A92497387928 /* Pods_CCIP.framework */ = {isa = PBXFileReference; explicitFileType = wrapper.framework; includeInIndex = 0; path = Pods_CCIP.framework; sourceTree = BUILT_PRODUCTS_DIR; };
/* End PBXFileReference section */

/* Begin PBXFrameworksBuildPhase section */
		6BD8EF241D1D73510094BE95 /* Frameworks */ = {
			isa = PBXFrameworksBuildPhase;
			buildActionMask = 2147483647;
			files = (
				6B6ADB811D1D87230008AC84 /* CommonCrypto.framework in Frameworks */,
				6B1C6A151D1D843E003C4865 /* MYCrypto.framework in Frameworks */,
				6B1C6A191D1D843F003C4865 /* GatewayWebService.framework in Frameworks */,
				D5720777B8AA54B5CE34467A /* Pods_CCIP.framework in Frameworks */,
			);
			runOnlyForDeploymentPostprocessing = 0;
		};
/* End PBXFrameworksBuildPhase section */

/* Begin PBXGroup section */
		017A0FB6BC91053E5BA17E51 /* Pods */ = {
			isa = PBXGroup;
			children = (
				76097425B85D526316D2EF58 /* Pods-CCIP.debug.xcconfig */,
				1E39488D2E9378322A78E57B /* Pods-CCIP.release.xcconfig */,
			);
			name = Pods;
			sourceTree = "<group>";
		};
		267251DBF9C24B92F4EE80DC /* Frameworks */ = {
			isa = PBXGroup;
			children = (
				87CA176D8DB3A92497387928 /* Pods_CCIP.framework */,
			);
			name = Frameworks;
			sourceTree = "<group>";
		};
		6B1C69FB1D1D832F003C4865 /* Products */ = {
			isa = PBXGroup;
			children = (
				6B1C6A001D1D8330003C4865 /* GatewayWebService.framework */,
				6B1C6A021D1D8330003C4865 /* GatewayWebServiceTests.xctest */,
			);
			name = Products;
			sourceTree = "<group>";
		};
		6B1C6A041D1D8422003C4865 /* Products */ = {
			isa = PBXGroup;
			children = (
				6B1C6A0C1D1D8422003C4865 /* MYCrypto.framework */,
				6B1C6A0E1D1D8422003C4865 /* libMYCrypto.a */,
				6B1C6A101D1D8422003C4865 /* libMYCrypto-iPhone.a */,
				6B1C6A121D1D8422003C4865 /* MYCrypto */,
				6B1C6A141D1D8422003C4865 /* MYCryptoiPhone.app */,
			);
			name = Products;
			sourceTree = "<group>";
		};
		6B6ADB5E1D1D87190008AC84 /* Products */ = {
			isa = PBXGroup;
			children = (
				6B6ADB6C1D1D87190008AC84 /* CommonCrypto.framework */,
				6B6ADB6E1D1D87190008AC84 /* Crypto.framework */,
				6B6ADB701D1D87190008AC84 /* CryptoTests-OSX.xctest */,
				6B6ADB721D1D87190008AC84 /* CommonCrypto.framework */,
				6B6ADB741D1D87190008AC84 /* Crypto.framework */,
				6B6ADB761D1D87190008AC84 /* CryptoTests-iOS.xctest */,
				6B6ADB781D1D87190008AC84 /* CommonCrypto.framework */,
				6B6ADB7A1D1D87190008AC84 /* Crypto.framework */,
				6B6ADB7C1D1D87190008AC84 /* CommonCrypto.framework */,
				6B6ADB7E1D1D87190008AC84 /* Crypto.framework */,
				6B6ADB801D1D87190008AC84 /* CryptoTests-tvOS.xctest */,
			);
			name = Products;
			sourceTree = "<group>";
		};
		6BD8EF1E1D1D73510094BE95 = {
			isa = PBXGroup;
			children = (
				6B6ADB5D1D1D87190008AC84 /* Crypto.xcodeproj */,
				6B1C6A031D1D8422003C4865 /* MYCrypto.xcodeproj */,
				6B1C69FA1D1D832F003C4865 /* GatewayWebService.xcodeproj */,
				6BD8EF291D1D73510094BE95 /* CCIP */,
				6BD8EF2A1D1D73510094BE95 /* Supporting Files */,
				6BD8EF281D1D73510094BE95 /* Products */,
				017A0FB6BC91053E5BA17E51 /* Pods */,
				267251DBF9C24B92F4EE80DC /* Frameworks */,
			);
			sourceTree = "<group>";
		};
		6BD8EF281D1D73510094BE95 /* Products */ = {
			isa = PBXGroup;
			children = (
				6BD8EF271D1D73510094BE95 /* CCIP.app */,
			);
			name = Products;
			sourceTree = "<group>";
		};
		6BD8EF291D1D73510094BE95 /* CCIP */ = {
			isa = PBXGroup;
			children = (
				6BD8EF2D1D1D73510094BE95 /* AppDelegate.h */,
				6BD8EF2E1D1D73510094BE95 /* AppDelegate.m */,
				6B7142AE1D1DB9820024EA45 /* MasterViewController.h */,
				6B7142AF1D1DB9820024EA45 /* MasterViewController.m */,
				285C4C551D1E00A50040E628 /* DetailViewController.h */,
				285C4C561D1E00A50040E628 /* DetailViewController.m */,
				6B7142B31D1DBAFB0024EA45 /* scenarioCell.h */,
				6B7142B41D1DBAFB0024EA45 /* scenarioCell.m */,
				6B7142B51D1DBAFB0024EA45 /* scenarioCell.xib */,
				6BA1A5261D1EFBF100D5924C /* InvalidNetworkMessageView.h */,
				6BA1A5271D1EFBF100D5924C /* InvalidNetworkMessageView.m */,
				6B53C65E1D1ED5EB00EA8012 /* InvalidNetworkMessageViewController.xib */,
				6BA1A5231D1EFBE700D5924C /* CheckinView.h */,
				6BA1A5241D1EFBE700D5924C /* CheckinView.m */,
				6B53C6441D1ED5BE00EA8012 /* CheckinViewController.xib */,
				6BA1A5201D1EFBDC00D5924C /* StatusView.h */,
				6BA1A5211D1EFBDC00D5924C /* StatusView.m */,
				6B53C6591D1ED5CC00EA8012 /* StatusViewController.xib */,
			);
			path = CCIP;
			sourceTree = "<group>";
		};
		6BD8EF2A1D1D73510094BE95 /* Supporting Files */ = {
			isa = PBXGroup;
			children = (
				6BD8EF391D1D73510094BE95 /* Assets.xcassets */,
				6B4637151D1E89BA001A44B2 /* CCIP.entitlements */,
				5F67CE171D1EB54200B9DAA9 /* GoogleService-Info.plist */,
				6BD8EF3E1D1D73510094BE95 /* Info.plist */,
				6BD8EF3B1D1D73510094BE95 /* LaunchScreen.storyboard */,
				6BD8EF2B1D1D73510094BE95 /* main.m */,
			);
			name = "Supporting Files";
			path = CCIP;
			sourceTree = "<group>";
		};
/* End PBXGroup section */

/* Begin PBXNativeTarget section */
		6BD8EF261D1D73510094BE95 /* CCIP */ = {
			isa = PBXNativeTarget;
			buildConfigurationList = 6BD8EF411D1D73510094BE95 /* Build configuration list for PBXNativeTarget "CCIP" */;
			buildPhases = (
				6DC9628D542EE187EC109AD3 /* [CP] Check Pods Manifest.lock */,
				6BD8EF231D1D73510094BE95 /* Sources */,
				6BD8EF241D1D73510094BE95 /* Frameworks */,
				6BD8EF251D1D73510094BE95 /* Resources */,
				D87513F49D444A0840CAF6A2 /* [CP] Embed Pods Frameworks */,
				75BF4F97DFA01FBB90E2B98A /* [CP] Copy Pods Resources */,
				6B1C6A1D1D1D843F003C4865 /* Embed Frameworks */,
			);
			buildRules = (
			);
			dependencies = (
				6B1C6A1C1D1D843F003C4865 /* PBXTargetDependency */,
				6B6ADB841D1D87230008AC84 /* PBXTargetDependency */,
			);
			name = CCIP;
			productName = CCIP;
			productReference = 6BD8EF271D1D73510094BE95 /* CCIP.app */;
			productType = "com.apple.product-type.application";
		};
/* End PBXNativeTarget section */

/* Begin PBXProject section */
		6BD8EF1F1D1D73510094BE95 /* Project object */ = {
			isa = PBXProject;
			attributes = {
				LastUpgradeCheck = 0730;
				ORGANIZATIONNAME = CPRTeam;
				TargetAttributes = {
					6BD8EF261D1D73510094BE95 = {
						CreatedOnToolsVersion = 7.3.1;
						DevelopmentTeam = H2LA3QW9Y2;
						DevelopmentTeamName = "Koo Foundation Sun Yat-Sen Cancer Center";
						ProvisioningStyle = Automatic;
						SystemCapabilities = {
							com.apple.Push = {
								enabled = 1;
							};
						};
					};
				};
			};
			buildConfigurationList = 6BD8EF221D1D73510094BE95 /* Build configuration list for PBXProject "CCIP" */;
			compatibilityVersion = "Xcode 3.2";
			developmentRegion = English;
			hasScannedForEncodings = 0;
			knownRegions = (
				en,
				Base,
			);
			mainGroup = 6BD8EF1E1D1D73510094BE95;
			productRefGroup = 6BD8EF281D1D73510094BE95 /* Products */;
			projectDirPath = "";
			projectReferences = (
				{
					ProductGroup = 6B6ADB5E1D1D87190008AC84 /* Products */;
					ProjectRef = 6B6ADB5D1D1D87190008AC84 /* Crypto.xcodeproj */;
				},
				{
					ProductGroup = 6B1C69FB1D1D832F003C4865 /* Products */;
					ProjectRef = 6B1C69FA1D1D832F003C4865 /* GatewayWebService.xcodeproj */;
				},
				{
					ProductGroup = 6B1C6A041D1D8422003C4865 /* Products */;
					ProjectRef = 6B1C6A031D1D8422003C4865 /* MYCrypto.xcodeproj */;
				},
			);
			projectRoot = "";
			targets = (
				6BD8EF261D1D73510094BE95 /* CCIP */,
			);
		};
/* End PBXProject section */

/* Begin PBXReferenceProxy section */
		6B1C6A001D1D8330003C4865 /* GatewayWebService.framework */ = {
			isa = PBXReferenceProxy;
			fileType = wrapper.framework;
			path = GatewayWebService.framework;
			remoteRef = 6B1C69FF1D1D8330003C4865 /* PBXContainerItemProxy */;
			sourceTree = BUILT_PRODUCTS_DIR;
		};
		6B1C6A021D1D8330003C4865 /* GatewayWebServiceTests.xctest */ = {
			isa = PBXReferenceProxy;
			fileType = wrapper.cfbundle;
			path = GatewayWebServiceTests.xctest;
			remoteRef = 6B1C6A011D1D8330003C4865 /* PBXContainerItemProxy */;
			sourceTree = BUILT_PRODUCTS_DIR;
		};
		6B1C6A0C1D1D8422003C4865 /* MYCrypto.framework */ = {
			isa = PBXReferenceProxy;
			fileType = wrapper.framework;
			path = MYCrypto.framework;
			remoteRef = 6B1C6A0B1D1D8422003C4865 /* PBXContainerItemProxy */;
			sourceTree = BUILT_PRODUCTS_DIR;
		};
		6B1C6A0E1D1D8422003C4865 /* libMYCrypto.a */ = {
			isa = PBXReferenceProxy;
			fileType = archive.ar;
			path = libMYCrypto.a;
			remoteRef = 6B1C6A0D1D1D8422003C4865 /* PBXContainerItemProxy */;
			sourceTree = BUILT_PRODUCTS_DIR;
		};
		6B1C6A101D1D8422003C4865 /* libMYCrypto-iPhone.a */ = {
			isa = PBXReferenceProxy;
			fileType = archive.ar;
			path = "libMYCrypto-iPhone.a";
			remoteRef = 6B1C6A0F1D1D8422003C4865 /* PBXContainerItemProxy */;
			sourceTree = BUILT_PRODUCTS_DIR;
		};
		6B1C6A121D1D8422003C4865 /* MYCrypto */ = {
			isa = PBXReferenceProxy;
			fileType = "compiled.mach-o.executable";
			path = MYCrypto;
			remoteRef = 6B1C6A111D1D8422003C4865 /* PBXContainerItemProxy */;
			sourceTree = BUILT_PRODUCTS_DIR;
		};
		6B1C6A141D1D8422003C4865 /* MYCryptoiPhone.app */ = {
			isa = PBXReferenceProxy;
			fileType = wrapper.application;
			path = MYCryptoiPhone.app;
			remoteRef = 6B1C6A131D1D8422003C4865 /* PBXContainerItemProxy */;
			sourceTree = BUILT_PRODUCTS_DIR;
		};
		6B6ADB6C1D1D87190008AC84 /* CommonCrypto.framework */ = {
			isa = PBXReferenceProxy;
			fileType = wrapper.framework;
			path = CommonCrypto.framework;
			remoteRef = 6B6ADB6B1D1D87190008AC84 /* PBXContainerItemProxy */;
			sourceTree = BUILT_PRODUCTS_DIR;
		};
		6B6ADB6E1D1D87190008AC84 /* Crypto.framework */ = {
			isa = PBXReferenceProxy;
			fileType = wrapper.framework;
			path = Crypto.framework;
			remoteRef = 6B6ADB6D1D1D87190008AC84 /* PBXContainerItemProxy */;
			sourceTree = BUILT_PRODUCTS_DIR;
		};
		6B6ADB701D1D87190008AC84 /* CryptoTests-OSX.xctest */ = {
			isa = PBXReferenceProxy;
			fileType = wrapper.cfbundle;
			path = "CryptoTests-OSX.xctest";
			remoteRef = 6B6ADB6F1D1D87190008AC84 /* PBXContainerItemProxy */;
			sourceTree = BUILT_PRODUCTS_DIR;
		};
		6B6ADB721D1D87190008AC84 /* CommonCrypto.framework */ = {
			isa = PBXReferenceProxy;
			fileType = wrapper.framework;
			path = CommonCrypto.framework;
			remoteRef = 6B6ADB711D1D87190008AC84 /* PBXContainerItemProxy */;
			sourceTree = BUILT_PRODUCTS_DIR;
		};
		6B6ADB741D1D87190008AC84 /* Crypto.framework */ = {
			isa = PBXReferenceProxy;
			fileType = wrapper.framework;
			path = Crypto.framework;
			remoteRef = 6B6ADB731D1D87190008AC84 /* PBXContainerItemProxy */;
			sourceTree = BUILT_PRODUCTS_DIR;
		};
		6B6ADB761D1D87190008AC84 /* CryptoTests-iOS.xctest */ = {
			isa = PBXReferenceProxy;
			fileType = wrapper.cfbundle;
			path = "CryptoTests-iOS.xctest";
			remoteRef = 6B6ADB751D1D87190008AC84 /* PBXContainerItemProxy */;
			sourceTree = BUILT_PRODUCTS_DIR;
		};
		6B6ADB781D1D87190008AC84 /* CommonCrypto.framework */ = {
			isa = PBXReferenceProxy;
			fileType = wrapper.framework;
			path = CommonCrypto.framework;
			remoteRef = 6B6ADB771D1D87190008AC84 /* PBXContainerItemProxy */;
			sourceTree = BUILT_PRODUCTS_DIR;
		};
		6B6ADB7A1D1D87190008AC84 /* Crypto.framework */ = {
			isa = PBXReferenceProxy;
			fileType = wrapper.framework;
			path = Crypto.framework;
			remoteRef = 6B6ADB791D1D87190008AC84 /* PBXContainerItemProxy */;
			sourceTree = BUILT_PRODUCTS_DIR;
		};
		6B6ADB7C1D1D87190008AC84 /* CommonCrypto.framework */ = {
			isa = PBXReferenceProxy;
			fileType = wrapper.framework;
			path = CommonCrypto.framework;
			remoteRef = 6B6ADB7B1D1D87190008AC84 /* PBXContainerItemProxy */;
			sourceTree = BUILT_PRODUCTS_DIR;
		};
		6B6ADB7E1D1D87190008AC84 /* Crypto.framework */ = {
			isa = PBXReferenceProxy;
			fileType = wrapper.framework;
			path = Crypto.framework;
			remoteRef = 6B6ADB7D1D1D87190008AC84 /* PBXContainerItemProxy */;
			sourceTree = BUILT_PRODUCTS_DIR;
		};
		6B6ADB801D1D87190008AC84 /* CryptoTests-tvOS.xctest */ = {
			isa = PBXReferenceProxy;
			fileType = wrapper.cfbundle;
			path = "CryptoTests-tvOS.xctest";
			remoteRef = 6B6ADB7F1D1D87190008AC84 /* PBXContainerItemProxy */;
			sourceTree = BUILT_PRODUCTS_DIR;
		};
/* End PBXReferenceProxy section */

/* Begin PBXResourcesBuildPhase section */
		6BD8EF251D1D73510094BE95 /* Resources */ = {
			isa = PBXResourcesBuildPhase;
			buildActionMask = 2147483647;
			files = (
				6B53C6461D1ED5BE00EA8012 /* CheckinViewController.xib in Resources */,
				6B53C65B1D1ED5CC00EA8012 /* StatusViewController.xib in Resources */,
				6BD8EF3D1D1D73510094BE95 /* LaunchScreen.storyboard in Resources */,
				6B7142B71D1DBAFB0024EA45 /* scenarioCell.xib in Resources */,
				5F67CE181D1EB54200B9DAA9 /* GoogleService-Info.plist in Resources */,
				6B53C6601D1ED5EB00EA8012 /* InvalidNetworkMessageViewController.xib in Resources */,
				6BD8EF3A1D1D73510094BE95 /* Assets.xcassets in Resources */,
			);
			runOnlyForDeploymentPostprocessing = 0;
		};
/* End PBXResourcesBuildPhase section */

/* Begin PBXShellScriptBuildPhase section */
		6DC9628D542EE187EC109AD3 /* [CP] Check Pods Manifest.lock */ = {
			isa = PBXShellScriptBuildPhase;
			buildActionMask = 2147483647;
			files = (
			);
			inputPaths = (
			);
			name = "[CP] Check Pods Manifest.lock";
			outputPaths = (
			);
			runOnlyForDeploymentPostprocessing = 0;
			shellPath = /bin/sh;
			shellScript = "diff \"${PODS_ROOT}/../Podfile.lock\" \"${PODS_ROOT}/Manifest.lock\" > /dev/null\nif [[ $? != 0 ]] ; then\n    cat << EOM\nerror: The sandbox is not in sync with the Podfile.lock. Run 'pod install' or update your CocoaPods installation.\nEOM\n    exit 1\nfi\n";
			showEnvVarsInLog = 0;
		};
		75BF4F97DFA01FBB90E2B98A /* [CP] Copy Pods Resources */ = {
			isa = PBXShellScriptBuildPhase;
			buildActionMask = 2147483647;
			files = (
			);
			inputPaths = (
			);
			name = "[CP] Copy Pods Resources";
			outputPaths = (
			);
			runOnlyForDeploymentPostprocessing = 0;
			shellPath = /bin/sh;
			shellScript = "\"${SRCROOT}/Pods/Target Support Files/Pods-CCIP/Pods-CCIP-resources.sh\"\n";
			showEnvVarsInLog = 0;
		};
		D87513F49D444A0840CAF6A2 /* [CP] Embed Pods Frameworks */ = {
			isa = PBXShellScriptBuildPhase;
			buildActionMask = 2147483647;
			files = (
			);
			inputPaths = (
			);
			name = "[CP] Embed Pods Frameworks";
			outputPaths = (
			);
			runOnlyForDeploymentPostprocessing = 0;
			shellPath = /bin/sh;
			shellScript = "\"${SRCROOT}/Pods/Target Support Files/Pods-CCIP/Pods-CCIP-frameworks.sh\"\n";
			showEnvVarsInLog = 0;
		};
/* End PBXShellScriptBuildPhase section */

/* Begin PBXSourcesBuildPhase section */
		6BD8EF231D1D73510094BE95 /* Sources */ = {
			isa = PBXSourcesBuildPhase;
			buildActionMask = 2147483647;
			files = (
				6BA1A5281D1EFBF100D5924C /* InvalidNetworkMessageView.m in Sources */,
				6B7142B61D1DBAFB0024EA45 /* scenarioCell.m in Sources */,
				6BD8EF2F1D1D73510094BE95 /* AppDelegate.m in Sources */,
				6BD8EF2C1D1D73510094BE95 /* main.m in Sources */,
				6B7142B01D1DB9820024EA45 /* MasterViewController.m in Sources */,
				6BA1A5221D1EFBDC00D5924C /* StatusView.m in Sources */,
				285C4C571D1E00A50040E628 /* DetailViewController.m in Sources */,
				6BA1A5251D1EFBE700D5924C /* CheckinView.m in Sources */,
			);
			runOnlyForDeploymentPostprocessing = 0;
		};
/* End PBXSourcesBuildPhase section */

/* Begin PBXTargetDependency section */
		6B1C6A1C1D1D843F003C4865 /* PBXTargetDependency */ = {
			isa = PBXTargetDependency;
			name = GatewayWebService;
			targetProxy = 6B1C6A1B1D1D843F003C4865 /* PBXContainerItemProxy */;
		};
		6B6ADB841D1D87230008AC84 /* PBXTargetDependency */ = {
			isa = PBXTargetDependency;
			name = "CommonCrypto-iOS";
			targetProxy = 6B6ADB831D1D87230008AC84 /* PBXContainerItemProxy */;
		};
/* End PBXTargetDependency section */

/* Begin PBXVariantGroup section */
		6BD8EF3B1D1D73510094BE95 /* LaunchScreen.storyboard */ = {
			isa = PBXVariantGroup;
			children = (
				6BD8EF3C1D1D73510094BE95 /* Base */,
			);
			name = LaunchScreen.storyboard;
			sourceTree = "<group>";
		};
/* End PBXVariantGroup section */

/* Begin XCBuildConfiguration section */
		6BD8EF3F1D1D73510094BE95 /* Debug */ = {
			isa = XCBuildConfiguration;
			buildSettings = {
				ALWAYS_SEARCH_USER_PATHS = NO;
				CLANG_ANALYZER_NONNULL = YES;
				CLANG_CXX_LANGUAGE_STANDARD = "gnu++0x";
				CLANG_CXX_LIBRARY = "libc++";
				CLANG_ENABLE_MODULES = YES;
				CLANG_ENABLE_OBJC_ARC = YES;
				CLANG_WARN_BOOL_CONVERSION = YES;
				CLANG_WARN_CONSTANT_CONVERSION = YES;
				CLANG_WARN_DIRECT_OBJC_ISA_USAGE = YES_ERROR;
				CLANG_WARN_EMPTY_BODY = YES;
				CLANG_WARN_ENUM_CONVERSION = YES;
				CLANG_WARN_INT_CONVERSION = YES;
				CLANG_WARN_OBJC_ROOT_CLASS = YES_ERROR;
				CLANG_WARN_UNREACHABLE_CODE = YES;
				CLANG_WARN__DUPLICATE_METHOD_MATCH = YES;
				"CODE_SIGN_IDENTITY[sdk=iphoneos*]" = "iPhone Developer";
				COPY_PHASE_STRIP = NO;
				DEBUG_INFORMATION_FORMAT = dwarf;
				ENABLE_STRICT_OBJC_MSGSEND = YES;
				ENABLE_TESTABILITY = YES;
				GCC_C_LANGUAGE_STANDARD = gnu99;
				GCC_DYNAMIC_NO_PIC = NO;
				GCC_NO_COMMON_BLOCKS = YES;
				GCC_OPTIMIZATION_LEVEL = 0;
				GCC_PREPROCESSOR_DEFINITIONS = (
					"DEBUG=1",
					"$(inherited)",
				);
				GCC_WARN_64_TO_32_BIT_CONVERSION = YES;
				GCC_WARN_ABOUT_RETURN_TYPE = YES_ERROR;
				GCC_WARN_UNDECLARED_SELECTOR = YES;
				GCC_WARN_UNINITIALIZED_AUTOS = YES_AGGRESSIVE;
				GCC_WARN_UNUSED_FUNCTION = YES;
				GCC_WARN_UNUSED_VARIABLE = YES;
				IPHONEOS_DEPLOYMENT_TARGET = 8.0;
				MTL_ENABLE_DEBUG_INFO = YES;
				ONLY_ACTIVE_ARCH = YES;
				SDKROOT = iphoneos;
				TARGETED_DEVICE_FAMILY = "1,2";
			};
			name = Debug;
		};
		6BD8EF401D1D73510094BE95 /* Release */ = {
			isa = XCBuildConfiguration;
			buildSettings = {
				ALWAYS_SEARCH_USER_PATHS = NO;
				CLANG_ANALYZER_NONNULL = YES;
				CLANG_CXX_LANGUAGE_STANDARD = "gnu++0x";
				CLANG_CXX_LIBRARY = "libc++";
				CLANG_ENABLE_MODULES = YES;
				CLANG_ENABLE_OBJC_ARC = YES;
				CLANG_WARN_BOOL_CONVERSION = YES;
				CLANG_WARN_CONSTANT_CONVERSION = YES;
				CLANG_WARN_DIRECT_OBJC_ISA_USAGE = YES_ERROR;
				CLANG_WARN_EMPTY_BODY = YES;
				CLANG_WARN_ENUM_CONVERSION = YES;
				CLANG_WARN_INT_CONVERSION = YES;
				CLANG_WARN_OBJC_ROOT_CLASS = YES_ERROR;
				CLANG_WARN_UNREACHABLE_CODE = YES;
				CLANG_WARN__DUPLICATE_METHOD_MATCH = YES;
				"CODE_SIGN_IDENTITY[sdk=iphoneos*]" = "iPhone Developer";
				COPY_PHASE_STRIP = NO;
				DEBUG_INFORMATION_FORMAT = "dwarf-with-dsym";
				ENABLE_NS_ASSERTIONS = NO;
				ENABLE_STRICT_OBJC_MSGSEND = YES;
				GCC_C_LANGUAGE_STANDARD = gnu99;
				GCC_NO_COMMON_BLOCKS = YES;
				GCC_WARN_64_TO_32_BIT_CONVERSION = YES;
				GCC_WARN_ABOUT_RETURN_TYPE = YES_ERROR;
				GCC_WARN_UNDECLARED_SELECTOR = YES;
				GCC_WARN_UNINITIALIZED_AUTOS = YES_AGGRESSIVE;
				GCC_WARN_UNUSED_FUNCTION = YES;
				GCC_WARN_UNUSED_VARIABLE = YES;
				IPHONEOS_DEPLOYMENT_TARGET = 8.0;
				MTL_ENABLE_DEBUG_INFO = NO;
				SDKROOT = iphoneos;
				TARGETED_DEVICE_FAMILY = "1,2";
				VALIDATE_PRODUCT = YES;
			};
			name = Release;
		};
		6BD8EF421D1D73510094BE95 /* Debug */ = {
			isa = XCBuildConfiguration;
			baseConfigurationReference = 76097425B85D526316D2EF58 /* Pods-CCIP.debug.xcconfig */;
			buildSettings = {
				ASSETCATALOG_COMPILER_APPICON_NAME = AppIcon;
				CODE_SIGN_ENTITLEMENTS = CCIP/CCIP.entitlements;
				CODE_SIGN_IDENTITY = "iPhone Developer";
				"CODE_SIGN_IDENTITY[sdk=iphoneos*]" = "iPhone Developer";
				INFOPLIST_FILE = CCIP/Info.plist;
				LD_RUNPATH_SEARCH_PATHS = "$(inherited) @executable_path/Frameworks";
				PRODUCT_BUNDLE_IDENTIFIER = "org.coscup.CCIP-iOS-Dev";
				PRODUCT_NAME = "$(TARGET_NAME)";
				PROVISIONING_PROFILE = "";
			};
			name = Debug;
		};
		6BD8EF431D1D73510094BE95 /* Release */ = {
			isa = XCBuildConfiguration;
			baseConfigurationReference = 1E39488D2E9378322A78E57B /* Pods-CCIP.release.xcconfig */;
			buildSettings = {
				ASSETCATALOG_COMPILER_APPICON_NAME = AppIcon;
				CODE_SIGN_ENTITLEMENTS = CCIP/CCIP.entitlements;
				CODE_SIGN_IDENTITY = "iPhone Developer";
				"CODE_SIGN_IDENTITY[sdk=iphoneos*]" = "iPhone Developer";
				INFOPLIST_FILE = CCIP/Info.plist;
				LD_RUNPATH_SEARCH_PATHS = "$(inherited) @executable_path/Frameworks";
				PRODUCT_BUNDLE_IDENTIFIER = "org.coscup.CCIP-iOS-Dev";
				PRODUCT_NAME = "$(TARGET_NAME)";
				PROVISIONING_PROFILE = "";
			};
			name = Release;
		};
/* End XCBuildConfiguration section */

/* Begin XCConfigurationList section */
		6BD8EF221D1D73510094BE95 /* Build configuration list for PBXProject "CCIP" */ = {
			isa = XCConfigurationList;
			buildConfigurations = (
				6BD8EF3F1D1D73510094BE95 /* Debug */,
				6BD8EF401D1D73510094BE95 /* Release */,
			);
			defaultConfigurationIsVisible = 0;
			defaultConfigurationName = Release;
		};
		6BD8EF411D1D73510094BE95 /* Build configuration list for PBXNativeTarget "CCIP" */ = {
			isa = XCConfigurationList;
			buildConfigurations = (
				6BD8EF421D1D73510094BE95 /* Debug */,
				6BD8EF431D1D73510094BE95 /* Release */,
			);
			defaultConfigurationIsVisible = 0;
			defaultConfigurationName = Release;
		};
/* End XCConfigurationList section */
	};
	rootObject = 6BD8EF1F1D1D73510094BE95 /* Project object */;
}
