// !$*UTF8*$!
{
	archiveVersion = 1;
	classes = {
	};
	objectVersion = 46;
	objects = {

/* Begin PBXBuildFile section */
		0A3663B80BC1C0B6FA2E75C3 /* libPods-CCIP.a in Frameworks */ = {isa = PBXBuildFile; fileRef = D3E9B676939FF6E7CF0F9469 /* libPods-CCIP.a */; };
		6BD8EF2C1D1D73510094BE95 /* main.m in Sources */ = {isa = PBXBuildFile; fileRef = 6BD8EF2B1D1D73510094BE95 /* main.m */; };
		6BD8EF2F1D1D73510094BE95 /* AppDelegate.m in Sources */ = {isa = PBXBuildFile; fileRef = 6BD8EF2E1D1D73510094BE95 /* AppDelegate.m */; };
		6BD8EF321D1D73510094BE95 /* FirstViewController.m in Sources */ = {isa = PBXBuildFile; fileRef = 6BD8EF311D1D73510094BE95 /* FirstViewController.m */; };
		6BD8EF351D1D73510094BE95 /* SecondViewController.m in Sources */ = {isa = PBXBuildFile; fileRef = 6BD8EF341D1D73510094BE95 /* SecondViewController.m */; };
		6BD8EF381D1D73510094BE95 /* Main.storyboard in Resources */ = {isa = PBXBuildFile; fileRef = 6BD8EF361D1D73510094BE95 /* Main.storyboard */; };
		6BD8EF3A1D1D73510094BE95 /* Assets.xcassets in Resources */ = {isa = PBXBuildFile; fileRef = 6BD8EF391D1D73510094BE95 /* Assets.xcassets */; };
		6BD8EF3D1D1D73510094BE95 /* LaunchScreen.storyboard in Resources */ = {isa = PBXBuildFile; fileRef = 6BD8EF3B1D1D73510094BE95 /* LaunchScreen.storyboard */; };
/* End PBXBuildFile section */

/* Begin PBXFileReference section */
		1E39488D2E9378322A78E57B /* Pods-CCIP.release.xcconfig */ = {isa = PBXFileReference; includeInIndex = 1; lastKnownFileType = text.xcconfig; name = "Pods-CCIP.release.xcconfig"; path = "Pods/Target Support Files/Pods-CCIP/Pods-CCIP.release.xcconfig"; sourceTree = "<group>"; };
		6BD8EF271D1D73510094BE95 /* CCIP.app */ = {isa = PBXFileReference; explicitFileType = wrapper.application; includeInIndex = 0; path = CCIP.app; sourceTree = BUILT_PRODUCTS_DIR; };
		6BD8EF2B1D1D73510094BE95 /* main.m */ = {isa = PBXFileReference; lastKnownFileType = sourcecode.c.objc; path = main.m; sourceTree = "<group>"; };
		6BD8EF2D1D1D73510094BE95 /* AppDelegate.h */ = {isa = PBXFileReference; lastKnownFileType = sourcecode.c.h; path = AppDelegate.h; sourceTree = "<group>"; };
		6BD8EF2E1D1D73510094BE95 /* AppDelegate.m */ = {isa = PBXFileReference; lastKnownFileType = sourcecode.c.objc; path = AppDelegate.m; sourceTree = "<group>"; };
		6BD8EF301D1D73510094BE95 /* FirstViewController.h */ = {isa = PBXFileReference; lastKnownFileType = sourcecode.c.h; path = FirstViewController.h; sourceTree = "<group>"; };
		6BD8EF311D1D73510094BE95 /* FirstViewController.m */ = {isa = PBXFileReference; lastKnownFileType = sourcecode.c.objc; path = FirstViewController.m; sourceTree = "<group>"; };
		6BD8EF331D1D73510094BE95 /* SecondViewController.h */ = {isa = PBXFileReference; lastKnownFileType = sourcecode.c.h; path = SecondViewController.h; sourceTree = "<group>"; };
		6BD8EF341D1D73510094BE95 /* SecondViewController.m */ = {isa = PBXFileReference; lastKnownFileType = sourcecode.c.objc; path = SecondViewController.m; sourceTree = "<group>"; };
		6BD8EF371D1D73510094BE95 /* Base */ = {isa = PBXFileReference; lastKnownFileType = file.storyboard; name = Base; path = Base.lproj/Main.storyboard; sourceTree = "<group>"; };
		6BD8EF391D1D73510094BE95 /* Assets.xcassets */ = {isa = PBXFileReference; lastKnownFileType = folder.assetcatalog; path = Assets.xcassets; sourceTree = "<group>"; };
		6BD8EF3C1D1D73510094BE95 /* Base */ = {isa = PBXFileReference; lastKnownFileType = file.storyboard; name = Base; path = Base.lproj/LaunchScreen.storyboard; sourceTree = "<group>"; };
		6BD8EF3E1D1D73510094BE95 /* Info.plist */ = {isa = PBXFileReference; lastKnownFileType = text.plist.xml; path = Info.plist; sourceTree = "<group>"; };
		76097425B85D526316D2EF58 /* Pods-CCIP.debug.xcconfig */ = {isa = PBXFileReference; includeInIndex = 1; lastKnownFileType = text.xcconfig; name = "Pods-CCIP.debug.xcconfig"; path = "Pods/Target Support Files/Pods-CCIP/Pods-CCIP.debug.xcconfig"; sourceTree = "<group>"; };
		D3E9B676939FF6E7CF0F9469 /* libPods-CCIP.a */ = {isa = PBXFileReference; explicitFileType = archive.ar; includeInIndex = 0; path = "libPods-CCIP.a"; sourceTree = BUILT_PRODUCTS_DIR; };
/* End PBXFileReference section */

/* Begin PBXFrameworksBuildPhase section */
		6BD8EF241D1D73510094BE95 /* Frameworks */ = {
			isa = PBXFrameworksBuildPhase;
			buildActionMask = 2147483647;
			files = (
				0A3663B80BC1C0B6FA2E75C3 /* libPods-CCIP.a in Frameworks */,
			);
			runOnlyForDeploymentPostprocessing = 0;
		};
/* End PBXFrameworksBuildPhase section */

/* Begin PBXGroup section */
		017A0FB6BC91053E5BA17E51 /* Pods */ = {
			isa = PBXGroup;
			children = (
				76097425B85D526316D2EF58 /* Pods-CCIP.debug.xcconfig */,
				1E39488D2E9378322A78E57B /* Pods-CCIP.release.xcconfig */,
			);
			name = Pods;
			sourceTree = "<group>";
		};
		267251DBF9C24B92F4EE80DC /* Frameworks */ = {
			isa = PBXGroup;
			children = (
				D3E9B676939FF6E7CF0F9469 /* libPods-CCIP.a */,
			);
			name = Frameworks;
			sourceTree = "<group>";
		};
		6BD8EF1E1D1D73510094BE95 = {
			isa = PBXGroup;
			children = (
				6BD8EF291D1D73510094BE95 /* CCIP */,
				6BD8EF281D1D73510094BE95 /* Products */,
				017A0FB6BC91053E5BA17E51 /* Pods */,
				267251DBF9C24B92F4EE80DC /* Frameworks */,
			);
			sourceTree = "<group>";
		};
		6BD8EF281D1D73510094BE95 /* Products */ = {
			isa = PBXGroup;
			children = (
				6BD8EF271D1D73510094BE95 /* CCIP.app */,
			);
			name = Products;
			sourceTree = "<group>";
		};
		6BD8EF291D1D73510094BE95 /* CCIP */ = {
			isa = PBXGroup;
			children = (
				6BD8EF301D1D73510094BE95 /* FirstViewController.h */,
				6BD8EF311D1D73510094BE95 /* FirstViewController.m */,
				6BD8EF331D1D73510094BE95 /* SecondViewController.h */,
				6BD8EF341D1D73510094BE95 /* SecondViewController.m */,
				6BD8EF2D1D1D73510094BE95 /* AppDelegate.h */,
				6BD8EF2E1D1D73510094BE95 /* AppDelegate.m */,
				6BD8EF361D1D73510094BE95 /* Main.storyboard */,
				6BD8EF3B1D1D73510094BE95 /* LaunchScreen.storyboard */,
				6BD8EF391D1D73510094BE95 /* Assets.xcassets */,
				6BD8EF3E1D1D73510094BE95 /* Info.plist */,
				6BD8EF2A1D1D73510094BE95 /* Supporting Files */,
			);
			path = CCIP;
			sourceTree = "<group>";
		};
		6BD8EF2A1D1D73510094BE95 /* Supporting Files */ = {
			isa = PBXGroup;
			children = (
				6BD8EF2B1D1D73510094BE95 /* main.m */,
			);
			name = "Supporting Files";
			sourceTree = "<group>";
		};
/* End PBXGroup section */

/* Begin PBXNativeTarget section */
		6BD8EF261D1D73510094BE95 /* CCIP */ = {
			isa = PBXNativeTarget;
			buildConfigurationList = 6BD8EF411D1D73510094BE95 /* Build configuration list for PBXNativeTarget "CCIP" */;
			buildPhases = (
				6DC9628D542EE187EC109AD3 /* [CP] Check Pods Manifest.lock */,
				6BD8EF231D1D73510094BE95 /* Sources */,
				6BD8EF241D1D73510094BE95 /* Frameworks */,
				6BD8EF251D1D73510094BE95 /* Resources */,
				D87513F49D444A0840CAF6A2 /* [CP] Embed Pods Frameworks */,
				75BF4F97DFA01FBB90E2B98A /* [CP] Copy Pods Resources */,
			);
			buildRules = (
			);
			dependencies = (
			);
			name = CCIP;
			productName = CCIP;
			productReference = 6BD8EF271D1D73510094BE95 /* CCIP.app */;
			productType = "com.apple.product-type.application";
		};
/* End PBXNativeTarget section */

/* Begin PBXProject section */
		6BD8EF1F1D1D73510094BE95 /* Project object */ = {
			isa = PBXProject;
			attributes = {
				LastUpgradeCheck = 0730;
				ORGANIZATIONNAME = CPRTeam;
				TargetAttributes = {
					6BD8EF261D1D73510094BE95 = {
						CreatedOnToolsVersion = 7.3.1;
						DevelopmentTeam = H2LA3QW9Y2;
						SystemCapabilities = {
							com.apple.BackgroundModes = {
								enabled = 1;
							};
						};
					};
				};
			};
			buildConfigurationList = 6BD8EF221D1D73510094BE95 /* Build configuration list for PBXProject "CCIP" */;
			compatibilityVersion = "Xcode 3.2";
			developmentRegion = English;
			hasScannedForEncodings = 0;
			knownRegions = (
				en,
				Base,
			);
			mainGroup = 6BD8EF1E1D1D73510094BE95;
			productRefGroup = 6BD8EF281D1D73510094BE95 /* Products */;
			projectDirPath = "";
			projectRoot = "";
			targets = (
				6BD8EF261D1D73510094BE95 /* CCIP */,
			);
		};
/* End PBXProject section */

/* Begin PBXResourcesBuildPhase section */
		6BD8EF251D1D73510094BE95 /* Resources */ = {
			isa = PBXResourcesBuildPhase;
			buildActionMask = 2147483647;
			files = (
				6BD8EF3D1D1D73510094BE95 /* LaunchScreen.storyboard in Resources */,
				6BD8EF3A1D1D73510094BE95 /* Assets.xcassets in Resources */,
				6BD8EF381D1D73510094BE95 /* Main.storyboard in Resources */,
			);
			runOnlyForDeploymentPostprocessing = 0;
		};
/* End PBXResourcesBuildPhase section */

/* Begin PBXShellScriptBuildPhase section */
		6DC9628D542EE187EC109AD3 /* [CP] Check Pods Manifest.lock */ = {
			isa = PBXShellScriptBuildPhase;
			buildActionMask = 2147483647;
			files = (
			);
			inputPaths = (
			);
			name = "[CP] Check Pods Manifest.lock";
			outputPaths = (
			);
			runOnlyForDeploymentPostprocessing = 0;
			shellPath = /bin/sh;
			shellScript = "diff \"${PODS_ROOT}/../Podfile.lock\" \"${PODS_ROOT}/Manifest.lock\" > /dev/null\nif [[ $? != 0 ]] ; then\n    cat << EOM\nerror: The sandbox is not in sync with the Podfile.lock. Run 'pod install' or update your CocoaPods installation.\nEOM\n    exit 1\nfi\n";
			showEnvVarsInLog = 0;
		};
		75BF4F97DFA01FBB90E2B98A /* [CP] Copy Pods Resources */ = {
			isa = PBXShellScriptBuildPhase;
			buildActionMask = 2147483647;
			files = (
			);
			inputPaths = (
			);
			name = "[CP] Copy Pods Resources";
			outputPaths = (
			);
			runOnlyForDeploymentPostprocessing = 0;
			shellPath = /bin/sh;
			shellScript = "\"${SRCROOT}/Pods/Target Support Files/Pods-CCIP/Pods-CCIP-resources.sh\"\n";
			showEnvVarsInLog = 0;
		};
		D87513F49D444A0840CAF6A2 /* [CP] Embed Pods Frameworks */ = {
			isa = PBXShellScriptBuildPhase;
			buildActionMask = 2147483647;
			files = (
			);
			inputPaths = (
			);
			name = "[CP] Embed Pods Frameworks";
			outputPaths = (
			);
			runOnlyForDeploymentPostprocessing = 0;
			shellPath = /bin/sh;
			shellScript = "\"${SRCROOT}/Pods/Target Support Files/Pods-CCIP/Pods-CCIP-frameworks.sh\"\n";
			showEnvVarsInLog = 0;
		};
/* End PBXShellScriptBuildPhase section */

/* Begin PBXSourcesBuildPhase section */
		6BD8EF231D1D73510094BE95 /* Sources */ = {
			isa = PBXSourcesBuildPhase;
			buildActionMask = 2147483647;
			files = (
				6BD8EF351D1D73510094BE95 /* SecondViewController.m in Sources */,
				6BD8EF2F1D1D73510094BE95 /* AppDelegate.m in Sources */,
				6BD8EF321D1D73510094BE95 /* FirstViewController.m in Sources */,
				6BD8EF2C1D1D73510094BE95 /* main.m in Sources */,
			);
			runOnlyForDeploymentPostprocessing = 0;
		};
/* End PBXSourcesBuildPhase section */

/* Begin PBXVariantGroup section */
		6BD8EF361D1D73510094BE95 /* Main.storyboard */ = {
			isa = PBXVariantGroup;
			children = (
				6BD8EF371D1D73510094BE95 /* Base */,
			);
			name = Main.storyboard;
			sourceTree = "<group>";
		};
		6BD8EF3B1D1D73510094BE95 /* LaunchScreen.storyboard */ = {
			isa = PBXVariantGroup;
			children = (
				6BD8EF3C1D1D73510094BE95 /* Base */,
			);
			name = LaunchScreen.storyboard;
			sourceTree = "<group>";
		};
/* End PBXVariantGroup section */

/* Begin XCBuildConfiguration section */
		6BD8EF3F1D1D73510094BE95 /* Debug */ = {
			isa = XCBuildConfiguration;
			buildSettings = {
				ALWAYS_SEARCH_USER_PATHS = NO;
				CLANG_ANALYZER_NONNULL = YES;
				CLANG_CXX_LANGUAGE_STANDARD = "gnu++0x";
				CLANG_CXX_LIBRARY = "libc++";
				CLANG_ENABLE_MODULES = YES;
				CLANG_ENABLE_OBJC_ARC = YES;
				CLANG_WARN_BOOL_CONVERSION = YES;
				CLANG_WARN_CONSTANT_CONVERSION = YES;
				CLANG_WARN_DIRECT_OBJC_ISA_USAGE = YES_ERROR;
				CLANG_WARN_EMPTY_BODY = YES;
				CLANG_WARN_ENUM_CONVERSION = YES;
				CLANG_WARN_INT_CONVERSION = YES;
				CLANG_WARN_OBJC_ROOT_CLASS = YES_ERROR;
				CLANG_WARN_UNREACHABLE_CODE = YES;
				CLANG_WARN__DUPLICATE_METHOD_MATCH = YES;
				"CODE_SIGN_IDENTITY[sdk=iphoneos*]" = "iPhone Developer";
				COPY_PHASE_STRIP = NO;
				DEBUG_INFORMATION_FORMAT = dwarf;
				ENABLE_STRICT_OBJC_MSGSEND = YES;
				ENABLE_TESTABILITY = YES;
				GCC_C_LANGUAGE_STANDARD = gnu99;
				GCC_DYNAMIC_NO_PIC = NO;
				GCC_NO_COMMON_BLOCKS = YES;
				GCC_OPTIMIZATION_LEVEL = 0;
				GCC_PREPROCESSOR_DEFINITIONS = (
					"DEBUG=1",
					"$(inherited)",
				);
				GCC_WARN_64_TO_32_BIT_CONVERSION = YES;
				GCC_WARN_ABOUT_RETURN_TYPE = YES_ERROR;
				GCC_WARN_UNDECLARED_SELECTOR = YES;
				GCC_WARN_UNINITIALIZED_AUTOS = YES_AGGRESSIVE;
				GCC_WARN_UNUSED_FUNCTION = YES;
				GCC_WARN_UNUSED_VARIABLE = YES;
				IPHONEOS_DEPLOYMENT_TARGET = 8.0;
				MTL_ENABLE_DEBUG_INFO = YES;
				ONLY_ACTIVE_ARCH = YES;
				SDKROOT = iphoneos;
				TARGETED_DEVICE_FAMILY = "1,2";
			};
			name = Debug;
		};
		6BD8EF401D1D73510094BE95 /* Release */ = {
			isa = XCBuildConfiguration;
			buildSettings = {
				ALWAYS_SEARCH_USER_PATHS = NO;
				CLANG_ANALYZER_NONNULL = YES;
				CLANG_CXX_LANGUAGE_STANDARD = "gnu++0x";
				CLANG_CXX_LIBRARY = "libc++";
				CLANG_ENABLE_MODULES = YES;
				CLANG_ENABLE_OBJC_ARC = YES;
				CLANG_WARN_BOOL_CONVERSION = YES;
				CLANG_WARN_CONSTANT_CONVERSION = YES;
				CLANG_WARN_DIRECT_OBJC_ISA_USAGE = YES_ERROR;
				CLANG_WARN_EMPTY_BODY = YES;
				CLANG_WARN_ENUM_CONVERSION = YES;
				CLANG_WARN_INT_CONVERSION = YES;
				CLANG_WARN_OBJC_ROOT_CLASS = YES_ERROR;
				CLANG_WARN_UNREACHABLE_CODE = YES;
				CLANG_WARN__DUPLICATE_METHOD_MATCH = YES;
				"CODE_SIGN_IDENTITY[sdk=iphoneos*]" = "iPhone Developer";
				COPY_PHASE_STRIP = NO;
				DEBUG_INFORMATION_FORMAT = "dwarf-with-dsym";
				ENABLE_NS_ASSERTIONS = NO;
				ENABLE_STRICT_OBJC_MSGSEND = YES;
				GCC_C_LANGUAGE_STANDARD = gnu99;
				GCC_NO_COMMON_BLOCKS = YES;
				GCC_WARN_64_TO_32_BIT_CONVERSION = YES;
				GCC_WARN_ABOUT_RETURN_TYPE = YES_ERROR;
				GCC_WARN_UNDECLARED_SELECTOR = YES;
				GCC_WARN_UNINITIALIZED_AUTOS = YES_AGGRESSIVE;
				GCC_WARN_UNUSED_FUNCTION = YES;
				GCC_WARN_UNUSED_VARIABLE = YES;
				IPHONEOS_DEPLOYMENT_TARGET = 8.0;
				MTL_ENABLE_DEBUG_INFO = NO;
				SDKROOT = iphoneos;
				TARGETED_DEVICE_FAMILY = "1,2";
				VALIDATE_PRODUCT = YES;
			};
			name = Release;
		};
		6BD8EF421D1D73510094BE95 /* Debug */ = {
			isa = XCBuildConfiguration;
			baseConfigurationReference = 76097425B85D526316D2EF58 /* Pods-CCIP.debug.xcconfig */;
			buildSettings = {
				ASSETCATALOG_COMPILER_APPICON_NAME = AppIcon;
				CODE_SIGN_IDENTITY = "iPhone Developer";
				INFOPLIST_FILE = CCIP/Info.plist;
				LD_RUNPATH_SEARCH_PATHS = "$(inherited) @executable_path/Frameworks";
				PRODUCT_BUNDLE_IDENTIFIER = "org.coscup.CCIP-iOS-Dev";
				PRODUCT_NAME = "$(TARGET_NAME)";
			};
			name = Debug;
		};
		6BD8EF431D1D73510094BE95 /* Release */ = {
			isa = XCBuildConfiguration;
			baseConfigurationReference = 1E39488D2E9378322A78E57B /* Pods-CCIP.release.xcconfig */;
			buildSettings = {
				ASSETCATALOG_COMPILER_APPICON_NAME = AppIcon;
				CODE_SIGN_IDENTITY = "iPhone Developer";
				INFOPLIST_FILE = CCIP/Info.plist;
				LD_RUNPATH_SEARCH_PATHS = "$(inherited) @executable_path/Frameworks";
				PRODUCT_BUNDLE_IDENTIFIER = "org.coscup.CCIP-iOS-Dev";
				PRODUCT_NAME = "$(TARGET_NAME)";
			};
			name = Release;
		};
/* End XCBuildConfiguration section */

/* Begin XCConfigurationList section */
		6BD8EF221D1D73510094BE95 /* Build configuration list for PBXProject "CCIP" */ = {
			isa = XCConfigurationList;
			buildConfigurations = (
				6BD8EF3F1D1D73510094BE95 /* Debug */,
				6BD8EF401D1D73510094BE95 /* Release */,
			);
			defaultConfigurationIsVisible = 0;
			defaultConfigurationName = Release;
		};
		6BD8EF411D1D73510094BE95 /* Build configuration list for PBXNativeTarget "CCIP" */ = {
			isa = XCConfigurationList;
			buildConfigurations = (
				6BD8EF421D1D73510094BE95 /* Debug */,
				6BD8EF431D1D73510094BE95 /* Release */,
			);
			defaultConfigurationIsVisible = 0;
			defaultConfigurationName = Release;
		};
/* End XCConfigurationList section */
	};
	rootObject = 6BD8EF1F1D1D73510094BE95 /* Project object */;
}
