// !$*UTF8*$!
{
	archiveVersion = 1;
	classes = {
	};
	objectVersion = 55;
	objects = {

/* Begin PBXBuildFile section */
		4F22826327DD8C5E0030D73E /* FeatureHelper.swift in Sources */ = {isa = PBXBuildFile; fileRef = 4F22826227DD8C5E0030D73E /* FeatureHelper.swift */; };
		4F29D9C727D4E6DA00292CC4 /* GoogleService-Info.plist in Resources */ = {isa = PBXBuildFile; fileRef = 4F29D9C627D4E6DA00292CC4 /* GoogleService-Info.plist */; };
		4F29D9CA27D4EA2D00292CC4 /* FirebaseAnalytics in Frameworks */ = {isa = PBXBuildFile; productRef = 4F29D9C927D4EA2D00292CC4 /* FirebaseAnalytics */; };
		4F29D9CE27D4EA2D00292CC4 /* FirebaseDynamicLinks in Frameworks */ = {isa = PBXBuildFile; productRef = 4F29D9CD27D4EA2D00292CC4 /* FirebaseDynamicLinks */; };
		4F35B17C27D3850B0023621F /* AnnouncementModel.swift in Sources */ = {isa = PBXBuildFile; fileRef = 4F35B17B27D3850B0023621F /* AnnouncementModel.swift */; };
		4F3A10DC2815201E00CCE5A9 /* ImagePicker.swift in Sources */ = {isa = PBXBuildFile; fileRef = 4F3A10DB2815201D00CCE5A9 /* ImagePicker.swift */; };
		4F48B5D427CF07910010FC2C /* eventListSample.json in Resources */ = {isa = PBXBuildFile; fileRef = 4F48B5D327CF07910010FC2C /* eventListSample.json */; };
		4F48B5D627CF081D0010FC2C /* OPassAPISampleExt.swift in Sources */ = {isa = PBXBuildFile; fileRef = 4F48B5D527CF081D0010FC2C /* OPassAPISampleExt.swift */; };
		4F48B5D827CF353C0010FC2C /* eventSettingsSample.json in Resources */ = {isa = PBXBuildFile; fileRef = 4F48B5D727CF353C0010FC2C /* eventSettingsSample.json */; };
		4F5CA37D27FD58D600DEAB39 /* ColorExtention.swift in Sources */ = {isa = PBXBuildFile; fileRef = 4F5CA37C27FD58D600DEAB39 /* ColorExtention.swift */; };
		4F5CA38027FDD1B400DEAB39 /* MarkdownUI in Frameworks */ = {isa = PBXBuildFile; productRef = 4F5CA37F27FDD1B400DEAB39 /* MarkdownUI */; };
		4F5EB73127D2311200235396 /* SwiftDate in Frameworks */ = {isa = PBXBuildFile; productRef = 4F5EB73027D2311200235396 /* SwiftDate */; };
		4F5EB73527D3346D00235396 /* JsonDecodeHelper.swift in Sources */ = {isa = PBXBuildFile; fileRef = 4F5EB73427D3346D00235396 /* JsonDecodeHelper.swift */; };
		4F5EB73827D3648100235396 /* AnnounceView.swift in Sources */ = {isa = PBXBuildFile; fileRef = 4F5EB73727D3648100235396 /* AnnounceView.swift */; };
		4F5EB73A27D37D4A00235396 /* announcementSample.json in Resources */ = {isa = PBXBuildFile; fileRef = 4F5EB73927D37D4A00235396 /* announcementSample.json */; };
		4F6968A627EBCB5E009073E4 /* SFButton.swift in Sources */ = {isa = PBXBuildFile; fileRef = 4F6968A527EBCB5E009073E4 /* SFButton.swift */; };
		4F6968A827EF863A009073E4 /* TabButtonStyle.swift in Sources */ = {isa = PBXBuildFile; fileRef = 4F6968A727EF863A009073E4 /* TabButtonStyle.swift */; };
		4F8522E12817D4C00015BB13 /* EventTitleModel.swift in Sources */ = {isa = PBXBuildFile; fileRef = 4F8522E02817D4C00015BB13 /* EventTitleModel.swift */; };
		4F9E9B4E2813F0A300A14905 /* ArrayExtension.swift in Sources */ = {isa = PBXBuildFile; fileRef = 4F9E9B4D2813F0A300A14905 /* ArrayExtension.swift */; };
		4FEF38FB27D13FBA00FC97F4 /* APIRepo.swift in Sources */ = {isa = PBXBuildFile; fileRef = 4FEF38FA27D13FBA00FC97F4 /* APIRepo.swift */; };
		D301C39428053ED600D027FE /* ActivityIndicator.swift in Sources */ = {isa = PBXBuildFile; fileRef = D301C39328053ED600D027FE /* ActivityIndicator.swift */; };
		D3095F1827D78EE600225C7D /* UNUserNotification.swift in Sources */ = {isa = PBXBuildFile; fileRef = D3095F1727D78EE600225C7D /* UNUserNotification.swift */; };
		D314B66F27D1089200481D5E /* EventAPIViewModel.swift in Sources */ = {isa = PBXBuildFile; fileRef = D314B66E27D1089200481D5E /* EventAPIViewModel.swift */; };
		D318CE44280918C400CEA1AA /* TruncableText.swift in Sources */ = {isa = PBXBuildFile; fileRef = D318CE43280918C400CEA1AA /* TruncableText.swift */; };
		D31900D8281CF07E00864982 /* LaunchScreen.storyboard in Resources */ = {isa = PBXBuildFile; fileRef = D31900D7281CF07E00864982 /* LaunchScreen.storyboard */; };
		D31900DC281CF17600864982 /* LaunchScreen@2x.png in Resources */ = {isa = PBXBuildFile; fileRef = D31900D9281CF17500864982 /* LaunchScreen@2x.png */; };
		D31900DD281CF17600864982 /* LaunchScreen@3x.png in Resources */ = {isa = PBXBuildFile; fileRef = D31900DA281CF17600864982 /* LaunchScreen@3x.png */; };
		D31900DE281CF17600864982 /* LaunchScreen@1x.png in Resources */ = {isa = PBXBuildFile; fileRef = D31900DB281CF17600864982 /* LaunchScreen@1x.png */; };
		D322F60C27EF3B09007EED5D /* SlideOverCard in Frameworks */ = {isa = PBXBuildFile; productRef = D322F60B27EF3B09007EED5D /* SlideOverCard */; };
		D322F60F27EF4698007EED5D /* CodeScanner in Frameworks */ = {isa = PBXBuildFile; productRef = D322F60E27EF4698007EED5D /* CodeScanner */; };
		D323C1EC282F7F9B009AFF97 /* AlertToast in Frameworks */ = {isa = PBXBuildFile; productRef = D323C1EB282F7F9B009AFF97 /* AlertToast */; };
		D323C1F5282FE03C009AFF97 /* EFQRCode in Frameworks */ = {isa = PBXBuildFile; productRef = D323C1F4282FE03C009AFF97 /* EFQRCode */; };
		D34012102821349200D07034 /* Localization.swift in Sources */ = {isa = PBXBuildFile; fileRef = D340120F2821349200D07034 /* Localization.swift */; };
		D358E55827EDEDB2000A6554 /* FastpassView.swift in Sources */ = {isa = PBXBuildFile; fileRef = D358E55727EDEDB2000A6554 /* FastpassView.swift */; };
		D3602CAC280400D8001D9C15 /* UseScenarioView.swift in Sources */ = {isa = PBXBuildFile; fileRef = D3602CAB280400D8001D9C15 /* UseScenarioView.swift */; };
		D366D8F027ED50CB00AA4267 /* MainView.swift in Sources */ = {isa = PBXBuildFile; fileRef = D366D8EF27ED50CB00AA4267 /* MainView.swift */; };
		D36A2FD82829F9C500EFBDB1 /* NEHotspot.swift in Sources */ = {isa = PBXBuildFile; fileRef = D36A2FD72829F9C500EFBDB1 /* NEHotspot.swift */; };
		D39AC55828314137002EF23B /* OneSignal in Frameworks */ = {isa = PBXBuildFile; productRef = D39AC55728314137002EF23B /* OneSignal */; };
		D3A00F1F27D837D00097A6AB /* NotificationService.swift in Sources */ = {isa = PBXBuildFile; fileRef = D3A00F1E27D837D00097A6AB /* NotificationService.swift */; };
		D3A00F2327D837D00097A6AB /* OneSignalNotificationServiceExtension.appex in Embed App Extensions */ = {isa = PBXBuildFile; fileRef = D3A00F1C27D837D00097A6AB /* OneSignalNotificationServiceExtension.appex */; settings = {ATTRIBUTES = (RemoveHeadersOnCopy, ); }; };
		D3A00F2A27D838920097A6AB /* OneSignal in Frameworks */ = {isa = PBXBuildFile; productRef = D3A00F2927D838920097A6AB /* OneSignal */; };
		D3A94D03281E62530053FEFA /* ErrorView.swift in Sources */ = {isa = PBXBuildFile; fileRef = D3A94D02281E62530053FEFA /* ErrorView.swift */; };
		D3C0E21A27D51B460095169F /* NetworkExtension.framework in Frameworks */ = {isa = PBXBuildFile; fileRef = D3C0E21927D51B460095169F /* NetworkExtension.framework */; };
		D3C0E21C27D51C060095169F /* WifiView.swift in Sources */ = {isa = PBXBuildFile; fileRef = D3C0E21B27D51C060095169F /* WifiView.swift */; };
		D3C6194827CF864B00643D97 /* ScheduleModel.swift in Sources */ = {isa = PBXBuildFile; fileRef = D3C6194727CF864B00643D97 /* ScheduleModel.swift */; };
		D3C6194D27CF9A7400643D97 /* SettingView.swift in Sources */ = {isa = PBXBuildFile; fileRef = D3C6194C27CF9A7400643D97 /* SettingView.swift */; };
		D3C6195127CFA9A800643D97 /* ScheduleView.swift in Sources */ = {isa = PBXBuildFile; fileRef = D3C6195027CFA9A800643D97 /* ScheduleView.swift */; };
		D3C972F227F03531008561DE /* ScheduleDetailView.swift in Sources */ = {isa = PBXBuildFile; fileRef = D3C972F127F03531008561DE /* ScheduleDetailView.swift */; };
		D3D3788227CE440D00021FC4 /* OPassAPIViewModel.swift in Sources */ = {isa = PBXBuildFile; fileRef = D3D3788127CE440D00021FC4 /* OPassAPIViewModel.swift */; };
		D3D3788B27CE542100021FC4 /* MoreModels.swift in Sources */ = {isa = PBXBuildFile; fileRef = D3D3788A27CE542100021FC4 /* MoreModels.swift */; };
		D3D3789127CE62EB00021FC4 /* EventListView.swift in Sources */ = {isa = PBXBuildFile; fileRef = D3D3789027CE62EB00021FC4 /* EventListView.swift */; };
		D3D3789327CE70EE00021FC4 /* SettingsModel.swift in Sources */ = {isa = PBXBuildFile; fileRef = D3D3789227CE70EE00021FC4 /* SettingsModel.swift */; };
		D3E0123127D35D970040621F /* KeychainAccess in Frameworks */ = {isa = PBXBuildFile; productRef = D3E0123027D35D970040621F /* KeychainAccess */; };
		D3E0123327D3667C0040621F /* ScenarioStatusModel.swift in Sources */ = {isa = PBXBuildFile; fileRef = D3E0123227D3667C0040621F /* ScenarioStatusModel.swift */; };
		D3E0123527D38B840040621F /* ScenarioView.swift in Sources */ = {isa = PBXBuildFile; fileRef = D3E0123427D38B840040621F /* ScenarioView.swift */; };
		D3E0123827D38D3D0040621F /* RedeemTokenView.swift in Sources */ = {isa = PBXBuildFile; fileRef = D3E0123727D38D3D0040621F /* RedeemTokenView.swift */; };
		D3E4E6BF27CD158400FFACEB /* OPassApp.swift in Sources */ = {isa = PBXBuildFile; fileRef = D3E4E6BE27CD158400FFACEB /* OPassApp.swift */; };
		D3E4E6C127CD158400FFACEB /* ContentView.swift in Sources */ = {isa = PBXBuildFile; fileRef = D3E4E6C027CD158400FFACEB /* ContentView.swift */; };
		D3E4E6C327CD158700FFACEB /* Assets.xcassets in Resources */ = {isa = PBXBuildFile; fileRef = D3E4E6C227CD158700FFACEB /* Assets.xcassets */; };
		D3E4E6C627CD158700FFACEB /* Preview Assets.xcassets in Resources */ = {isa = PBXBuildFile; fileRef = D3E4E6C527CD158700FFACEB /* Preview Assets.xcassets */; };
		D3EA819827F68FFF00FE7985 /* BetterSafariView in Frameworks */ = {isa = PBXBuildFile; productRef = D3EA819727F68FFF00FE7985 /* BetterSafariView */; };
		D3EA819A27F747E100FE7985 /* TicketView.swift in Sources */ = {isa = PBXBuildFile; fileRef = D3EA819927F747E100FE7985 /* TicketView.swift */; };
		D3F23B4F28166DEF00A0FB35 /* Localizable.strings in Resources */ = {isa = PBXBuildFile; fileRef = D3F23B5128166DEF00A0FB35 /* Localizable.strings */; };
		D3FBFA64282A936100DE118E /* din.mp3 in Resources */ = {isa = PBXBuildFile; fileRef = D3FBFA62282A936100DE118E /* din.mp3 */; };
		D3FBFA65282A936100DE118E /* don.mp3 in Resources */ = {isa = PBXBuildFile; fileRef = D3FBFA63282A936100DE118E /* don.mp3 */; };
		D3FBFA67282A93B200DE118E /* SoundManager.swift in Sources */ = {isa = PBXBuildFile; fileRef = D3FBFA66282A93B200DE118E /* SoundManager.swift */; };
/* End PBXBuildFile section */

/* Begin PBXContainerItemProxy section */
		D3A00F2127D837D00097A6AB /* PBXContainerItemProxy */ = {
			isa = PBXContainerItemProxy;
			containerPortal = D3E4E6B327CD158400FFACEB /* Project object */;
			proxyType = 1;
			remoteGlobalIDString = D3A00F1B27D837D00097A6AB;
			remoteInfo = OneSignalNotificationServiceExtension;
		};
/* End PBXContainerItemProxy section */

/* Begin PBXCopyFilesBuildPhase section */
		D3A00F2427D837D00097A6AB /* Embed App Extensions */ = {
			isa = PBXCopyFilesBuildPhase;
			buildActionMask = 2147483647;
			dstPath = "";
			dstSubfolderSpec = 13;
			files = (
				D3A00F2327D837D00097A6AB /* OneSignalNotificationServiceExtension.appex in Embed App Extensions */,
			);
			name = "Embed App Extensions";
			runOnlyForDeploymentPostprocessing = 0;
		};
/* End PBXCopyFilesBuildPhase section */

/* Begin PBXFileReference section */
		4F22826227DD8C5E0030D73E /* FeatureHelper.swift */ = {isa = PBXFileReference; lastKnownFileType = sourcecode.swift; path = FeatureHelper.swift; sourceTree = "<group>"; };
		4F29D9C627D4E6DA00292CC4 /* GoogleService-Info.plist */ = {isa = PBXFileReference; fileEncoding = 4; lastKnownFileType = text.plist.xml; path = "GoogleService-Info.plist"; sourceTree = "<group>"; };
		4F35B17B27D3850B0023621F /* AnnouncementModel.swift */ = {isa = PBXFileReference; lastKnownFileType = sourcecode.swift; path = AnnouncementModel.swift; sourceTree = "<group>"; };
		4F3A10DB2815201D00CCE5A9 /* ImagePicker.swift */ = {isa = PBXFileReference; lastKnownFileType = sourcecode.swift; path = ImagePicker.swift; sourceTree = "<group>"; };
		4F48B5D327CF07910010FC2C /* eventListSample.json */ = {isa = PBXFileReference; lastKnownFileType = text.json; path = eventListSample.json; sourceTree = "<group>"; };
		4F48B5D527CF081D0010FC2C /* OPassAPISampleExt.swift */ = {isa = PBXFileReference; lastKnownFileType = sourcecode.swift; path = OPassAPISampleExt.swift; sourceTree = "<group>"; };
		4F48B5D727CF353C0010FC2C /* eventSettingsSample.json */ = {isa = PBXFileReference; lastKnownFileType = text.json; path = eventSettingsSample.json; sourceTree = "<group>"; xcLanguageSpecificationIdentifier = xcode.lang.json; };
		4F5CA37C27FD58D600DEAB39 /* ColorExtention.swift */ = {isa = PBXFileReference; lastKnownFileType = sourcecode.swift; path = ColorExtention.swift; sourceTree = "<group>"; };
		4F5EB73427D3346D00235396 /* JsonDecodeHelper.swift */ = {isa = PBXFileReference; lastKnownFileType = sourcecode.swift; path = JsonDecodeHelper.swift; sourceTree = "<group>"; };
		4F5EB73727D3648100235396 /* AnnounceView.swift */ = {isa = PBXFileReference; lastKnownFileType = sourcecode.swift; path = AnnounceView.swift; sourceTree = "<group>"; };
		4F5EB73927D37D4A00235396 /* announcementSample.json */ = {isa = PBXFileReference; lastKnownFileType = text.json; path = announcementSample.json; sourceTree = "<group>"; };
		4F6968A527EBCB5E009073E4 /* SFButton.swift */ = {isa = PBXFileReference; lastKnownFileType = sourcecode.swift; path = SFButton.swift; sourceTree = "<group>"; };
		4F6968A727EF863A009073E4 /* TabButtonStyle.swift */ = {isa = PBXFileReference; lastKnownFileType = sourcecode.swift; path = TabButtonStyle.swift; sourceTree = "<group>"; };
		4F8522E02817D4C00015BB13 /* EventTitleModel.swift */ = {isa = PBXFileReference; lastKnownFileType = sourcecode.swift; path = EventTitleModel.swift; sourceTree = "<group>"; };
		4F9E9B4D2813F0A300A14905 /* ArrayExtension.swift */ = {isa = PBXFileReference; lastKnownFileType = sourcecode.swift; path = ArrayExtension.swift; sourceTree = "<group>"; };
		4FEF38FA27D13FBA00FC97F4 /* APIRepo.swift */ = {isa = PBXFileReference; lastKnownFileType = sourcecode.swift; path = APIRepo.swift; sourceTree = "<group>"; };
		D301C39328053ED600D027FE /* ActivityIndicator.swift */ = {isa = PBXFileReference; lastKnownFileType = sourcecode.swift; path = ActivityIndicator.swift; sourceTree = "<group>"; };
		D3095F1727D78EE600225C7D /* UNUserNotification.swift */ = {isa = PBXFileReference; lastKnownFileType = sourcecode.swift; path = UNUserNotification.swift; sourceTree = "<group>"; };
		D314B66E27D1089200481D5E /* EventAPIViewModel.swift */ = {isa = PBXFileReference; lastKnownFileType = sourcecode.swift; path = EventAPIViewModel.swift; sourceTree = "<group>"; };
		D318CE43280918C400CEA1AA /* TruncableText.swift */ = {isa = PBXFileReference; lastKnownFileType = sourcecode.swift; path = TruncableText.swift; sourceTree = "<group>"; };
		D31900D7281CF07E00864982 /* LaunchScreen.storyboard */ = {isa = PBXFileReference; fileEncoding = 4; lastKnownFileType = file.storyboard; path = LaunchScreen.storyboard; sourceTree = "<group>"; };
		D31900D9281CF17500864982 /* LaunchScreen@2x.png */ = {isa = PBXFileReference; lastKnownFileType = image.png; path = "LaunchScreen@2x.png"; sourceTree = "<group>"; };
		D31900DA281CF17600864982 /* LaunchScreen@3x.png */ = {isa = PBXFileReference; lastKnownFileType = image.png; path = "LaunchScreen@3x.png"; sourceTree = "<group>"; };
		D31900DB281CF17600864982 /* LaunchScreen@1x.png */ = {isa = PBXFileReference; lastKnownFileType = image.png; path = "LaunchScreen@1x.png"; sourceTree = "<group>"; };
		D340120F2821349200D07034 /* Localization.swift */ = {isa = PBXFileReference; lastKnownFileType = sourcecode.swift; path = Localization.swift; sourceTree = "<group>"; };
		D358E55727EDEDB2000A6554 /* FastpassView.swift */ = {isa = PBXFileReference; lastKnownFileType = sourcecode.swift; path = FastpassView.swift; sourceTree = "<group>"; };
		D3602CAB280400D8001D9C15 /* UseScenarioView.swift */ = {isa = PBXFileReference; lastKnownFileType = sourcecode.swift; path = UseScenarioView.swift; sourceTree = "<group>"; };
		D366D8EF27ED50CB00AA4267 /* MainView.swift */ = {isa = PBXFileReference; lastKnownFileType = sourcecode.swift; path = MainView.swift; sourceTree = "<group>"; };
		D36A2FD72829F9C500EFBDB1 /* NEHotspot.swift */ = {isa = PBXFileReference; lastKnownFileType = sourcecode.swift; path = NEHotspot.swift; sourceTree = "<group>"; };
		D3A00F1C27D837D00097A6AB /* OneSignalNotificationServiceExtension.appex */ = {isa = PBXFileReference; explicitFileType = "wrapper.app-extension"; includeInIndex = 0; path = OneSignalNotificationServiceExtension.appex; sourceTree = BUILT_PRODUCTS_DIR; };
		D3A00F1E27D837D00097A6AB /* NotificationService.swift */ = {isa = PBXFileReference; lastKnownFileType = sourcecode.swift; path = NotificationService.swift; sourceTree = "<group>"; };
		D3A00F2027D837D00097A6AB /* Info.plist */ = {isa = PBXFileReference; lastKnownFileType = text.plist.xml; path = Info.plist; sourceTree = "<group>"; };
		D3A00F2B27D839B10097A6AB /* Info.plist */ = {isa = PBXFileReference; lastKnownFileType = text.plist; path = Info.plist; sourceTree = "<group>"; };
		D3A00F2C27D840C10097A6AB /* OneSignalNotificationServiceExtension.entitlements */ = {isa = PBXFileReference; lastKnownFileType = text.plist.entitlements; path = OneSignalNotificationServiceExtension.entitlements; sourceTree = "<group>"; };
		D3A94D02281E62530053FEFA /* ErrorView.swift */ = {isa = PBXFileReference; lastKnownFileType = sourcecode.swift; path = ErrorView.swift; sourceTree = "<group>"; };
		D3C0E21727D51B460095169F /* OPass.entitlements */ = {isa = PBXFileReference; lastKnownFileType = text.plist.entitlements; path = OPass.entitlements; sourceTree = "<group>"; };
		D3C0E21927D51B460095169F /* NetworkExtension.framework */ = {isa = PBXFileReference; lastKnownFileType = wrapper.framework; name = NetworkExtension.framework; path = System/Library/Frameworks/NetworkExtension.framework; sourceTree = SDKROOT; };
		D3C0E21B27D51C060095169F /* WifiView.swift */ = {isa = PBXFileReference; lastKnownFileType = sourcecode.swift; path = WifiView.swift; sourceTree = "<group>"; };
		D3C6194727CF864B00643D97 /* ScheduleModel.swift */ = {isa = PBXFileReference; lastKnownFileType = sourcecode.swift; path = ScheduleModel.swift; sourceTree = "<group>"; };
		D3C6194C27CF9A7400643D97 /* SettingView.swift */ = {isa = PBXFileReference; lastKnownFileType = sourcecode.swift; name = SettingView.swift; path = OPass/Views/SettingView.swift; sourceTree = SOURCE_ROOT; };
		D3C6195027CFA9A800643D97 /* ScheduleView.swift */ = {isa = PBXFileReference; lastKnownFileType = sourcecode.swift; name = ScheduleView.swift; path = OPass/Views/Tabs/Schedule/ScheduleView.swift; sourceTree = SOURCE_ROOT; };
		D3C972F127F03531008561DE /* ScheduleDetailView.swift */ = {isa = PBXFileReference; lastKnownFileType = sourcecode.swift; path = ScheduleDetailView.swift; sourceTree = "<group>"; };
		D3D3788127CE440D00021FC4 /* OPassAPIViewModel.swift */ = {isa = PBXFileReference; lastKnownFileType = sourcecode.swift; path = OPassAPIViewModel.swift; sourceTree = "<group>"; };
		D3D3788A27CE542100021FC4 /* MoreModels.swift */ = {isa = PBXFileReference; lastKnownFileType = sourcecode.swift; path = MoreModels.swift; sourceTree = "<group>"; };
		D3D3789027CE62EB00021FC4 /* EventListView.swift */ = {isa = PBXFileReference; lastKnownFileType = sourcecode.swift; path = EventListView.swift; sourceTree = "<group>"; };
		D3D3789227CE70EE00021FC4 /* SettingsModel.swift */ = {isa = PBXFileReference; lastKnownFileType = sourcecode.swift; path = SettingsModel.swift; sourceTree = "<group>"; };
		D3E0123227D3667C0040621F /* ScenarioStatusModel.swift */ = {isa = PBXFileReference; lastKnownFileType = sourcecode.swift; path = ScenarioStatusModel.swift; sourceTree = "<group>"; };
		D3E0123427D38B840040621F /* ScenarioView.swift */ = {isa = PBXFileReference; lastKnownFileType = sourcecode.swift; path = ScenarioView.swift; sourceTree = "<group>"; };
		D3E0123727D38D3D0040621F /* RedeemTokenView.swift */ = {isa = PBXFileReference; lastKnownFileType = sourcecode.swift; path = RedeemTokenView.swift; sourceTree = "<group>"; };
		D3E4E6BB27CD158400FFACEB /* OPass.app */ = {isa = PBXFileReference; explicitFileType = wrapper.application; includeInIndex = 0; path = OPass.app; sourceTree = BUILT_PRODUCTS_DIR; };
		D3E4E6BE27CD158400FFACEB /* OPassApp.swift */ = {isa = PBXFileReference; lastKnownFileType = sourcecode.swift; path = OPassApp.swift; sourceTree = "<group>"; };
		D3E4E6C027CD158400FFACEB /* ContentView.swift */ = {isa = PBXFileReference; lastKnownFileType = sourcecode.swift; path = ContentView.swift; sourceTree = "<group>"; };
		D3E4E6C227CD158700FFACEB /* Assets.xcassets */ = {isa = PBXFileReference; lastKnownFileType = folder.assetcatalog; path = Assets.xcassets; sourceTree = "<group>"; };
		D3E4E6C527CD158700FFACEB /* Preview Assets.xcassets */ = {isa = PBXFileReference; lastKnownFileType = folder.assetcatalog; path = "Preview Assets.xcassets"; sourceTree = "<group>"; };
		D3EA819927F747E100FE7985 /* TicketView.swift */ = {isa = PBXFileReference; lastKnownFileType = sourcecode.swift; path = TicketView.swift; sourceTree = "<group>"; };
		D3F23B5228166DF600A0FB35 /* en */ = {isa = PBXFileReference; lastKnownFileType = text.plist.strings; name = en; path = en.lproj/Localizable.strings; sourceTree = "<group>"; };
		D3F23B5328166E0A00A0FB35 /* zh-Hant */ = {isa = PBXFileReference; lastKnownFileType = text.plist.strings; name = "zh-Hant"; path = "zh-Hant.lproj/Localizable.strings"; sourceTree = "<group>"; };
		D3FBFA62282A936100DE118E /* din.mp3 */ = {isa = PBXFileReference; lastKnownFileType = audio.mp3; path = din.mp3; sourceTree = "<group>"; };
		D3FBFA63282A936100DE118E /* don.mp3 */ = {isa = PBXFileReference; lastKnownFileType = audio.mp3; path = don.mp3; sourceTree = "<group>"; };
		D3FBFA66282A93B200DE118E /* SoundManager.swift */ = {isa = PBXFileReference; lastKnownFileType = sourcecode.swift; path = SoundManager.swift; sourceTree = "<group>"; };
/* End PBXFileReference section */

/* Begin PBXFrameworksBuildPhase section */
		D3A00F1927D837D00097A6AB /* Frameworks */ = {
			isa = PBXFrameworksBuildPhase;
			buildActionMask = 2147483647;
			files = (
				D39AC55828314137002EF23B /* OneSignal in Frameworks */,
			);
			runOnlyForDeploymentPostprocessing = 0;
		};
		D3E4E6B827CD158400FFACEB /* Frameworks */ = {
			isa = PBXFrameworksBuildPhase;
			buildActionMask = 2147483647;
			files = (
				D322F60F27EF4698007EED5D /* CodeScanner in Frameworks */,
				D323C1EC282F7F9B009AFF97 /* AlertToast in Frameworks */,
				D3EA819827F68FFF00FE7985 /* BetterSafariView in Frameworks */,
				D3E0123127D35D970040621F /* KeychainAccess in Frameworks */,
				4F5EB73127D2311200235396 /* SwiftDate in Frameworks */,
				D323C1F5282FE03C009AFF97 /* EFQRCode in Frameworks */,
				4F29D9CA27D4EA2D00292CC4 /* FirebaseAnalytics in Frameworks */,
				D3C0E21A27D51B460095169F /* NetworkExtension.framework in Frameworks */,
				D322F60C27EF3B09007EED5D /* SlideOverCard in Frameworks */,
				4F29D9CE27D4EA2D00292CC4 /* FirebaseDynamicLinks in Frameworks */,
				D3A00F2A27D838920097A6AB /* OneSignal in Frameworks */,
				4F5CA38027FDD1B400DEAB39 /* MarkdownUI in Frameworks */,
			);
			runOnlyForDeploymentPostprocessing = 0;
		};
/* End PBXFrameworksBuildPhase section */

/* Begin PBXGroup section */
		4F9E9B4C2813F08100A14905 /* Extensions */ = {
			isa = PBXGroup;
			children = (
				4F5CA37C27FD58D600DEAB39 /* ColorExtention.swift */,
				4F9E9B4D2813F0A300A14905 /* ArrayExtension.swift */,
			);
			path = Extensions;
			sourceTree = "<group>";
		};
		D3095F1627D78EB500225C7D /* Functions */ = {
			isa = PBXGroup;
			children = (
				D3095F1727D78EE600225C7D /* UNUserNotification.swift */,
				D340120F2821349200D07034 /* Localization.swift */,
				D36A2FD72829F9C500EFBDB1 /* NEHotspot.swift */,
				D3FBFA66282A93B200DE118E /* SoundManager.swift */,
			);
			path = Functions;
			sourceTree = "<group>";
		};
		D322F60927EF1862007EED5D /* Schedule */ = {
			isa = PBXGroup;
			children = (
				D3C6195027CFA9A800643D97 /* ScheduleView.swift */,
				D3C972F127F03531008561DE /* ScheduleDetailView.swift */,
			);
			path = Schedule;
			sourceTree = "<group>";
		};
		D36DC46327D46F6800012D43 /* Additions */ = {
			isa = PBXGroup;
			children = (
				4F5EB73427D3346D00235396 /* JsonDecodeHelper.swift */,
				4F22826227DD8C5E0030D73E /* FeatureHelper.swift */,
			);
			path = Additions;
			sourceTree = "<group>";
		};
		D3A00F1D27D837D00097A6AB /* OneSignalNotificationServiceExtension */ = {
			isa = PBXGroup;
			children = (
				D3A00F2C27D840C10097A6AB /* OneSignalNotificationServiceExtension.entitlements */,
				D3A00F1E27D837D00097A6AB /* NotificationService.swift */,
				D3A00F2027D837D00097A6AB /* Info.plist */,
			);
			path = OneSignalNotificationServiceExtension;
			sourceTree = "<group>";
		};
		D3BAB49C27D2536300ECD44A /* ViewModels */ = {
			isa = PBXGroup;
			children = (
				D3D3788127CE440D00021FC4 /* OPassAPIViewModel.swift */,
				D314B66E27D1089200481D5E /* EventAPIViewModel.swift */,
			);
			path = ViewModels;
			sourceTree = "<group>";
		};
		D3C0E21827D51B460095169F /* Frameworks */ = {
			isa = PBXGroup;
			children = (
				D3C0E21927D51B460095169F /* NetworkExtension.framework */,
			);
			name = Frameworks;
			sourceTree = "<group>";
		};
		D3C6194927CF963000643D97 /* Additions */ = {
			isa = PBXGroup;
			children = (
				4F9E9B4C2813F08100A14905 /* Extensions */,
				D3095F1627D78EB500225C7D /* Functions */,
				4F6968A527EBCB5E009073E4 /* SFButton.swift */,
				4F6968A727EF863A009073E4 /* TabButtonStyle.swift */,
				D301C39328053ED600D027FE /* ActivityIndicator.swift */,
				D318CE43280918C400CEA1AA /* TruncableText.swift */,
				4F3A10DB2815201D00CCE5A9 /* ImagePicker.swift */,
				D3A94D02281E62530053FEFA /* ErrorView.swift */,
			);
			path = Additions;
			sourceTree = "<group>";
		};
		D3C6195227CFC10400643D97 /* Tabs */ = {
			isa = PBXGroup;
			children = (
				D3E0123627D38CF70040621F /* Fastpass */,
				D322F60927EF1862007EED5D /* Schedule */,
				D3EA819927F747E100FE7985 /* TicketView.swift */,
				4F5EB73727D3648100235396 /* AnnounceView.swift */,
				D3C0E21B27D51C060095169F /* WifiView.swift */,
			);
			path = Tabs;
			sourceTree = "<group>";
		};
		D3D3787F27CE42A200021FC4 /* Views */ = {
			isa = PBXGroup;
			children = (
				D3E4E6C027CD158400FFACEB /* ContentView.swift */,
				D366D8EF27ED50CB00AA4267 /* MainView.swift */,
				D3D3789027CE62EB00021FC4 /* EventListView.swift */,
				D3C6194C27CF9A7400643D97 /* SettingView.swift */,
				D3C6195227CFC10400643D97 /* Tabs */,
				D3C6194927CF963000643D97 /* Additions */,
			);
			path = Views;
			sourceTree = "<group>";
		};
		D3D3788027CE43D700021FC4 /* OPassAPI */ = {
			isa = PBXGroup;
			children = (
				4FEF38FA27D13FBA00FC97F4 /* APIRepo.swift */,
				D3BAB49C27D2536300ECD44A /* ViewModels */,
				D3D3788327CE441200021FC4 /* Models */,
				D36DC46327D46F6800012D43 /* Additions */,
			);
			path = OPassAPI;
			sourceTree = "<group>";
		};
		D3D3788327CE441200021FC4 /* Models */ = {
			isa = PBXGroup;
			children = (
				D3C6194727CF864B00643D97 /* ScheduleModel.swift */,
				D3D3789227CE70EE00021FC4 /* SettingsModel.swift */,
				D3E0123227D3667C0040621F /* ScenarioStatusModel.swift */,
				4F35B17B27D3850B0023621F /* AnnouncementModel.swift */,
				D3D3788A27CE542100021FC4 /* MoreModels.swift */,
				4F8522E02817D4C00015BB13 /* EventTitleModel.swift */,
			);
			path = Models;
			sourceTree = "<group>";
		};
		D3E0123627D38CF70040621F /* Fastpass */ = {
			isa = PBXGroup;
			children = (
				D358E55727EDEDB2000A6554 /* FastpassView.swift */,
				D3E0123427D38B840040621F /* ScenarioView.swift */,
				D3602CAB280400D8001D9C15 /* UseScenarioView.swift */,
				D3E0123727D38D3D0040621F /* RedeemTokenView.swift */,
			);
			path = Fastpass;
			sourceTree = "<group>";
		};
		D3E4E6B227CD158400FFACEB = {
			isa = PBXGroup;
			children = (
				D3E4E6BD27CD158400FFACEB /* OPass */,
				D3F23B4B28166CE200A0FB35 /* Supporting Files */,
				D3A00F1D27D837D00097A6AB /* OneSignalNotificationServiceExtension */,
				D3E4E6BC27CD158400FFACEB /* Products */,
				D3C0E21827D51B460095169F /* Frameworks */,
			);
			sourceTree = "<group>";
		};
		D3E4E6BC27CD158400FFACEB /* Products */ = {
			isa = PBXGroup;
			children = (
				D3E4E6BB27CD158400FFACEB /* OPass.app */,
				D3A00F1C27D837D00097A6AB /* OneSignalNotificationServiceExtension.appex */,
			);
			name = Products;
			sourceTree = "<group>";
		};
		D3E4E6BD27CD158400FFACEB /* OPass */ = {
			isa = PBXGroup;
			children = (
				D31900D7281CF07E00864982 /* LaunchScreen.storyboard */,
				D3A00F2B27D839B10097A6AB /* Info.plist */,
				D3C0E21727D51B460095169F /* OPass.entitlements */,
				4F29D9C627D4E6DA00292CC4 /* GoogleService-Info.plist */,
				D3E4E6BE27CD158400FFACEB /* OPassApp.swift */,
				D3D3787F27CE42A200021FC4 /* Views */,
				D3D3788027CE43D700021FC4 /* OPassAPI */,
				D3E4E6C427CD158700FFACEB /* Preview Content */,
			);
			path = OPass;
			sourceTree = "<group>";
		};
		D3E4E6C427CD158700FFACEB /* Preview Content */ = {
			isa = PBXGroup;
			children = (
				D3E4E6C527CD158700FFACEB /* Preview Assets.xcassets */,
				4F48B5D327CF07910010FC2C /* eventListSample.json */,
				4F48B5D527CF081D0010FC2C /* OPassAPISampleExt.swift */,
				4F48B5D727CF353C0010FC2C /* eventSettingsSample.json */,
				4F5EB73927D37D4A00235396 /* announcementSample.json */,
			);
			path = "Preview Content";
			sourceTree = "<group>";
		};
		D3F23B4B28166CE200A0FB35 /* Supporting Files */ = {
			isa = PBXGroup;
			children = (
				D3E4E6C227CD158700FFACEB /* Assets.xcassets */,
				D3FBFA61282A935400DE118E /* Sounds */,
				D3F23B4C28166D2F00A0FB35 /* OPass */,
			);
			path = "Supporting Files";
			sourceTree = "<group>";
		};
		D3F23B4C28166D2F00A0FB35 /* OPass */ = {
			isa = PBXGroup;
			children = (
				D31900DB281CF17600864982 /* LaunchScreen@1x.png */,
				D31900D9281CF17500864982 /* LaunchScreen@2x.png */,
				D31900DA281CF17600864982 /* LaunchScreen@3x.png */,
				D3F23B5128166DEF00A0FB35 /* Localizable.strings */,
			);
			path = OPass;
			sourceTree = "<group>";
		};
		D3FBFA61282A935400DE118E /* Sounds */ = {
			isa = PBXGroup;
			children = (
				D3FBFA62282A936100DE118E /* din.mp3 */,
				D3FBFA63282A936100DE118E /* don.mp3 */,
			);
			path = Sounds;
			sourceTree = "<group>";
		};
/* End PBXGroup section */

/* Begin PBXNativeTarget section */
		D3A00F1B27D837D00097A6AB /* OneSignalNotificationServiceExtension */ = {
			isa = PBXNativeTarget;
			buildConfigurationList = D3A00F2727D837D00097A6AB /* Build configuration list for PBXNativeTarget "OneSignalNotificationServiceExtension" */;
			buildPhases = (
				D3A00F1827D837D00097A6AB /* Sources */,
				D3A00F1927D837D00097A6AB /* Frameworks */,
				D3A00F1A27D837D00097A6AB /* Resources */,
			);
			buildRules = (
			);
			dependencies = (
			);
			name = OneSignalNotificationServiceExtension;
			packageProductDependencies = (
				D39AC55728314137002EF23B /* OneSignal */,
			);
			productName = OneSignalNotificationServiceExtension;
			productReference = D3A00F1C27D837D00097A6AB /* OneSignalNotificationServiceExtension.appex */;
			productType = "com.apple.product-type.app-extension";
		};
		D3E4E6BA27CD158400FFACEB /* OPass */ = {
			isa = PBXNativeTarget;
			buildConfigurationList = D3E4E6C927CD158700FFACEB /* Build configuration list for PBXNativeTarget "OPass" */;
			buildPhases = (
				D3E4E6B727CD158400FFACEB /* Sources */,
				D3E4E6B827CD158400FFACEB /* Frameworks */,
				D3E4E6B927CD158400FFACEB /* Resources */,
				D3A00F2427D837D00097A6AB /* Embed App Extensions */,
			);
			buildRules = (
			);
			dependencies = (
				D3A00F2227D837D00097A6AB /* PBXTargetDependency */,
			);
			name = OPass;
			packageProductDependencies = (
				4F5EB73027D2311200235396 /* SwiftDate */,
				D3E0123027D35D970040621F /* KeychainAccess */,
				4F29D9C927D4EA2D00292CC4 /* FirebaseAnalytics */,
				4F29D9CD27D4EA2D00292CC4 /* FirebaseDynamicLinks */,
				D3A00F2927D838920097A6AB /* OneSignal */,
				D322F60B27EF3B09007EED5D /* SlideOverCard */,
				D322F60E27EF4698007EED5D /* CodeScanner */,
				D3EA819727F68FFF00FE7985 /* BetterSafariView */,
				4F5CA37F27FDD1B400DEAB39 /* MarkdownUI */,
				D323C1EB282F7F9B009AFF97 /* AlertToast */,
				D323C1F4282FE03C009AFF97 /* EFQRCode */,
			);
			productName = OPass;
			productReference = D3E4E6BB27CD158400FFACEB /* OPass.app */;
			productType = "com.apple.product-type.application";
		};
/* End PBXNativeTarget section */

/* Begin PBXProject section */
		D3E4E6B327CD158400FFACEB /* Project object */ = {
			isa = PBXProject;
			attributes = {
				BuildIndependentTargetsInParallel = 1;
				LastSwiftUpdateCheck = 1320;
				LastUpgradeCheck = 1320;
				TargetAttributes = {
					D3A00F1B27D837D00097A6AB = {
						CreatedOnToolsVersion = 13.2.1;
					};
					D3E4E6BA27CD158400FFACEB = {
						CreatedOnToolsVersion = 13.2.1;
					};
				};
			};
			buildConfigurationList = D3E4E6B627CD158400FFACEB /* Build configuration list for PBXProject "OPass" */;
			compatibilityVersion = "Xcode 13.0";
			developmentRegion = en;
			hasScannedForEncodings = 0;
			knownRegions = (
				en,
				"zh-Hant",
			);
			mainGroup = D3E4E6B227CD158400FFACEB;
			packageReferences = (
				4F5EB72F27D2311200235396 /* XCRemoteSwiftPackageReference "SwiftDate" */,
				D3E0122F27D35D970040621F /* XCRemoteSwiftPackageReference "KeychainAccess" */,
				4F29D9C827D4EA2D00292CC4 /* XCRemoteSwiftPackageReference "firebase-ios-sdk" */,
				D3A00F2827D838920097A6AB /* XCRemoteSwiftPackageReference "OneSignal-XCFramework" */,
				D322F60A27EF3B09007EED5D /* XCRemoteSwiftPackageReference "SlideOverCard" */,
				D322F60D27EF4698007EED5D /* XCRemoteSwiftPackageReference "CodeScanner" */,
				D3EA819627F68FFE00FE7985 /* XCRemoteSwiftPackageReference "BetterSafariView" */,
				4F5CA37E27FDD1B300DEAB39 /* XCRemoteSwiftPackageReference "MarkdownUI" */,
				D323C1EA282F7F9A009AFF97 /* XCRemoteSwiftPackageReference "AlertToast" */,
				D323C1F3282FE03C009AFF97 /* XCRemoteSwiftPackageReference "EFQRCode" */,
			);
			productRefGroup = D3E4E6BC27CD158400FFACEB /* Products */;
			projectDirPath = "";
			projectRoot = "";
			targets = (
				D3E4E6BA27CD158400FFACEB /* OPass */,
				D3A00F1B27D837D00097A6AB /* OneSignalNotificationServiceExtension */,
			);
		};
/* End PBXProject section */

/* Begin PBXResourcesBuildPhase section */
		D3A00F1A27D837D00097A6AB /* Resources */ = {
			isa = PBXResourcesBuildPhase;
			buildActionMask = 2147483647;
			files = (
			);
			runOnlyForDeploymentPostprocessing = 0;
		};
		D3E4E6B927CD158400FFACEB /* Resources */ = {
			isa = PBXResourcesBuildPhase;
			buildActionMask = 2147483647;
			files = (
				D3FBFA64282A936100DE118E /* din.mp3 in Resources */,
				D31900DE281CF17600864982 /* LaunchScreen@1x.png in Resources */,
				D31900DD281CF17600864982 /* LaunchScreen@3x.png in Resources */,
				4F5EB73A27D37D4A00235396 /* announcementSample.json in Resources */,
				D31900D8281CF07E00864982 /* LaunchScreen.storyboard in Resources */,
				D3E4E6C627CD158700FFACEB /* Preview Assets.xcassets in Resources */,
				4F29D9C727D4E6DA00292CC4 /* GoogleService-Info.plist in Resources */,
				D3FBFA65282A936100DE118E /* don.mp3 in Resources */,
				D3F23B4F28166DEF00A0FB35 /* Localizable.strings in Resources */,
				D31900DC281CF17600864982 /* LaunchScreen@2x.png in Resources */,
				4F48B5D827CF353C0010FC2C /* eventSettingsSample.json in Resources */,
				D3E4E6C327CD158700FFACEB /* Assets.xcassets in Resources */,
				4F48B5D427CF07910010FC2C /* eventListSample.json in Resources */,
			);
			runOnlyForDeploymentPostprocessing = 0;
		};
/* End PBXResourcesBuildPhase section */

/* Begin PBXSourcesBuildPhase section */
		D3A00F1827D837D00097A6AB /* Sources */ = {
			isa = PBXSourcesBuildPhase;
			buildActionMask = 2147483647;
			files = (
				D3A00F1F27D837D00097A6AB /* NotificationService.swift in Sources */,
			);
			runOnlyForDeploymentPostprocessing = 0;
		};
		D3E4E6B727CD158400FFACEB /* Sources */ = {
			isa = PBXSourcesBuildPhase;
			buildActionMask = 2147483647;
			files = (
				D3602CAC280400D8001D9C15 /* UseScenarioView.swift in Sources */,
				D3D3788227CE440D00021FC4 /* OPassAPIViewModel.swift in Sources */,
				D366D8F027ED50CB00AA4267 /* MainView.swift in Sources */,
				D3C6194D27CF9A7400643D97 /* SettingView.swift in Sources */,
				D3095F1827D78EE600225C7D /* UNUserNotification.swift in Sources */,
				D3E4E6C127CD158400FFACEB /* ContentView.swift in Sources */,
				4F35B17C27D3850B0023621F /* AnnouncementModel.swift in Sources */,
				D3D3789327CE70EE00021FC4 /* SettingsModel.swift in Sources */,
				D3D3789127CE62EB00021FC4 /* EventListView.swift in Sources */,
				4F22826327DD8C5E0030D73E /* FeatureHelper.swift in Sources */,
				D3EA819A27F747E100FE7985 /* TicketView.swift in Sources */,
				4F9E9B4E2813F0A300A14905 /* ArrayExtension.swift in Sources */,
				D3E0123527D38B840040621F /* ScenarioView.swift in Sources */,
				4F6968A827EF863A009073E4 /* TabButtonStyle.swift in Sources */,
				D34012102821349200D07034 /* Localization.swift in Sources */,
				D3D3788B27CE542100021FC4 /* MoreModels.swift in Sources */,
				4F8522E12817D4C00015BB13 /* EventTitleModel.swift in Sources */,
				D3FBFA67282A93B200DE118E /* SoundManager.swift in Sources */,
				4F5EB73527D3346D00235396 /* JsonDecodeHelper.swift in Sources */,
				D3C6195127CFA9A800643D97 /* ScheduleView.swift in Sources */,
				D3C6194827CF864B00643D97 /* ScheduleModel.swift in Sources */,
				4F3A10DC2815201E00CCE5A9 /* ImagePicker.swift in Sources */,
				4F5CA37D27FD58D600DEAB39 /* ColorExtention.swift in Sources */,
				D318CE44280918C400CEA1AA /* TruncableText.swift in Sources */,
				D3E0123327D3667C0040621F /* ScenarioStatusModel.swift in Sources */,
				D358E55827EDEDB2000A6554 /* FastpassView.swift in Sources */,
				D36A2FD82829F9C500EFBDB1 /* NEHotspot.swift in Sources */,
				D3E0123827D38D3D0040621F /* RedeemTokenView.swift in Sources */,
				D3A94D03281E62530053FEFA /* ErrorView.swift in Sources */,
				4F48B5D627CF081D0010FC2C /* OPassAPISampleExt.swift in Sources */,
				D314B66F27D1089200481D5E /* EventAPIViewModel.swift in Sources */,
				D301C39428053ED600D027FE /* ActivityIndicator.swift in Sources */,
				4FEF38FB27D13FBA00FC97F4 /* APIRepo.swift in Sources */,
				D3C0E21C27D51C060095169F /* WifiView.swift in Sources */,
				D3E4E6BF27CD158400FFACEB /* OPassApp.swift in Sources */,
				4F6968A627EBCB5E009073E4 /* SFButton.swift in Sources */,
				4F5EB73827D3648100235396 /* AnnounceView.swift in Sources */,
				D3C972F227F03531008561DE /* ScheduleDetailView.swift in Sources */,
			);
			runOnlyForDeploymentPostprocessing = 0;
		};
/* End PBXSourcesBuildPhase section */

/* Begin PBXTargetDependency section */
		D3A00F2227D837D00097A6AB /* PBXTargetDependency */ = {
			isa = PBXTargetDependency;
			target = D3A00F1B27D837D00097A6AB /* OneSignalNotificationServiceExtension */;
			targetProxy = D3A00F2127D837D00097A6AB /* PBXContainerItemProxy */;
		};
/* End PBXTargetDependency section */

/* Begin PBXVariantGroup section */
		D3F23B5128166DEF00A0FB35 /* Localizable.strings */ = {
			isa = PBXVariantGroup;
			children = (
				D3F23B5228166DF600A0FB35 /* en */,
				D3F23B5328166E0A00A0FB35 /* zh-Hant */,
			);
			name = Localizable.strings;
			sourceTree = "<group>";
		};
/* End PBXVariantGroup section */

/* Begin XCBuildConfiguration section */
		D3A00F2527D837D00097A6AB /* Debug */ = {
			isa = XCBuildConfiguration;
			buildSettings = {
				CODE_SIGN_ENTITLEMENTS = OneSignalNotificationServiceExtension/OneSignalNotificationServiceExtension.entitlements;
				CODE_SIGN_STYLE = Automatic;
				CURRENT_PROJECT_VERSION = 4;
				DEVELOPMENT_TEAM = 9UZ879Y8DL;
				GENERATE_INFOPLIST_FILE = YES;
				INFOPLIST_FILE = OneSignalNotificationServiceExtension/Info.plist;
				INFOPLIST_KEY_CFBundleDisplayName = OneSignalNotificationServiceExtension;
				INFOPLIST_KEY_NSHumanReadableCopyright = "";
				IPHONEOS_DEPLOYMENT_TARGET = 15.0;
				LD_RUNPATH_SEARCH_PATHS = (
					"$(inherited)",
					"@executable_path/Frameworks",
					"@executable_path/../../Frameworks",
				);
				MARKETING_VERSION = 4.0.0;
				PRODUCT_BUNDLE_IDENTIFIER = app.opass.ccip.OneSignalNotificationServiceExtension;
				PRODUCT_NAME = "$(TARGET_NAME)";
				SKIP_INSTALL = YES;
				SWIFT_EMIT_LOC_STRINGS = YES;
				SWIFT_VERSION = 5.0;
				TARGETED_DEVICE_FAMILY = 1;
			};
			name = Debug;
		};
		D3A00F2627D837D00097A6AB /* Release */ = {
			isa = XCBuildConfiguration;
			buildSettings = {
				CODE_SIGN_ENTITLEMENTS = OneSignalNotificationServiceExtension/OneSignalNotificationServiceExtension.entitlements;
				CODE_SIGN_STYLE = Automatic;
				CURRENT_PROJECT_VERSION = 4;
				DEVELOPMENT_TEAM = 9UZ879Y8DL;
				GENERATE_INFOPLIST_FILE = YES;
				INFOPLIST_FILE = OneSignalNotificationServiceExtension/Info.plist;
				INFOPLIST_KEY_CFBundleDisplayName = OneSignalNotificationServiceExtension;
				INFOPLIST_KEY_NSHumanReadableCopyright = "";
				IPHONEOS_DEPLOYMENT_TARGET = 15.0;
				LD_RUNPATH_SEARCH_PATHS = (
					"$(inherited)",
					"@executable_path/Frameworks",
					"@executable_path/../../Frameworks",
				);
				MARKETING_VERSION = 4.0.0;
				PRODUCT_BUNDLE_IDENTIFIER = app.opass.ccip.OneSignalNotificationServiceExtension;
				PRODUCT_NAME = "$(TARGET_NAME)";
				SKIP_INSTALL = YES;
				SWIFT_EMIT_LOC_STRINGS = YES;
				SWIFT_VERSION = 5.0;
				TARGETED_DEVICE_FAMILY = 1;
			};
			name = Release;
		};
		D3E4E6C727CD158700FFACEB /* Debug */ = {
			isa = XCBuildConfiguration;
			buildSettings = {
				ALWAYS_SEARCH_USER_PATHS = NO;
				CLANG_ANALYZER_NONNULL = YES;
				CLANG_ANALYZER_NUMBER_OBJECT_CONVERSION = YES_AGGRESSIVE;
				CLANG_CXX_LANGUAGE_STANDARD = "gnu++17";
				CLANG_CXX_LIBRARY = "libc++";
				CLANG_ENABLE_MODULES = YES;
				CLANG_ENABLE_OBJC_ARC = YES;
				CLANG_ENABLE_OBJC_WEAK = YES;
				CLANG_WARN_BLOCK_CAPTURE_AUTORELEASING = YES;
				CLANG_WARN_BOOL_CONVERSION = YES;
				CLANG_WARN_COMMA = YES;
				CLANG_WARN_CONSTANT_CONVERSION = YES;
				CLANG_WARN_DEPRECATED_OBJC_IMPLEMENTATIONS = YES;
				CLANG_WARN_DIRECT_OBJC_ISA_USAGE = YES_ERROR;
				CLANG_WARN_DOCUMENTATION_COMMENTS = YES;
				CLANG_WARN_EMPTY_BODY = YES;
				CLANG_WARN_ENUM_CONVERSION = YES;
				CLANG_WARN_INFINITE_RECURSION = YES;
				CLANG_WARN_INT_CONVERSION = YES;
				CLANG_WARN_NON_LITERAL_NULL_CONVERSION = YES;
				CLANG_WARN_OBJC_IMPLICIT_RETAIN_SELF = YES;
				CLANG_WARN_OBJC_LITERAL_CONVERSION = YES;
				CLANG_WARN_OBJC_ROOT_CLASS = YES_ERROR;
				CLANG_WARN_QUOTED_INCLUDE_IN_FRAMEWORK_HEADER = YES;
				CLANG_WARN_RANGE_LOOP_ANALYSIS = YES;
				CLANG_WARN_STRICT_PROTOTYPES = YES;
				CLANG_WARN_SUSPICIOUS_MOVE = YES;
				CLANG_WARN_UNGUARDED_AVAILABILITY = YES_AGGRESSIVE;
				CLANG_WARN_UNREACHABLE_CODE = YES;
				CLANG_WARN__DUPLICATE_METHOD_MATCH = YES;
				COPY_PHASE_STRIP = NO;
				DEBUG_INFORMATION_FORMAT = dwarf;
				ENABLE_STRICT_OBJC_MSGSEND = YES;
				ENABLE_TESTABILITY = YES;
				GCC_C_LANGUAGE_STANDARD = gnu11;
				GCC_DYNAMIC_NO_PIC = NO;
				GCC_NO_COMMON_BLOCKS = YES;
				GCC_OPTIMIZATION_LEVEL = 0;
				GCC_PREPROCESSOR_DEFINITIONS = (
					"DEBUG=1",
					"$(inherited)",
				);
				GCC_WARN_64_TO_32_BIT_CONVERSION = YES;
				GCC_WARN_ABOUT_RETURN_TYPE = YES_ERROR;
				GCC_WARN_UNDECLARED_SELECTOR = YES;
				GCC_WARN_UNINITIALIZED_AUTOS = YES_AGGRESSIVE;
				GCC_WARN_UNUSED_FUNCTION = YES;
				GCC_WARN_UNUSED_VARIABLE = YES;
				IPHONEOS_DEPLOYMENT_TARGET = 15.0;
				MTL_ENABLE_DEBUG_INFO = INCLUDE_SOURCE;
				MTL_FAST_MATH = YES;
				ONLY_ACTIVE_ARCH = YES;
				SDKROOT = iphoneos;
				SWIFT_ACTIVE_COMPILATION_CONDITIONS = DEBUG;
				SWIFT_OPTIMIZATION_LEVEL = "-Onone";
			};
			name = Debug;
		};
		D3E4E6C827CD158700FFACEB /* Release */ = {
			isa = XCBuildConfiguration;
			buildSettings = {
				ALWAYS_SEARCH_USER_PATHS = NO;
				CLANG_ANALYZER_NONNULL = YES;
				CLANG_ANALYZER_NUMBER_OBJECT_CONVERSION = YES_AGGRESSIVE;
				CLANG_CXX_LANGUAGE_STANDARD = "gnu++17";
				CLANG_CXX_LIBRARY = "libc++";
				CLANG_ENABLE_MODULES = YES;
				CLANG_ENABLE_OBJC_ARC = YES;
				CLANG_ENABLE_OBJC_WEAK = YES;
				CLANG_WARN_BLOCK_CAPTURE_AUTORELEASING = YES;
				CLANG_WARN_BOOL_CONVERSION = YES;
				CLANG_WARN_COMMA = YES;
				CLANG_WARN_CONSTANT_CONVERSION = YES;
				CLANG_WARN_DEPRECATED_OBJC_IMPLEMENTATIONS = YES;
				CLANG_WARN_DIRECT_OBJC_ISA_USAGE = YES_ERROR;
				CLANG_WARN_DOCUMENTATION_COMMENTS = YES;
				CLANG_WARN_EMPTY_BODY = YES;
				CLANG_WARN_ENUM_CONVERSION = YES;
				CLANG_WARN_INFINITE_RECURSION = YES;
				CLANG_WARN_INT_CONVERSION = YES;
				CLANG_WARN_NON_LITERAL_NULL_CONVERSION = YES;
				CLANG_WARN_OBJC_IMPLICIT_RETAIN_SELF = YES;
				CLANG_WARN_OBJC_LITERAL_CONVERSION = YES;
				CLANG_WARN_OBJC_ROOT_CLASS = YES_ERROR;
				CLANG_WARN_QUOTED_INCLUDE_IN_FRAMEWORK_HEADER = YES;
				CLANG_WARN_RANGE_LOOP_ANALYSIS = YES;
				CLANG_WARN_STRICT_PROTOTYPES = YES;
				CLANG_WARN_SUSPICIOUS_MOVE = YES;
				CLANG_WARN_UNGUARDED_AVAILABILITY = YES_AGGRESSIVE;
				CLANG_WARN_UNREACHABLE_CODE = YES;
				CLANG_WARN__DUPLICATE_METHOD_MATCH = YES;
				COPY_PHASE_STRIP = NO;
				DEBUG_INFORMATION_FORMAT = "dwarf-with-dsym";
				ENABLE_NS_ASSERTIONS = NO;
				ENABLE_STRICT_OBJC_MSGSEND = YES;
				GCC_C_LANGUAGE_STANDARD = gnu11;
				GCC_NO_COMMON_BLOCKS = YES;
				GCC_WARN_64_TO_32_BIT_CONVERSION = YES;
				GCC_WARN_ABOUT_RETURN_TYPE = YES_ERROR;
				GCC_WARN_UNDECLARED_SELECTOR = YES;
				GCC_WARN_UNINITIALIZED_AUTOS = YES_AGGRESSIVE;
				GCC_WARN_UNUSED_FUNCTION = YES;
				GCC_WARN_UNUSED_VARIABLE = YES;
				IPHONEOS_DEPLOYMENT_TARGET = 15.0;
				MTL_ENABLE_DEBUG_INFO = NO;
				MTL_FAST_MATH = YES;
				SDKROOT = iphoneos;
				SWIFT_COMPILATION_MODE = wholemodule;
				SWIFT_OPTIMIZATION_LEVEL = "-O";
				VALIDATE_PRODUCT = YES;
			};
			name = Release;
		};
		D3E4E6CA27CD158700FFACEB /* Debug */ = {
			isa = XCBuildConfiguration;
			buildSettings = {
				ALWAYS_EMBED_SWIFT_STANDARD_LIBRARIES = YES;
				ASSETCATALOG_COMPILER_APPICON_NAME = "AppIcon-Dev";
				ASSETCATALOG_COMPILER_GLOBAL_ACCENT_COLOR_NAME = AccentColor;
				ASSETCATALOG_COMPILER_INCLUDE_ALL_APPICON_ASSETS = NO;
				CODE_SIGN_ENTITLEMENTS = OPass/OPass.entitlements;
				CODE_SIGN_STYLE = Automatic;
				CURRENT_PROJECT_VERSION = 4;
				DEVELOPMENT_ASSET_PATHS = "\"OPass/Preview Content\"";
				DEVELOPMENT_TEAM = 9UZ879Y8DL;
				ENABLE_PREVIEWS = YES;
				GENERATE_INFOPLIST_FILE = YES;
				INFOPLIST_FILE = OPass/Info.plist;
				INFOPLIST_KEY_NSCameraUsageDescription = "Use Camera to scan QRCode inoder to get token";
				INFOPLIST_KEY_NSLocationWhenInUseUsageDescription = "App requires your consent to access location during use";
				INFOPLIST_KEY_UIApplicationSceneManifest_Generation = YES;
				INFOPLIST_KEY_UIApplicationSupportsIndirectInputEvents = YES;
				INFOPLIST_KEY_UILaunchScreen_Generation = YES;
				INFOPLIST_KEY_UISupportedInterfaceOrientations = UIInterfaceOrientationPortrait;
				INFOPLIST_KEY_UISupportedInterfaceOrientations_iPad = "UIInterfaceOrientationPortrait UIInterfaceOrientationPortraitUpsideDown UIInterfaceOrientationLandscapeLeft UIInterfaceOrientationLandscapeRight";
				INFOPLIST_KEY_UISupportedInterfaceOrientations_iPhone = UIInterfaceOrientationPortrait;
				LD_RUNPATH_SEARCH_PATHS = (
					"$(inherited)",
					"@executable_path/Frameworks",
				);
				MARKETING_VERSION = 4.0.0;
				PRODUCT_BUNDLE_IDENTIFIER = app.opass.ccip;
				PRODUCT_NAME = "$(TARGET_NAME)";
				SWIFT_EMIT_LOC_STRINGS = YES;
				SWIFT_VERSION = 5.0;
				TARGETED_DEVICE_FAMILY = 1;
			};
			name = Debug;
		};
		D3E4E6CB27CD158700FFACEB /* Release */ = {
			isa = XCBuildConfiguration;
			buildSettings = {
				ALWAYS_EMBED_SWIFT_STANDARD_LIBRARIES = YES;
				ASSETCATALOG_COMPILER_APPICON_NAME = "AppIcon-Dev";
				ASSETCATALOG_COMPILER_GLOBAL_ACCENT_COLOR_NAME = AccentColor;
				ASSETCATALOG_COMPILER_INCLUDE_ALL_APPICON_ASSETS = NO;
				CODE_SIGN_ENTITLEMENTS = OPass/OPass.entitlements;
				CODE_SIGN_STYLE = Automatic;
				CURRENT_PROJECT_VERSION = 4;
				DEVELOPMENT_ASSET_PATHS = "\"OPass/Preview Content\"";
				DEVELOPMENT_TEAM = 9UZ879Y8DL;
				ENABLE_PREVIEWS = YES;
				GENERATE_INFOPLIST_FILE = YES;
				INFOPLIST_FILE = OPass/Info.plist;
				INFOPLIST_KEY_NSCameraUsageDescription = "Use Camera to scan QRCode inoder to get token";
				INFOPLIST_KEY_NSLocationWhenInUseUsageDescription = "App requires your consent to access location during use";
				INFOPLIST_KEY_UIApplicationSceneManifest_Generation = YES;
				INFOPLIST_KEY_UIApplicationSupportsIndirectInputEvents = YES;
				INFOPLIST_KEY_UILaunchScreen_Generation = YES;
				INFOPLIST_KEY_UISupportedInterfaceOrientations = UIInterfaceOrientationPortrait;
				INFOPLIST_KEY_UISupportedInterfaceOrientations_iPad = "UIInterfaceOrientationPortrait UIInterfaceOrientationPortraitUpsideDown UIInterfaceOrientationLandscapeLeft UIInterfaceOrientationLandscapeRight";
				INFOPLIST_KEY_UISupportedInterfaceOrientations_iPhone = UIInterfaceOrientationPortrait;
				LD_RUNPATH_SEARCH_PATHS = (
					"$(inherited)",
					"@executable_path/Frameworks",
				);
				MARKETING_VERSION = 4.0.0;
				PRODUCT_BUNDLE_IDENTIFIER = app.opass.ccip;
				PRODUCT_NAME = "$(TARGET_NAME)";
				SWIFT_EMIT_LOC_STRINGS = YES;
				SWIFT_VERSION = 5.0;
				TARGETED_DEVICE_FAMILY = 1;
			};
			name = Release;
		};
/* End XCBuildConfiguration section */

/* Begin XCConfigurationList section */
		D3A00F2727D837D00097A6AB /* Build configuration list for PBXNativeTarget "OneSignalNotificationServiceExtension" */ = {
			isa = XCConfigurationList;
			buildConfigurations = (
				D3A00F2527D837D00097A6AB /* Debug */,
				D3A00F2627D837D00097A6AB /* Release */,
			);
			defaultConfigurationIsVisible = 0;
			defaultConfigurationName = Release;
		};
		D3E4E6B627CD158400FFACEB /* Build configuration list for PBXProject "OPass" */ = {
			isa = XCConfigurationList;
			buildConfigurations = (
				D3E4E6C727CD158700FFACEB /* Debug */,
				D3E4E6C827CD158700FFACEB /* Release */,
			);
			defaultConfigurationIsVisible = 0;
			defaultConfigurationName = Release;
		};
		D3E4E6C927CD158700FFACEB /* Build configuration list for PBXNativeTarget "OPass" */ = {
			isa = XCConfigurationList;
			buildConfigurations = (
				D3E4E6CA27CD158700FFACEB /* Debug */,
				D3E4E6CB27CD158700FFACEB /* Release */,
			);
			defaultConfigurationIsVisible = 0;
			defaultConfigurationName = Release;
		};
/* End XCConfigurationList section */

/* Begin XCRemoteSwiftPackageReference section */
		4F29D9C827D4EA2D00292CC4 /* XCRemoteSwiftPackageReference "firebase-ios-sdk" */ = {
			isa = XCRemoteSwiftPackageReference;
			repositoryURL = "https://github.com/firebase/firebase-ios-sdk.git";
			requirement = {
				kind = upToNextMajorVersion;
				minimumVersion = 8.0.0;
			};
		};
		4F5CA37E27FDD1B300DEAB39 /* XCRemoteSwiftPackageReference "MarkdownUI" */ = {
			isa = XCRemoteSwiftPackageReference;
			repositoryURL = "https://github.com/gonzalezreal/MarkdownUI";
			requirement = {
				kind = upToNextMajorVersion;
				minimumVersion = 1.1.0;
			};
		};
		4F5EB72F27D2311200235396 /* XCRemoteSwiftPackageReference "SwiftDate" */ = {
			isa = XCRemoteSwiftPackageReference;
			repositoryURL = "https://github.com/malcommac/SwiftDate.git";
			requirement = {
				kind = upToNextMajorVersion;
				minimumVersion = 6.3.0;
			};
		};
		D322F60A27EF3B09007EED5D /* XCRemoteSwiftPackageReference "SlideOverCard" */ = {
			isa = XCRemoteSwiftPackageReference;
			repositoryURL = "https://github.com/joogps/SlideOverCard";
			requirement = {
				kind = upToNextMajorVersion;
				minimumVersion = 2.0.0;
			};
		};
		D322F60D27EF4698007EED5D /* XCRemoteSwiftPackageReference "CodeScanner" */ = {
			isa = XCRemoteSwiftPackageReference;
			repositoryURL = "https://github.com/twostraws/CodeScanner";
			requirement = {
				kind = upToNextMajorVersion;
				minimumVersion = 2.0.0;
			};
		};
		D323C1EA282F7F9A009AFF97 /* XCRemoteSwiftPackageReference "AlertToast" */ = {
			isa = XCRemoteSwiftPackageReference;
			repositoryURL = "https://github.com/elai950/AlertToast.git";
			requirement = {
				kind = upToNextMajorVersion;
				minimumVersion = 1.3.7;
			};
		};
		D323C1F3282FE03C009AFF97 /* XCRemoteSwiftPackageReference "EFQRCode" */ = {
			isa = XCRemoteSwiftPackageReference;
			repositoryURL = "https://github.com/EFPrefix/EFQRCode.git";
			requirement = {
				kind = upToNextMajorVersion;
				minimumVersion = 6.2.1;
			};
		};
		D3A00F2827D838920097A6AB /* XCRemoteSwiftPackageReference "OneSignal-XCFramework" */ = {
			isa = XCRemoteSwiftPackageReference;
			repositoryURL = "https://github.com/OneSignal/OneSignal-XCFramework";
			requirement = {
				kind = upToNextMajorVersion;
				minimumVersion = 3.0.0;
			};
		};
		D3E0122F27D35D970040621F /* XCRemoteSwiftPackageReference "KeychainAccess" */ = {
			isa = XCRemoteSwiftPackageReference;
			repositoryURL = "https://github.com/kishikawakatsumi/KeychainAccess.git";
			requirement = {
				kind = upToNextMajorVersion;
				minimumVersion = 4.2.2;
			};
		};
		D3EA819627F68FFE00FE7985 /* XCRemoteSwiftPackageReference "BetterSafariView" */ = {
			isa = XCRemoteSwiftPackageReference;
			repositoryURL = "https://github.com/stleamist/BetterSafariView.git";
			requirement = {
				kind = upToNextMajorVersion;
				minimumVersion = 2.4.0;
			};
		};
/* End XCRemoteSwiftPackageReference section */

/* Begin XCSwiftPackageProductDependency section */
		4F29D9C927D4EA2D00292CC4 /* FirebaseAnalytics */ = {
			isa = XCSwiftPackageProductDependency;
			package = 4F29D9C827D4EA2D00292CC4 /* XCRemoteSwiftPackageReference "firebase-ios-sdk" */;
			productName = FirebaseAnalytics;
		};
		4F29D9CD27D4EA2D00292CC4 /* FirebaseDynamicLinks */ = {
			isa = XCSwiftPackageProductDependency;
			package = 4F29D9C827D4EA2D00292CC4 /* XCRemoteSwiftPackageReference "firebase-ios-sdk" */;
			productName = FirebaseDynamicLinks;
		};
		4F5CA37F27FDD1B400DEAB39 /* MarkdownUI */ = {
			isa = XCSwiftPackageProductDependency;
			package = 4F5CA37E27FDD1B300DEAB39 /* XCRemoteSwiftPackageReference "MarkdownUI" */;
			productName = MarkdownUI;
		};
		4F5EB73027D2311200235396 /* SwiftDate */ = {
			isa = XCSwiftPackageProductDependency;
			package = 4F5EB72F27D2311200235396 /* XCRemoteSwiftPackageReference "SwiftDate" */;
			productName = SwiftDate;
		};
		D322F60B27EF3B09007EED5D /* SlideOverCard */ = {
			isa = XCSwiftPackageProductDependency;
			package = D322F60A27EF3B09007EED5D /* XCRemoteSwiftPackageReference "SlideOverCard" */;
			productName = SlideOverCard;
		};
		D322F60E27EF4698007EED5D /* CodeScanner */ = {
			isa = XCSwiftPackageProductDependency;
			package = D322F60D27EF4698007EED5D /* XCRemoteSwiftPackageReference "CodeScanner" */;
			productName = CodeScanner;
		};
		D323C1EB282F7F9B009AFF97 /* AlertToast */ = {
			isa = XCSwiftPackageProductDependency;
			package = D323C1EA282F7F9A009AFF97 /* XCRemoteSwiftPackageReference "AlertToast" */;
			productName = AlertToast;
		};
		D323C1F4282FE03C009AFF97 /* EFQRCode */ = {
			isa = XCSwiftPackageProductDependency;
			package = D323C1F3282FE03C009AFF97 /* XCRemoteSwiftPackageReference "EFQRCode" */;
			productName = EFQRCode;
		};
		D39AC55728314137002EF23B /* OneSignal */ = {
			isa = XCSwiftPackageProductDependency;
			package = D3A00F2827D838920097A6AB /* XCRemoteSwiftPackageReference "OneSignal-XCFramework" */;
			productName = OneSignal;
		};
		D3A00F2927D838920097A6AB /* OneSignal */ = {
			isa = XCSwiftPackageProductDependency;
			package = D3A00F2827D838920097A6AB /* XCRemoteSwiftPackageReference "OneSignal-XCFramework" */;
			productName = OneSignal;
		};
		D3E0123027D35D970040621F /* KeychainAccess */ = {
			isa = XCSwiftPackageProductDependency;
			package = D3E0122F27D35D970040621F /* XCRemoteSwiftPackageReference "KeychainAccess" */;
			productName = KeychainAccess;
		};
		D3EA819727F68FFF00FE7985 /* BetterSafariView */ = {
			isa = XCSwiftPackageProductDependency;
			package = D3EA819627F68FFE00FE7985 /* XCRemoteSwiftPackageReference "BetterSafariView" */;
			productName = BetterSafariView;
		};
/* End XCSwiftPackageProductDependency section */
	};
	rootObject = D3E4E6B327CD158400FFACEB /* Project object */;
}
