PODS:
  - AFNetworking (3.1.0):
    - AFNetworking/NSURLSession (= 3.1.0)
    - AFNetworking/Reachability (= 3.1.0)
    - AFNetworking/Security (= 3.1.0)
    - AFNetworking/Serialization (= 3.1.0)
    - AFNetworking/UIKit (= 3.1.0)
  - AFNetworking/NSURLSession (3.1.0):
    - AFNetworking/Reachability
    - AFNetworking/Security
    - AFNetworking/Serialization
  - AFNetworking/Reachability (3.1.0)
  - AFNetworking/Security (3.1.0)
  - AFNetworking/Serialization (3.1.0)
  - AFNetworking/UIKit (3.1.0):
    - AFNetworking/NSURLSession
  - BLKFlexibleHeightBar (1.0.2)
  - Collection (1.9.9)
  - ColorArt (0.1.1)
  - CPDAcknowledgements (1.0.0)
  - DACircularProgress (2.3.1)
  - EFQRCode (1.2.7)
  - Firebase/Core (4.3.0):
    - FirebaseAnalytics (= 4.0.4)
    - FirebaseCore (= 4.0.8)
  - Firebase/DynamicLinks (4.3.0):
    - Firebase/Core
    - FirebaseDynamicLinks (= 2.1.0)
  - FirebaseAnalytics (4.0.4):
    - FirebaseCore (~> 4.0)
    - FirebaseInstanceID (~> 2.0)
    - "GoogleToolboxForMac/NSData+zlib (~> 2.1)"
    - nanopb (~> 0.3)
  - FirebaseCore (4.0.8):
    - "GoogleToolboxForMac/NSData+zlib (~> 2.1)"
    - nanopb (~> 0.3)
  - FirebaseDynamicLinks (2.1.0):
    - FirebaseAnalytics (~> 4.0)
  - FirebaseInstanceID (2.0.4)
  - FSPagerView (0.7.1)
  - GoogleToolboxForMac/Defines (2.1.3)
  - "GoogleToolboxForMac/NSData+zlib (2.1.3)":
    - GoogleToolboxForMac/Defines (= 2.1.3)
  - iCarousel (1.8.2)
  - ICViewPager (1.5.1)
  - iRate (1.11.5)
  - iVersion (1.11.5)
  - MBProgressHUD (0.9.2)
  - MMMarkdown (0.5.5)
  - MWPhotoBrowser (2.1.2):
    - DACircularProgress (~> 2.3)
    - MBProgressHUD (~> 0.9)
    - "SDWebImage (!= 3.7.2, ~> 3.7)"
  - nanopb (0.3.8):
    - nanopb/decode (= 0.3.8)
    - nanopb/encode (= 0.3.8)
  - nanopb/decode (0.3.8)
  - nanopb/encode (0.3.8)
  - NJKWebViewProgress (0.2.3):
    - NJKWebViewProgress/Core (= 0.2.3)
    - NJKWebViewProgress/ProgressView (= 0.2.3)
  - NJKWebViewProgress/Core (0.2.3)
  - NJKWebViewProgress/ProgressView (0.2.3)
  - OneSignal (1.13.3)
  - SDWebImage (3.8.2):
    - SDWebImage/Core (= 3.8.2)
  - SDWebImage/Core (3.8.2)
  - Shimmer (1.0.2)
  - STPopup (1.7.0)
  - UICKeyChainStore (2.1.0)
  - "UITableView+FDTemplateLayoutCell (1.6)"
  - "UIView+FDCollapsibleConstraints (1.1)"

DEPENDENCIES:
  - AFNetworking (~> 3.1)
  - BLKFlexibleHeightBar (~> 1.0)
  - Collection
  - ColorArt (= 0.1.1)
  - CPDAcknowledgements (~> 1.0)
  - EFQRCode (~> 1.2.7)
  - Firebase/Core
  - Firebase/DynamicLinks
  - FSPagerView
  - iCarousel (~> 1.8)
  - ICViewPager (from `https://github.com/FrankWu100/ICViewPager`)
  - iRate (~> 1.11)
  - iVersion (~> 1.11)
  - MBProgressHUD (~> 0.9.2)
  - MMMarkdown (~> 0.5)
  - MWPhotoBrowser (~> 2.1.2)
  - NJKWebViewProgress (~> 0.2)
  - OneSignal (~> 1.13)
  - SDWebImage (~> 3.8)
  - Shimmer (~> 1.0)
  - STPopup (~> 1.7)
  - UICKeyChainStore (~> 2.1)
  - "UITableView+FDTemplateLayoutCell (from `https://github.com/Haraguroicha/UITableView-FDTemplateLayoutCell`, tag `1.6.1`)"
  - "UIView+FDCollapsibleConstraints (~> 1.1)"

SPEC REPOS:
  https://github.com/cocoapods/specs.git:
    - AFNetworking
    - BLKFlexibleHeightBar
    - Collection
    - ColorArt
    - CPDAcknowledgements
    - DACircularProgress
    - EFQRCode
    - Firebase
    - FirebaseAnalytics
    - FirebaseCore
    - FirebaseDynamicLinks
    - FirebaseInstanceID
    - FSPagerView
    - GoogleToolboxForMac
    - iCarousel
    - iRate
    - iVersion
    - MBProgressHUD
    - MMMarkdown
    - MWPhotoBrowser
    - nanopb
    - NJKWebViewProgress
    - OneSignal
    - SDWebImage
    - Shimmer
    - STPopup
    - UICKeyChainStore
    - "UIView+FDCollapsibleConstraints"

EXTERNAL SOURCES:
  ICViewPager:
    :git: https://github.com/FrankWu100/ICViewPager
  "UITableView+FDTemplateLayoutCell":
    :git: https://github.com/Haraguroicha/UITableView-FDTemplateLayoutCell
    :tag: 1.6.1

CHECKOUT OPTIONS:
  ICViewPager:
    :commit: bdafff5f2090df73ae911a4ccfdec42062716405
    :git: https://github.com/FrankWu100/ICViewPager
  "UITableView+FDTemplateLayoutCell":
    :git: https://github.com/Haraguroicha/UITableView-FDTemplateLayoutCell
    :tag: 1.6.1

SPEC CHECKSUMS:
  AFNetworking: 5e0e199f73d8626b11e79750991f5d173d1f8b67
  BLKFlexibleHeightBar: b27572a69633d8e33f1f2bbc486b04d8e86f742d
  Collection: 2eebd54e821976e4c3ac38758febcee7ea9a46fb
  ColorArt: de0ffb63da4acdde8e234ded62e200236ca3e7e4
  CPDAcknowledgements: 6e15e71849ba4ad5e8a17a0bb9d20938ad23bac8
  DACircularProgress: 4dd437c0fc3da5161cb289e07ac449493d41db71
  EFQRCode: f283d7ce75a7780756a5e2a9c39077292d6e7596
  Firebase: 83283761a1ef6dc9846e03d08059f51421afbd65
  FirebaseAnalytics: 722b53c7b32bfc7806b06e0093a2f5180d4f2c5a
  FirebaseCore: 69b1a5ac5f857ba6d5fd9d5fe794f4786dd5e579
  FirebaseDynamicLinks: ed4cb6c42705aaa5e841ed2d76e3a4bddbec10c1
  FirebaseInstanceID: 70c2b877e9338971b2429ea5a4293df6961aa44e
  FSPagerView: 958aba39684e1573755ddcfcc29f7eebb8413cee
  GoogleToolboxForMac: 2501e2ad72a52eb3dfe7bd9aee7dad11b858bd20
  iCarousel: 67c8a43da5a46795b56aadfc96cd36a16f6149b2
  ICViewPager: c1278b67eceac7252d48252829c3c703285dfb76
  iRate: 1546f8ae5ed1565e688bd529f7484780734757e9
  iVersion: 3a93a89259eb3b52b0a8ba52c46a0027fa6b4d30
  MBProgressHUD: 1569cf7ace17a8bac47aabfbb8580a49690386d1
  MMMarkdown: 1af97166ce0f6d6e0cb05695665492195d27c3f1
  MWPhotoBrowser: 5836d7aa041dc05a13de380c246826578adc5ea5
  nanopb: 5601e6bca2dbf1ed831b519092ec110f66982ca3
  NJKWebViewProgress: f481fd424cb5ecc27eacae11b5397db92fba9a4d
  OneSignal: 434facae3389cb0d4d3fc57b9a6cf66db685205e
  SDWebImage: 098e97e6176540799c27e804c96653ee0833d13c
  Shimmer: c5374be1c2b0c9e292fb05b339a513cf291cac86
  STPopup: 36b45120f51ab3cdf7a10c1b9032b7fc8eef75ac
  UICKeyChainStore: f1cbd42216a113f0165de1e733e62905b8823432
  "UITableView+FDTemplateLayoutCell": 5c949b4a5059c404b442926c0e80f81d10a2d66f
  "UIView+FDCollapsibleConstraints": 9357eaf03b4e088263ab74a3b86a382a64ce38dd

PODFILE CHECKSUM: 9076ade15394162b3e528b231b6d40533f7fd694

COCOAPODS: 1.5.3
