PODS:
  - OneSignal (1.13.3)
  - UICKeyChainStore (2.1.0)

DEPENDENCIES:
  - OneSignal
  - UICKeyChainStore

SPEC CHECKSUMS:
  OneSignal: 434facae3389cb0d4d3fc57b9a6cf66db685205e
  UICKeyChainStore: f1cbd42216a113f0165de1e733e62905b8823432

PODFILE CHECKSUM: 9fe265141aa0282463fc3910a0f0a15350d1acae

COCOAPODS: 1.0.1
